{
  "originHash" : "75edf2bbb0414f5987d745cb2348cea91be915083a74a36d2e6ecec134d9460e",
  "pins" : [
    {
      "identity" : "gcdwebserver",
      "kind" : "remoteSourceControl",
      "location" : "https://github.com/nbhasin2/GCDWebServer.git",
      "state" : {
        "revision" : "14f9eedb296c5b71fec971d8256ef3bfc20a2245",
        "version" : "3.5.5"
      }
    }
  ],
  "version" : 3
}
