// !$*UTF8*$!
{
	archiveVersion = 1;
	classes = {
	};
	objectVersion = 56;
	objects = {

/* Begin PBXBuildFile section */
		9F075A792BA501580017BFAF /* RefrenceLibrary.swift in Sources */ = {isa = PBXBuildFile; fileRef = 9F075A782BA501580017BFAF /* RefrenceLibrary.swift */; };
		9F0C00642BE9A22000984BF4 /* LastEngaged.swift in Sources */ = {isa = PBXBuildFile; fileRef = 9F0C00632BE9A22000984BF4 /* LastEngaged.swift */; };
		9F0C00682BE9CC7000984BF4 /* ReadingNowView.swift in Sources */ = {isa = PBXBuildFile; fileRef = 9F0C00672BE9CC7000984BF4 /* ReadingNowView.swift */; };
		9F0EA4592B89773900B7B009 /* ReadApp.swift in Sources */ = {isa = PBXBuildFile; fileRef = 9F0EA4582B89773900B7B009 /* ReadApp.swift */; };
		9F115F3F2BC4E0F0006C74F3 /* UserPreferences.swift in Sources */ = {isa = PBXBuildFile; fileRef = 9F115F3E2BC4E0F0006C74F3 /* UserPreferences.swift */; };
		9F137C192BED691B000C4603 /* WantToRead.swift in Sources */ = {isa = PBXBuildFile; fileRef = 9F137C182BED691B000C4603 /* WantToRead.swift */; };
		9F1C69F02BC622F1002D6AF4 /* Toaster.swift in Sources */ = {isa = PBXBuildFile; fileRef = 9F1C69EF2BC622F1002D6AF4 /* Toaster.swift */; };
		9F1C69F32BC634A4002D6AF4 /* DownloadManager in Frameworks */ = {isa = PBXBuildFile; productRef = 9F1C69F22BC634A4002D6AF4 /* DownloadManager */; };
		9F2CF0B92BCB708800E36801 /* Navigator.swift in Sources */ = {isa = PBXBuildFile; fileRef = 9F2CF0B82BCB708800E36801 /* Navigator.swift */; };
		9F35B6D82C1B76D000259C1E /* ContextMenuModifier.swift in Sources */ = {isa = PBXBuildFile; fileRef = 9F35B6D72C1B76D000259C1E /* ContextMenuModifier.swift */; };
		9F3DDA172BE036450052F8A4 /* Log.swift in Sources */ = {isa = PBXBuildFile; fileRef = 9F3DDA162BE036450052F8A4 /* Log.swift */; };
		9F3E18BE2BA43353009DDE05 /* SRXButton.swift in Sources */ = {isa = PBXBuildFile; fileRef = 9F3E18BD2BA43353009DDE05 /* SRXButton.swift */; };
		9F44F4442BC3B5C500E63461 /* BookManager.swift in Sources */ = {isa = PBXBuildFile; fileRef = 9F44F4432BC3B5C500E63461 /* BookManager.swift */; };
		9F4602B42BA65A9000E15D0C /* UIImage+Quality.swift in Sources */ = {isa = PBXBuildFile; fileRef = 9F4602B32BA65A9000E15D0C /* UIImage+Quality.swift */; };
		9F4772D72C095EBD001A183E /* EBookReader.swift in Sources */ = {isa = PBXBuildFile; fileRef = 9F4772D62C095EBD001A183E /* EBookReader.swift */; };
		9F4772DB2C09B86F001A183E /* PDFReader.swift in Sources */ = {isa = PBXBuildFile; fileRef = 9F4772DA2C09B86F001A183E /* PDFReader.swift */; };
		9F5954AF2B6DCCF8009FC2F1 /* ContentView.swift in Sources */ = {isa = PBXBuildFile; fileRef = 9F5954AE2B6DCCF8009FC2F1 /* ContentView.swift */; };
		9F5954B22B6DD11C009FC2F1 /* LibrarySortFilter.swift in Sources */ = {isa = PBXBuildFile; fileRef = 9F5954B12B6DD11C009FC2F1 /* LibrarySortFilter.swift */; };
		9F5954B92B6E6050009FC2F1 /* BookDetailView.swift in Sources */ = {isa = PBXBuildFile; fileRef = 9F5954B82B6E6050009FC2F1 /* BookDetailView.swift */; };
		9F5AADF22B82CB6D00712230 /* BookGrid.swift in Sources */ = {isa = PBXBuildFile; fileRef = 9F5AADF12B82CB6D00712230 /* BookGrid.swift */; };
		9F5AADF42B82CB9D00712230 /* BookList.swift in Sources */ = {isa = PBXBuildFile; fileRef = 9F5AADF32B82CB9D00712230 /* BookList.swift */; };
		9F5CD3A52BF74AD90023EE85 /* ReaderSettingsButton.swift in Sources */ = {isa = PBXBuildFile; fileRef = 9F5CD3A42BF74AD90023EE85 /* ReaderSettingsButton.swift */; };
		9F5F05002BF34CF500F9B026 /* SDBook.swift in Sources */ = {isa = PBXBuildFile; fileRef = 9F5F04FF2BF34CF500F9B026 /* SDBook.swift */; };
		9F608E842B65D05D00D2B5F4 /* Assets.xcassets in Resources */ = {isa = PBXBuildFile; fileRef = 9F608E832B65D05D00D2B5F4 /* Assets.xcassets */; };
		9F608E872B65D05D00D2B5F4 /* Preview Assets.xcassets in Resources */ = {isa = PBXBuildFile; fileRef = 9F608E862B65D05D00D2B5F4 /* Preview Assets.xcassets */; };
		9F608E8F2B65DDD100D2B5F4 /* Extensions.swift in Sources */ = {isa = PBXBuildFile; fileRef = 9F608E8E2B65DDD100D2B5F4 /* Extensions.swift */; };
		9F608E922B65E29000D2B5F4 /* UploadFileView.swift in Sources */ = {isa = PBXBuildFile; fileRef = 9F608E912B65E29000D2B5F4 /* UploadFileView.swift */; };
		9F612CF82BD891E8006D573C /* WrappingStackLayout.swift in Sources */ = {isa = PBXBuildFile; fileRef = 9F612CF72BD891E8006D573C /* WrappingStackLayout.swift */; };
		9F612CFD2BD8960B006D573C /* TagField.swift in Sources */ = {isa = PBXBuildFile; fileRef = 9F612CFC2BD8960B006D573C /* TagField.swift */; };
		9F6B4EBB2BC5C36C00334C21 /* PlaceholderCover.swift in Sources */ = {isa = PBXBuildFile; fileRef = 9F6B4EBA2BC5C36C00334C21 /* PlaceholderCover.swift */; };
		9F6B4EBF2BC5D96C00334C21 /* TagScrollView.swift in Sources */ = {isa = PBXBuildFile; fileRef = 9F6B4EBE2BC5D96C00334C21 /* TagScrollView.swift */; };
		9F86C52B2B89B24300DB61A6 /* BookCover.swift in Sources */ = {isa = PBXBuildFile; fileRef = 9F86C52A2B89B24300DB61A6 /* BookCover.swift */; };
		9F86C52D2B89B3F300DB61A6 /* SearchBar.swift in Sources */ = {isa = PBXBuildFile; fileRef = 9F86C52C2B89B3F300DB61A6 /* SearchBar.swift */; };
		9F8F9CC22BB4FF880081C57F /* ZIPFoundation in Frameworks */ = {isa = PBXBuildFile; productRef = 9F8F9CC12BB4FF880081C57F /* ZIPFoundation */; };
		9F8F9CE62BB52C2A0081C57F /* View+If.swift in Sources */ = {isa = PBXBuildFile; fileRef = 9F8F9CE52BB52C2A0081C57F /* View+If.swift */; };
		9F9205DA2BA275D7000AED7D /* Color+Codable.swift in Sources */ = {isa = PBXBuildFile; fileRef = 9F9205D92BA275D7000AED7D /* Color+Codable.swift */; };
		9FB62D832B8D841F00A10EF5 /* SettingsView.swift in Sources */ = {isa = PBXBuildFile; fileRef = 9FB62D822B8D841F00A10EF5 /* SettingsView.swift */; };
		9FB84A602B9D6681005D7915 /* Nuke in Frameworks */ = {isa = PBXBuildFile; productRef = 9FB84A5F2B9D6681005D7915 /* Nuke */; };
		9FB84A622B9D6681005D7915 /* NukeExtensions in Frameworks */ = {isa = PBXBuildFile; productRef = 9FB84A612B9D6681005D7915 /* NukeExtensions */; };
		9FB84A642B9D6681005D7915 /* NukeUI in Frameworks */ = {isa = PBXBuildFile; productRef = 9FB84A632B9D6681005D7915 /* NukeUI */; };
		9FB84A662B9D6681005D7915 /* NukeVideo in Frameworks */ = {isa = PBXBuildFile; productRef = 9FB84A652B9D6681005D7915 /* NukeVideo */; };
		9FBBE6E42BCDCA69004B1A85 /* ThemeApplier.swift in Sources */ = {isa = PBXBuildFile; fileRef = 9FBBE6E32BCDCA69004B1A85 /* ThemeApplier.swift */; };
		9FBC726C2B9EA17D0054A7B0 /* SRFromInput.swift in Sources */ = {isa = PBXBuildFile; fileRef = 9FBC726B2B9EA17D0054A7B0 /* SRFromInput.swift */; };
		9FBC726E2B9EA1920054A7B0 /* AdaptiveStack.swift in Sources */ = {isa = PBXBuildFile; fileRef = 9FBC726D2B9EA1920054A7B0 /* AdaptiveStack.swift */; };
		9FBC72702B9EA5B70054A7B0 /* MainButtonStyle.swift in Sources */ = {isa = PBXBuildFile; fileRef = 9FBC726F2B9EA5B70054A7B0 /* MainButtonStyle.swift */; };
		9FBC72752B9EA6C60054A7B0 /* AppTheme.swift in Sources */ = {isa = PBXBuildFile; fileRef = 9FBC72742B9EA6C60054A7B0 /* AppTheme.swift */; };
		9FC1FBB82BC5E90900CA9288 /* MoreText.swift in Sources */ = {isa = PBXBuildFile; fileRef = 9FC1FBB72BC5E90900CA9288 /* MoreText.swift */; };
		9FCC6EB12C1E860E0043AB06 /* CollectionsView.swift in Sources */ = {isa = PBXBuildFile; fileRef = 9FCC6EB02C1E860E0043AB06 /* CollectionsView.swift */; };
		9FCC6EB32C1EA82A0043AB06 /* CollectionDetailsView.swift in Sources */ = {isa = PBXBuildFile; fileRef = 9FCC6EB22C1EA82A0043AB06 /* CollectionDetailsView.swift */; };
		9FCC6EB52C1F79EB0043AB06 /* SDTag.swift in Sources */ = {isa = PBXBuildFile; fileRef = 9FCC6EB42C1F79EB0043AB06 /* SDTag.swift */; };
		9FCC6EB72C1F79FD0043AB06 /* SDCollection.swift in Sources */ = {isa = PBXBuildFile; fileRef = 9FCC6EB62C1F79FD0043AB06 /* SDCollection.swift */; };
		9FCC6EB92C1F7A130043AB06 /* SDHighlight.swift in Sources */ = {isa = PBXBuildFile; fileRef = 9FCC6EB82C1F7A130043AB06 /* SDHighlight.swift */; };
		9FCC6EBB2C1F7A310043AB06 /* SDPosition.swift in Sources */ = {isa = PBXBuildFile; fileRef = 9FCC6EBA2C1F7A310043AB06 /* SDPosition.swift */; };
		9FCC6EBD2C1FACD10043AB06 /* AddToCollectionView.swift in Sources */ = {isa = PBXBuildFile; fileRef = 9FCC6EBC2C1FACD10043AB06 /* AddToCollectionView.swift */; };
		9FCC6EBF2C1FB0FB0043AB06 /* MenuButton.swift in Sources */ = {isa = PBXBuildFile; fileRef = 9FCC6EBE2C1FB0FB0043AB06 /* MenuButton.swift */; };
		9FCC6EC12C212BAB0043AB06 /* SearchView.swift in Sources */ = {isa = PBXBuildFile; fileRef = 9FCC6EC02C212BAB0043AB06 /* SearchView.swift */; };
		9FCC6ECA2C224D1A0043AB06 /* list.PNG in Resources */ = {isa = PBXBuildFile; fileRef = 9FCC6EC72C224D1A0043AB06 /* list.PNG */; };
		9FCC6ECB2C224D1A0043AB06 /* bookDetails.PNG in Resources */ = {isa = PBXBuildFile; fileRef = 9FCC6EC52C224D1A0043AB06 /* bookDetails.PNG */; };
		9FCC6ECC2C224D1A0043AB06 /* grid.PNG in Resources */ = {isa = PBXBuildFile; fileRef = 9FCC6EC62C224D1A0043AB06 /* grid.PNG */; };
		9FCC6ECD2C224D1A0043AB06 /* readingNow.PNG in Resources */ = {isa = PBXBuildFile; fileRef = 9FCC6EC92C224D1A0043AB06 /* readingNow.PNG */; };
		9FCC6ECE2C224D1A0043AB06 /* reader.PNG in Resources */ = {isa = PBXBuildFile; fileRef = 9FCC6EC82C224D1A0043AB06 /* reader.PNG */; };
		9FCFBE222B9D84F500BD9E3D /* EditDetailsView.swift in Sources */ = {isa = PBXBuildFile; fileRef = 9FCFBE212B9D84F500BD9E3D /* EditDetailsView.swift */; };
		9FD16EC12BA3DFF500A18F3B /* LibraryView.swift in Sources */ = {isa = PBXBuildFile; fileRef = 9FD16EC02BA3DFF500A18F3B /* LibraryView.swift */; };
		9FD808862B981E020007D8F6 /* ReaderSettings.swift in Sources */ = {isa = PBXBuildFile; fileRef = 9FD808852B981E020007D8F6 /* ReaderSettings.swift */; };
		9FD8088A2B982CE40007D8F6 /* ReaderContent.swift in Sources */ = {isa = PBXBuildFile; fileRef = 9FD808892B982CE40007D8F6 /* ReaderContent.swift */; };
		9FDC05F42C1CCDB40005F64B /* SReader in Frameworks */ = {isa = PBXBuildFile; productRef = 9FDC05F32C1CCDB40005F64B /* SReader */; };
		9FF989B82BCA430000B6CF97 /* Reader.swift in Sources */ = {isa = PBXBuildFile; fileRef = 9FF989B72BCA430000B6CF97 /* Reader.swift */; };
		9FFADFE72C1E446600018284 /* Env.swift in Sources */ = {isa = PBXBuildFile; fileRef = 9FFADFE62C1E446600018284 /* Env.swift */; };
		9FFFBC9D2BD1E9AA0019E6DD /* Filemanger+Ext.swift in Sources */ = {isa = PBXBuildFile; fileRef = 9FFFBC9C2BD1E9AA0019E6DD /* Filemanger+Ext.swift */; };
		9FFFBC9F2BD1F7A20019E6DD /* ThemeColorPicker.swift in Sources */ = {isa = PBXBuildFile; fileRef = 9FFFBC9E2BD1F7A20019E6DD /* ThemeColorPicker.swift */; };
		9FFFBCA22BD1FD0E0019E6DD /* FileList.swift in Sources */ = {isa = PBXBuildFile; fileRef = 9FFFBCA12BD1FD0E0019E6DD /* FileList.swift */; };
/* End PBXBuildFile section */

/* Begin PBXCopyFilesBuildPhase section */
		9F3561BC2C1CC222003146FB /* Embed Frameworks */ = {
			isa = PBXCopyFilesBuildPhase;
			buildActionMask = 2147483647;
			dstPath = "";
			dstSubfolderSpec = 10;
			files = (
			);
			name = "Embed Frameworks";
			runOnlyForDeploymentPostprocessing = 0;
		};
/* End PBXCopyFilesBuildPhase section */

/* Begin PBXFileReference section */
		9F075A782BA501580017BFAF /* RefrenceLibrary.swift */ = {isa = PBXFileReference; lastKnownFileType = sourcecode.swift; path = RefrenceLibrary.swift; sourceTree = "<group>"; };
		9F0C00632BE9A22000984BF4 /* LastEngaged.swift */ = {isa = PBXFileReference; lastKnownFileType = sourcecode.swift; path = LastEngaged.swift; sourceTree = "<group>"; };
		9F0C00672BE9CC7000984BF4 /* ReadingNowView.swift */ = {isa = PBXFileReference; lastKnownFileType = sourcecode.swift; path = ReadingNowView.swift; sourceTree = "<group>"; };
		9F0EA4582B89773900B7B009 /* ReadApp.swift */ = {isa = PBXFileReference; lastKnownFileType = sourcecode.swift; path = ReadApp.swift; sourceTree = "<group>"; };
		9F115F3E2BC4E0F0006C74F3 /* UserPreferences.swift */ = {isa = PBXFileReference; lastKnownFileType = sourcecode.swift; path = UserPreferences.swift; sourceTree = "<group>"; };
		9F137C182BED691B000C4603 /* WantToRead.swift */ = {isa = PBXFileReference; lastKnownFileType = sourcecode.swift; path = WantToRead.swift; sourceTree = "<group>"; };
		9F1C69EF2BC622F1002D6AF4 /* Toaster.swift */ = {isa = PBXFileReference; lastKnownFileType = sourcecode.swift; path = Toaster.swift; sourceTree = "<group>"; };
		9F1C69F12BC6324A002D6AF4 /* DownloadManager */ = {isa = PBXFileReference; lastKnownFileType = wrapper; path = DownloadManager; sourceTree = "<group>"; };
		9F2CF0B82BCB708800E36801 /* Navigator.swift */ = {isa = PBXFileReference; lastKnownFileType = sourcecode.swift; path = Navigator.swift; sourceTree = "<group>"; };
		9F3561C62C1CCD36003146FB /* SReader */ = {isa = PBXFileReference; lastKnownFileType = wrapper; path = SReader; sourceTree = "<group>"; };
		9F35B6D72C1B76D000259C1E /* ContextMenuModifier.swift */ = {isa = PBXFileReference; lastKnownFileType = sourcecode.swift; path = ContextMenuModifier.swift; sourceTree = "<group>"; };
		9F3DDA162BE036450052F8A4 /* Log.swift */ = {isa = PBXFileReference; lastKnownFileType = sourcecode.swift; path = Log.swift; sourceTree = "<group>"; };
		9F3E18BD2BA43353009DDE05 /* SRXButton.swift */ = {isa = PBXFileReference; lastKnownFileType = sourcecode.swift; path = SRXButton.swift; sourceTree = "<group>"; };
		9F44F4432BC3B5C500E63461 /* BookManager.swift */ = {isa = PBXFileReference; lastKnownFileType = sourcecode.swift; path = BookManager.swift; sourceTree = "<group>"; };
		9F4602B32BA65A9000E15D0C /* UIImage+Quality.swift */ = {isa = PBXFileReference; lastKnownFileType = sourcecode.swift; path = "UIImage+Quality.swift"; sourceTree = "<group>"; };
		9F4772D62C095EBD001A183E /* EBookReader.swift */ = {isa = PBXFileReference; lastKnownFileType = sourcecode.swift; path = EBookReader.swift; sourceTree = "<group>"; };
		9F4772DA2C09B86F001A183E /* PDFReader.swift */ = {isa = PBXFileReference; lastKnownFileType = sourcecode.swift; path = PDFReader.swift; sourceTree = "<group>"; };
		9F5954AE2B6DCCF8009FC2F1 /* ContentView.swift */ = {isa = PBXFileReference; lastKnownFileType = sourcecode.swift; path = ContentView.swift; sourceTree = "<group>"; };
		9F5954B12B6DD11C009FC2F1 /* LibrarySortFilter.swift */ = {isa = PBXFileReference; lastKnownFileType = sourcecode.swift; path = LibrarySortFilter.swift; sourceTree = "<group>"; };
		9F5954B82B6E6050009FC2F1 /* BookDetailView.swift */ = {isa = PBXFileReference; fileEncoding = 4; lastKnownFileType = sourcecode.swift; path = BookDetailView.swift; sourceTree = "<group>"; };
		9F5AADF12B82CB6D00712230 /* BookGrid.swift */ = {isa = PBXFileReference; lastKnownFileType = sourcecode.swift; path = BookGrid.swift; sourceTree = "<group>"; };
		9F5AADF32B82CB9D00712230 /* BookList.swift */ = {isa = PBXFileReference; lastKnownFileType = sourcecode.swift; path = BookList.swift; sourceTree = "<group>"; };
		9F5CD3A42BF74AD90023EE85 /* ReaderSettingsButton.swift */ = {isa = PBXFileReference; lastKnownFileType = sourcecode.swift; path = ReaderSettingsButton.swift; sourceTree = "<group>"; };
		9F5F04FF2BF34CF500F9B026 /* SDBook.swift */ = {isa = PBXFileReference; lastKnownFileType = sourcecode.swift; path = SDBook.swift; sourceTree = "<group>"; };
		9F608E7C2B65D05B00D2B5F4 /* Read.app */ = {isa = PBXFileReference; explicitFileType = wrapper.application; includeInIndex = 0; path = Read.app; sourceTree = BUILT_PRODUCTS_DIR; };
		9F608E832B65D05D00D2B5F4 /* Assets.xcassets */ = {isa = PBXFileReference; lastKnownFileType = folder.assetcatalog; path = Assets.xcassets; sourceTree = "<group>"; };
		9F608E862B65D05D00D2B5F4 /* Preview Assets.xcassets */ = {isa = PBXFileReference; lastKnownFileType = folder.assetcatalog; path = "Preview Assets.xcassets"; sourceTree = "<group>"; };
		9F608E8E2B65DDD100D2B5F4 /* Extensions.swift */ = {isa = PBXFileReference; lastKnownFileType = sourcecode.swift; path = Extensions.swift; sourceTree = "<group>"; };
		9F608E912B65E29000D2B5F4 /* UploadFileView.swift */ = {isa = PBXFileReference; lastKnownFileType = sourcecode.swift; path = UploadFileView.swift; sourceTree = "<group>"; };
		9F608E9B2B664D7600D2B5F4 /* Info.plist */ = {isa = PBXFileReference; lastKnownFileType = text.plist; path = Info.plist; sourceTree = "<group>"; };
		9F612CF72BD891E8006D573C /* WrappingStackLayout.swift */ = {isa = PBXFileReference; lastKnownFileType = sourcecode.swift; path = WrappingStackLayout.swift; sourceTree = "<group>"; };
		9F612CFC2BD8960B006D573C /* TagField.swift */ = {isa = PBXFileReference; lastKnownFileType = sourcecode.swift; path = TagField.swift; sourceTree = "<group>"; };
		9F6B4EBA2BC5C36C00334C21 /* PlaceholderCover.swift */ = {isa = PBXFileReference; lastKnownFileType = sourcecode.swift; path = PlaceholderCover.swift; sourceTree = "<group>"; };
		9F6B4EBE2BC5D96C00334C21 /* TagScrollView.swift */ = {isa = PBXFileReference; lastKnownFileType = sourcecode.swift; path = TagScrollView.swift; sourceTree = "<group>"; };
		9F86C52A2B89B24300DB61A6 /* BookCover.swift */ = {isa = PBXFileReference; lastKnownFileType = sourcecode.swift; path = BookCover.swift; sourceTree = "<group>"; };
		9F86C52C2B89B3F300DB61A6 /* SearchBar.swift */ = {isa = PBXFileReference; lastKnownFileType = sourcecode.swift; path = SearchBar.swift; sourceTree = "<group>"; };
		9F8F9CE52BB52C2A0081C57F /* View+If.swift */ = {isa = PBXFileReference; lastKnownFileType = sourcecode.swift; path = "View+If.swift"; sourceTree = "<group>"; };
		9F9205D92BA275D7000AED7D /* Color+Codable.swift */ = {isa = PBXFileReference; lastKnownFileType = sourcecode.swift; path = "Color+Codable.swift"; sourceTree = "<group>"; };
		9FB62D822B8D841F00A10EF5 /* SettingsView.swift */ = {isa = PBXFileReference; lastKnownFileType = sourcecode.swift; path = SettingsView.swift; sourceTree = "<group>"; };
		9FBBE6E32BCDCA69004B1A85 /* ThemeApplier.swift */ = {isa = PBXFileReference; lastKnownFileType = sourcecode.swift; path = ThemeApplier.swift; sourceTree = "<group>"; };
		9FBC726B2B9EA17D0054A7B0 /* SRFromInput.swift */ = {isa = PBXFileReference; lastKnownFileType = sourcecode.swift; path = SRFromInput.swift; sourceTree = "<group>"; };
		9FBC726D2B9EA1920054A7B0 /* AdaptiveStack.swift */ = {isa = PBXFileReference; lastKnownFileType = sourcecode.swift; path = AdaptiveStack.swift; sourceTree = "<group>"; };
		9FBC726F2B9EA5B70054A7B0 /* MainButtonStyle.swift */ = {isa = PBXFileReference; lastKnownFileType = sourcecode.swift; path = MainButtonStyle.swift; sourceTree = "<group>"; };
		9FBC72742B9EA6C60054A7B0 /* AppTheme.swift */ = {isa = PBXFileReference; lastKnownFileType = sourcecode.swift; path = AppTheme.swift; sourceTree = "<group>"; };
		9FC1FBB72BC5E90900CA9288 /* MoreText.swift */ = {isa = PBXFileReference; lastKnownFileType = sourcecode.swift; path = MoreText.swift; sourceTree = "<group>"; };
		9FCC6EB02C1E860E0043AB06 /* CollectionsView.swift */ = {isa = PBXFileReference; lastKnownFileType = sourcecode.swift; path = CollectionsView.swift; sourceTree = "<group>"; };
		9FCC6EB22C1EA82A0043AB06 /* CollectionDetailsView.swift */ = {isa = PBXFileReference; lastKnownFileType = sourcecode.swift; path = CollectionDetailsView.swift; sourceTree = "<group>"; };
		9FCC6EB42C1F79EB0043AB06 /* SDTag.swift */ = {isa = PBXFileReference; lastKnownFileType = sourcecode.swift; path = SDTag.swift; sourceTree = "<group>"; };
		9FCC6EB62C1F79FD0043AB06 /* SDCollection.swift */ = {isa = PBXFileReference; lastKnownFileType = sourcecode.swift; path = SDCollection.swift; sourceTree = "<group>"; };
		9FCC6EB82C1F7A130043AB06 /* SDHighlight.swift */ = {isa = PBXFileReference; lastKnownFileType = sourcecode.swift; path = SDHighlight.swift; sourceTree = "<group>"; };
		9FCC6EBA2C1F7A310043AB06 /* SDPosition.swift */ = {isa = PBXFileReference; lastKnownFileType = sourcecode.swift; path = SDPosition.swift; sourceTree = "<group>"; };
		9FCC6EBC2C1FACD10043AB06 /* AddToCollectionView.swift */ = {isa = PBXFileReference; lastKnownFileType = sourcecode.swift; path = AddToCollectionView.swift; sourceTree = "<group>"; };
		9FCC6EBE2C1FB0FB0043AB06 /* MenuButton.swift */ = {isa = PBXFileReference; lastKnownFileType = sourcecode.swift; path = MenuButton.swift; sourceTree = "<group>"; };
		9FCC6EC02C212BAB0043AB06 /* SearchView.swift */ = {isa = PBXFileReference; lastKnownFileType = sourcecode.swift; path = SearchView.swift; sourceTree = "<group>"; };
		9FCC6EC52C224D1A0043AB06 /* bookDetails.PNG */ = {isa = PBXFileReference; lastKnownFileType = image.png; path = bookDetails.PNG; sourceTree = "<group>"; };
		9FCC6EC62C224D1A0043AB06 /* grid.PNG */ = {isa = PBXFileReference; lastKnownFileType = image.png; path = grid.PNG; sourceTree = "<group>"; };
		9FCC6EC72C224D1A0043AB06 /* list.PNG */ = {isa = PBXFileReference; lastKnownFileType = image.png; path = list.PNG; sourceTree = "<group>"; };
		9FCC6EC82C224D1A0043AB06 /* reader.PNG */ = {isa = PBXFileReference; lastKnownFileType = image.png; path = reader.PNG; sourceTree = "<group>"; };
		9FCC6EC92C224D1A0043AB06 /* readingNow.PNG */ = {isa = PBXFileReference; lastKnownFileType = image.png; path = readingNow.PNG; sourceTree = "<group>"; };
		9FCFBE212B9D84F500BD9E3D /* EditDetailsView.swift */ = {isa = PBXFileReference; lastKnownFileType = sourcecode.swift; path = EditDetailsView.swift; sourceTree = "<group>"; };
		9FD16EC02BA3DFF500A18F3B /* LibraryView.swift */ = {isa = PBXFileReference; lastKnownFileType = sourcecode.swift; path = LibraryView.swift; sourceTree = "<group>"; };
		9FD808852B981E020007D8F6 /* ReaderSettings.swift */ = {isa = PBXFileReference; lastKnownFileType = sourcecode.swift; path = ReaderSettings.swift; sourceTree = "<group>"; };
		9FD808892B982CE40007D8F6 /* ReaderContent.swift */ = {isa = PBXFileReference; lastKnownFileType = sourcecode.swift; path = ReaderContent.swift; sourceTree = "<group>"; };
		9FE38F012B7DCDC9005A446A /* README.md */ = {isa = PBXFileReference; lastKnownFileType = net.daringfireball.markdown; path = README.md; sourceTree = "<group>"; };
		9FF989B72BCA430000B6CF97 /* Reader.swift */ = {isa = PBXFileReference; lastKnownFileType = sourcecode.swift; path = Reader.swift; sourceTree = "<group>"; };
		9FFADFE62C1E446600018284 /* Env.swift */ = {isa = PBXFileReference; lastKnownFileType = sourcecode.swift; path = Env.swift; sourceTree = "<group>"; };
		9FFFBC9C2BD1E9AA0019E6DD /* Filemanger+Ext.swift */ = {isa = PBXFileReference; lastKnownFileType = sourcecode.swift; path = "Filemanger+Ext.swift"; sourceTree = "<group>"; };
		9FFFBC9E2BD1F7A20019E6DD /* ThemeColorPicker.swift */ = {isa = PBXFileReference; lastKnownFileType = sourcecode.swift; path = ThemeColorPicker.swift; sourceTree = "<group>"; };
		9FFFBCA12BD1FD0E0019E6DD /* FileList.swift */ = {isa = PBXFileReference; lastKnownFileType = sourcecode.swift; path = FileList.swift; sourceTree = "<group>"; };
/* End PBXFileReference section */

/* Begin PBXFrameworksBuildPhase section */
		9F608E792B65D05B00D2B5F4 /* Frameworks */ = {
			isa = PBXFrameworksBuildPhase;
			buildActionMask = 2147483647;
			files = (
				9F8F9CC22BB4FF880081C57F /* ZIPFoundation in Frameworks */,
				9F1C69F32BC634A4002D6AF4 /* DownloadManager in Frameworks */,
				9FDC05F42C1CCDB40005F64B /* SReader in Frameworks */,
				9FB84A622B9D6681005D7915 /* NukeExtensions in Frameworks */,
				9FB84A602B9D6681005D7915 /* Nuke in Frameworks */,
				9FB84A662B9D6681005D7915 /* NukeVideo in Frameworks */,
				9FB84A642B9D6681005D7915 /* NukeUI in Frameworks */,
			);
			runOnlyForDeploymentPostprocessing = 0;
		};
/* End PBXFrameworksBuildPhase section */

/* Begin PBXGroup section */
		9F023BC02BB69CB70061BE7A /* Frameworks */ = {
			isa = PBXGroup;
			children = (
			);
			name = Frameworks;
			sourceTree = "<group>";
		};
		9F0C00692BE9D11A00984BF4 /* ReadingNow */ = {
			isa = PBXGroup;
			children = (
				9F0C00672BE9CC7000984BF4 /* ReadingNowView.swift */,
				9F0C00632BE9A22000984BF4 /* LastEngaged.swift */,
				9F137C182BED691B000C4603 /* WantToRead.swift */,
			);
			path = ReadingNow;
			sourceTree = "<group>";
		};
		9F0C006A2BE9FCAB00984BF4 /* Library */ = {
			isa = PBXGroup;
			children = (
				9F5954B12B6DD11C009FC2F1 /* LibrarySortFilter.swift */,
				9F5AADF12B82CB6D00712230 /* BookGrid.swift */,
				9F5AADF32B82CB9D00712230 /* BookList.swift */,
				9FD16EC02BA3DFF500A18F3B /* LibraryView.swift */,
				9F35B6D72C1B76D000259C1E /* ContextMenuModifier.swift */,
				9FCC6EBE2C1FB0FB0043AB06 /* MenuButton.swift */,
			);
			path = Library;
			sourceTree = "<group>";
		};
		9F14FBF12B8AA3DD001CA119 /* Service */ = {
			isa = PBXGroup;
			children = (
				9FBC72742B9EA6C60054A7B0 /* AppTheme.swift */,
				9F44F4432BC3B5C500E63461 /* BookManager.swift */,
				9F2CF0B82BCB708800E36801 /* Navigator.swift */,
				9F1C69EF2BC622F1002D6AF4 /* Toaster.swift */,
				9F115F3E2BC4E0F0006C74F3 /* UserPreferences.swift */,
				9FBBE6E32BCDCA69004B1A85 /* ThemeApplier.swift */,
				9F3DDA162BE036450052F8A4 /* Log.swift */,
				9FFADFE62C1E446600018284 /* Env.swift */,
			);
			path = Service;
			sourceTree = "<group>";
		};
		9F1C69E82BC60364002D6AF4 /* Covers */ = {
			isa = PBXGroup;
			children = (
				9F86C52A2B89B24300DB61A6 /* BookCover.swift */,
				9F6B4EBA2BC5C36C00334C21 /* PlaceholderCover.swift */,
			);
			path = Covers;
			sourceTree = "<group>";
		};
		9F1C69E92BC60371002D6AF4 /* Buttons */ = {
			isa = PBXGroup;
			children = (
				9FBC726F2B9EA5B70054A7B0 /* MainButtonStyle.swift */,
				9F3E18BD2BA43353009DDE05 /* SRXButton.swift */,
				9FFFBC9E2BD1F7A20019E6DD /* ThemeColorPicker.swift */,
			);
			path = Buttons;
			sourceTree = "<group>";
		};
		9F1C69EA2BC6037D002D6AF4 /* Inputs */ = {
			isa = PBXGroup;
			children = (
				9F86C52C2B89B3F300DB61A6 /* SearchBar.swift */,
				9FBC726B2B9EA17D0054A7B0 /* SRFromInput.swift */,
			);
			path = Inputs;
			sourceTree = "<group>";
		};
		9F1C69EB2BC6048B002D6AF4 /* Screens */ = {
			isa = PBXGroup;
			children = (
				9FCC6EC22C2221170043AB06 /* Main */,
				9F0C006A2BE9FCAB00984BF4 /* Library */,
				9F0C00692BE9D11A00984BF4 /* ReadingNow */,
				9F8F9CE22BB515060081C57F /* Settings */,
				9F5954B82B6E6050009FC2F1 /* BookDetailView.swift */,
				9F608E912B65E29000D2B5F4 /* UploadFileView.swift */,
				9FCFBE212B9D84F500BD9E3D /* EditDetailsView.swift */,
				9FCC6EB02C1E860E0043AB06 /* CollectionsView.swift */,
				9FCC6EB22C1EA82A0043AB06 /* CollectionDetailsView.swift */,
				9FCC6EBC2C1FACD10043AB06 /* AddToCollectionView.swift */,
				9FCC6EC02C212BAB0043AB06 /* SearchView.swift */,
			);
			path = Screens;
			sourceTree = "<group>";
		};
		9F5954B02B6DD101009FC2F1 /* Common */ = {
			isa = PBXGroup;
			children = (
				9F1C69EA2BC6037D002D6AF4 /* Inputs */,
				9F1C69E92BC60371002D6AF4 /* Buttons */,
				9F1C69E82BC60364002D6AF4 /* Covers */,
				9FBC726D2B9EA1920054A7B0 /* AdaptiveStack.swift */,
				9F075A782BA501580017BFAF /* RefrenceLibrary.swift */,
				9F6B4EBE2BC5D96C00334C21 /* TagScrollView.swift */,
				9FC1FBB72BC5E90900CA9288 /* MoreText.swift */,
			);
			path = Common;
			sourceTree = "<group>";
		};
		9F608E732B65D05B00D2B5F4 = {
			isa = PBXGroup;
			children = (
				9FE38F012B7DCDC9005A446A /* README.md */,
				9FE324212B85CE36003E61F6 /* Screenshots */,
				9F608E7E2B65D05B00D2B5F4 /* Read */,
				9F608E7D2B65D05B00D2B5F4 /* Products */,
				9F023BC02BB69CB70061BE7A /* Frameworks */,
				9F1C69F12BC6324A002D6AF4 /* DownloadManager */,
				9F3561C62C1CCD36003146FB /* SReader */,
			);
			sourceTree = "<group>";
		};
		9F608E7D2B65D05B00D2B5F4 /* Products */ = {
			isa = PBXGroup;
			children = (
				9F608E7C2B65D05B00D2B5F4 /* Read.app */,
			);
			name = Products;
			sourceTree = "<group>";
		};
		9F608E7E2B65D05B00D2B5F4 /* Read */ = {
			isa = PBXGroup;
			children = (
				9F608E852B65D05D00D2B5F4 /* Preview Content */,
				9F608E832B65D05D00D2B5F4 /* Assets.xcassets */,
				9F608E9B2B664D7600D2B5F4 /* Info.plist */,
				9F0EA4582B89773900B7B009 /* ReadApp.swift */,
				9F608E902B65E27B00D2B5F4 /* Views */,
				9F608E982B65F3F700D2B5F4 /* Models */,
				9F14FBF12B8AA3DD001CA119 /* Service */,
				9F608E8D2B65DDC300D2B5F4 /* Utils */,
			);
			path = Read;
			sourceTree = "<group>";
		};
		9F608E852B65D05D00D2B5F4 /* Preview Content */ = {
			isa = PBXGroup;
			children = (
				9F608E862B65D05D00D2B5F4 /* Preview Assets.xcassets */,
			);
			path = "Preview Content";
			sourceTree = "<group>";
		};
		9F608E8D2B65DDC300D2B5F4 /* Utils */ = {
			isa = PBXGroup;
			children = (
				9F608E8E2B65DDD100D2B5F4 /* Extensions.swift */,
				9F8F9CE52BB52C2A0081C57F /* View+If.swift */,
				9F4602B32BA65A9000E15D0C /* UIImage+Quality.swift */,
				9F9205D92BA275D7000AED7D /* Color+Codable.swift */,
				9FFFBC9C2BD1E9AA0019E6DD /* Filemanger+Ext.swift */,
			);
			path = Utils;
			sourceTree = "<group>";
		};
		9F608E902B65E27B00D2B5F4 /* Views */ = {
			isa = PBXGroup;
			children = (
				9FFFBCA02BD1FD000019E6DD /* Components */,
				9F1C69EB2BC6048B002D6AF4 /* Screens */,
				9F5954B02B6DD101009FC2F1 /* Common */,
				9FCFBE202B9D84D800BD9E3D /* Reader */,
			);
			path = Views;
			sourceTree = "<group>";
		};
		9F608E982B65F3F700D2B5F4 /* Models */ = {
			isa = PBXGroup;
			children = (
				9F5F04FF2BF34CF500F9B026 /* SDBook.swift */,
				9FCC6EB42C1F79EB0043AB06 /* SDTag.swift */,
				9FCC6EB62C1F79FD0043AB06 /* SDCollection.swift */,
				9FCC6EB82C1F7A130043AB06 /* SDHighlight.swift */,
				9FCC6EBA2C1F7A310043AB06 /* SDPosition.swift */,
			);
			path = Models;
			sourceTree = "<group>";
		};
		9F8F9CE22BB515060081C57F /* Settings */ = {
			isa = PBXGroup;
			children = (
				9FB62D822B8D841F00A10EF5 /* SettingsView.swift */,
			);
			path = Settings;
			sourceTree = "<group>";
		};
		9FCC6EC22C2221170043AB06 /* Main */ = {
			isa = PBXGroup;
			children = (
				9F5954AE2B6DCCF8009FC2F1 /* ContentView.swift */,
			);
			path = Main;
			sourceTree = "<group>";
		};
		9FCFBE202B9D84D800BD9E3D /* Reader */ = {
			isa = PBXGroup;
			children = (
				9F4772D62C095EBD001A183E /* EBookReader.swift */,
				9FD808852B981E020007D8F6 /* ReaderSettings.swift */,
				9FD808892B982CE40007D8F6 /* ReaderContent.swift */,
				9FF989B72BCA430000B6CF97 /* Reader.swift */,
				9F5CD3A42BF74AD90023EE85 /* ReaderSettingsButton.swift */,
				9F4772DA2C09B86F001A183E /* PDFReader.swift */,
			);
			path = Reader;
			sourceTree = "<group>";
		};
		9FE324212B85CE36003E61F6 /* Screenshots */ = {
			isa = PBXGroup;
			children = (
				9FCC6EC52C224D1A0043AB06 /* bookDetails.PNG */,
				9FCC6EC62C224D1A0043AB06 /* grid.PNG */,
				9FCC6EC72C224D1A0043AB06 /* list.PNG */,
				9FCC6EC82C224D1A0043AB06 /* reader.PNG */,
				9FCC6EC92C224D1A0043AB06 /* readingNow.PNG */,
			);
			path = Screenshots;
			sourceTree = "<group>";
		};
		9FFFBCA02BD1FD000019E6DD /* Components */ = {
			isa = PBXGroup;
			children = (
				9F612CFC2BD8960B006D573C /* TagField.swift */,
				9F612CF72BD891E8006D573C /* WrappingStackLayout.swift */,
				9FFFBCA12BD1FD0E0019E6DD /* FileList.swift */,
			);
			path = Components;
			sourceTree = "<group>";
		};
/* End PBXGroup section */

/* Begin PBXNativeTarget section */
		9F608E7B2B65D05B00D2B5F4 /* Read */ = {
			isa = PBXNativeTarget;
			buildConfigurationList = 9F608E8A2B65D05D00D2B5F4 /* Build configuration list for PBXNativeTarget "Read" */;
			buildPhases = (
				9F608E782B65D05B00D2B5F4 /* Sources */,
				9F608E792B65D05B00D2B5F4 /* Frameworks */,
				9F608E7A2B65D05B00D2B5F4 /* Resources */,
				9F3561BC2C1CC222003146FB /* Embed Frameworks */,
			);
			buildRules = (
			);
			dependencies = (
			);
			name = Read;
			packageProductDependencies = (
				9FB84A5F2B9D6681005D7915 /* Nuke */,
				9FB84A612B9D6681005D7915 /* NukeExtensions */,
				9FB84A632B9D6681005D7915 /* NukeUI */,
				9FB84A652B9D6681005D7915 /* NukeVideo */,
				9F8F9CC12BB4FF880081C57F /* ZIPFoundation */,
				9F1C69F22BC634A4002D6AF4 /* DownloadManager */,
				9FDC05F32C1CCDB40005F64B /* SReader */,
			);
			productName = Read;
			productReference = 9F608E7C2B65D05B00D2B5F4 /* Read.app */;
			productType = "com.apple.product-type.application";
		};
/* End PBXNativeTarget section */

/* Begin PBXProject section */
		9F608E742B65D05B00D2B5F4 /* Project object */ = {
			isa = PBXProject;
			attributes = {
				BuildIndependentTargetsInParallel = 1;
				LastSwiftUpdateCheck = 1600;
				LastUpgradeCheck = 1510;
				TargetAttributes = {
					9F608E7B2B65D05B00D2B5F4 = {
						CreatedOnToolsVersion = 15.1;
					};
				};
			};
			buildConfigurationList = 9F608E772B65D05B00D2B5F4 /* Build configuration list for PBXProject "Read" */;
			compatibilityVersion = "Xcode 14.0";
			developmentRegion = en;
			hasScannedForEncodings = 0;
			knownRegions = (
				en,
				Base,
				de,
				ur,
				he,
				ar,
				el,
				"zh-Hans",
				ja,
				uk,
				"nb-NO",
				es,
				eo,
				it,
				bg,
				sv,
				cs,
				ko,
				"zh-Hant",
				hu,
				ka,
				tr,
				pl,
				"pt-BR",
				vi,
				ru,
				af,
				fr,
				id,
				pt,
				ro,
				hr,
				hi,
			);
			mainGroup = 9F608E732B65D05B00D2B5F4;
			packageReferences = (
				9FB84A5E2B9D6681005D7915 /* XCRemoteSwiftPackageReference "Nuke" */,
				9F8F9CC02BB4FF880081C57F /* XCRemoteSwiftPackageReference "ZIPFoundation" */,
			);
			productRefGroup = 9F608E7D2B65D05B00D2B5F4 /* Products */;
			projectDirPath = "";
			projectRoot = "";
			targets = (
				9F608E7B2B65D05B00D2B5F4 /* Read */,
			);
		};
/* End PBXProject section */

/* Begin PBXResourcesBuildPhase section */
		9F608E7A2B65D05B00D2B5F4 /* Resources */ = {
			isa = PBXResourcesBuildPhase;
			buildActionMask = 2147483647;
			files = (
				9FCC6ECA2C224D1A0043AB06 /* list.PNG in Resources */,
				9FCC6ECB2C224D1A0043AB06 /* bookDetails.PNG in Resources */,
				9FCC6ECC2C224D1A0043AB06 /* grid.PNG in Resources */,
				9FCC6ECD2C224D1A0043AB06 /* readingNow.PNG in Resources */,
				9FCC6ECE2C224D1A0043AB06 /* reader.PNG in Resources */,
				9F608E872B65D05D00D2B5F4 /* Preview Assets.xcassets in Resources */,
				9F608E842B65D05D00D2B5F4 /* Assets.xcassets in Resources */,
			);
			runOnlyForDeploymentPostprocessing = 0;
		};
/* End PBXResourcesBuildPhase section */

/* Begin PBXSourcesBuildPhase section */
		9F608E782B65D05B00D2B5F4 /* Sources */ = {
			isa = PBXSourcesBuildPhase;
			buildActionMask = 2147483647;
			files = (
				9F612CF82BD891E8006D573C /* WrappingStackLayout.swift in Sources */,
				9F612CFD2BD8960B006D573C /* TagField.swift in Sources */,
				9F9205DA2BA275D7000AED7D /* Color+Codable.swift in Sources */,
				9F3E18BE2BA43353009DDE05 /* SRXButton.swift in Sources */,
				9FB62D832B8D841F00A10EF5 /* SettingsView.swift in Sources */,
				9FC1FBB82BC5E90900CA9288 /* MoreText.swift in Sources */,
				9F6B4EBB2BC5C36C00334C21 /* PlaceholderCover.swift in Sources */,
				9FCC6EB32C1EA82A0043AB06 /* CollectionDetailsView.swift in Sources */,
				9F0C00682BE9CC7000984BF4 /* ReadingNowView.swift in Sources */,
				9F35B6D82C1B76D000259C1E /* ContextMenuModifier.swift in Sources */,
				9F5954AF2B6DCCF8009FC2F1 /* ContentView.swift in Sources */,
				9FCC6EB92C1F7A130043AB06 /* SDHighlight.swift in Sources */,
				9F8F9CE62BB52C2A0081C57F /* View+If.swift in Sources */,
				9FBC72702B9EA5B70054A7B0 /* MainButtonStyle.swift in Sources */,
				9FBC726C2B9EA17D0054A7B0 /* SRFromInput.swift in Sources */,
				9F44F4442BC3B5C500E63461 /* BookManager.swift in Sources */,
				9F4772DB2C09B86F001A183E /* PDFReader.swift in Sources */,
				9F075A792BA501580017BFAF /* RefrenceLibrary.swift in Sources */,
				9FFFBCA22BD1FD0E0019E6DD /* FileList.swift in Sources */,
				9F5954B22B6DD11C009FC2F1 /* LibrarySortFilter.swift in Sources */,
				9FCFBE222B9D84F500BD9E3D /* EditDetailsView.swift in Sources */,
				9F5F05002BF34CF500F9B026 /* SDBook.swift in Sources */,
				9F608E8F2B65DDD100D2B5F4 /* Extensions.swift in Sources */,
				9FD8088A2B982CE40007D8F6 /* ReaderContent.swift in Sources */,
				9F5CD3A52BF74AD90023EE85 /* ReaderSettingsButton.swift in Sources */,
				9FCC6EB12C1E860E0043AB06 /* CollectionsView.swift in Sources */,
				9FCC6EB72C1F79FD0043AB06 /* SDCollection.swift in Sources */,
				9F1C69F02BC622F1002D6AF4 /* Toaster.swift in Sources */,
				9FCC6EB52C1F79EB0043AB06 /* SDTag.swift in Sources */,
				9FFFBC9F2BD1F7A20019E6DD /* ThemeColorPicker.swift in Sources */,
				9FCC6EBF2C1FB0FB0043AB06 /* MenuButton.swift in Sources */,
				9F3DDA172BE036450052F8A4 /* Log.swift in Sources */,
				9FCC6EC12C212BAB0043AB06 /* SearchView.swift in Sources */,
				9FD808862B981E020007D8F6 /* ReaderSettings.swift in Sources */,
				9F4602B42BA65A9000E15D0C /* UIImage+Quality.swift in Sources */,
				9F137C192BED691B000C4603 /* WantToRead.swift in Sources */,
				9F2CF0B92BCB708800E36801 /* Navigator.swift in Sources */,
				9FF989B82BCA430000B6CF97 /* Reader.swift in Sources */,
				9F5AADF22B82CB6D00712230 /* BookGrid.swift in Sources */,
				9F0C00642BE9A22000984BF4 /* LastEngaged.swift in Sources */,
				9FFFBC9D2BD1E9AA0019E6DD /* Filemanger+Ext.swift in Sources */,
				9FFADFE72C1E446600018284 /* Env.swift in Sources */,
				9F115F3F2BC4E0F0006C74F3 /* UserPreferences.swift in Sources */,
				9FBC72752B9EA6C60054A7B0 /* AppTheme.swift in Sources */,
				9FBBE6E42BCDCA69004B1A85 /* ThemeApplier.swift in Sources */,
				9F5954B92B6E6050009FC2F1 /* BookDetailView.swift in Sources */,
				9F6B4EBF2BC5D96C00334C21 /* TagScrollView.swift in Sources */,
				9F86C52B2B89B24300DB61A6 /* BookCover.swift in Sources */,
				9F0EA4592B89773900B7B009 /* ReadApp.swift in Sources */,
				9F86C52D2B89B3F300DB61A6 /* SearchBar.swift in Sources */,
				9F608E922B65E29000D2B5F4 /* UploadFileView.swift in Sources */,
				9F5AADF42B82CB9D00712230 /* BookList.swift in Sources */,
				9FBC726E2B9EA1920054A7B0 /* AdaptiveStack.swift in Sources */,
				9FD16EC12BA3DFF500A18F3B /* LibraryView.swift in Sources */,
				9F4772D72C095EBD001A183E /* EBookReader.swift in Sources */,
				9FCC6EBB2C1F7A310043AB06 /* SDPosition.swift in Sources */,
				9FCC6EBD2C1FACD10043AB06 /* AddToCollectionView.swift in Sources */,
			);
			runOnlyForDeploymentPostprocessing = 0;
		};
/* End PBXSourcesBuildPhase section */

/* Begin XCBuildConfiguration section */
		9F608E882B65D05D00D2B5F4 /* Debug */ = {
			isa = XCBuildConfiguration;
			buildSettings = {
				ALWAYS_SEARCH_USER_PATHS = NO;
				ASSETCATALOG_COMPILER_GENERATE_SWIFT_ASSET_SYMBOL_EXTENSIONS = YES;
				CLANG_ANALYZER_NONNULL = YES;
				CLANG_ANALYZER_NUMBER_OBJECT_CONVERSION = YES_AGGRESSIVE;
				CLANG_CXX_LANGUAGE_STANDARD = "gnu++20";
				CLANG_ENABLE_MODULES = YES;
				CLANG_ENABLE_OBJC_ARC = YES;
				CLANG_ENABLE_OBJC_WEAK = YES;
				CLANG_WARN_BLOCK_CAPTURE_AUTORELEASING = YES;
				CLANG_WARN_BOOL_CONVERSION = YES;
				CLANG_WARN_COMMA = YES;
				CLANG_WARN_CONSTANT_CONVERSION = YES;
				CLANG_WARN_DEPRECATED_OBJC_IMPLEMENTATIONS = YES;
				CLANG_WARN_DIRECT_OBJC_ISA_USAGE = YES_ERROR;
				CLANG_WARN_DOCUMENTATION_COMMENTS = YES;
				CLANG_WARN_EMPTY_BODY = YES;
				CLANG_WARN_ENUM_CONVERSION = YES;
				CLANG_WARN_INFINITE_RECURSION = YES;
				CLANG_WARN_INT_CONVERSION = YES;
				CLANG_WARN_NON_LITERAL_NULL_CONVERSION = YES;
				CLANG_WARN_OBJC_IMPLICIT_RETAIN_SELF = YES;
				CLANG_WARN_OBJC_LITERAL_CONVERSION = YES;
				CLANG_WARN_OBJC_ROOT_CLASS = YES_ERROR;
				CLANG_WARN_QUOTED_INCLUDE_IN_FRAMEWORK_HEADER = YES;
				CLANG_WARN_RANGE_LOOP_ANALYSIS = YES;
				CLANG_WARN_STRICT_PROTOTYPES = YES;
				CLANG_WARN_SUSPICIOUS_MOVE = YES;
				CLANG_WARN_UNGUARDED_AVAILABILITY = YES_AGGRESSIVE;
				CLANG_WARN_UNREACHABLE_CODE = YES;
				CLANG_WARN__DUPLICATE_METHOD_MATCH = YES;
				COPY_PHASE_STRIP = NO;
				DEBUG_INFORMATION_FORMAT = dwarf;
				ENABLE_STRICT_OBJC_MSGSEND = YES;
				ENABLE_TESTABILITY = YES;
				ENABLE_USER_SCRIPT_SANDBOXING = YES;
				GCC_C_LANGUAGE_STANDARD = gnu17;
				GCC_DYNAMIC_NO_PIC = NO;
				GCC_NO_COMMON_BLOCKS = YES;
				GCC_OPTIMIZATION_LEVEL = 0;
				GCC_PREPROCESSOR_DEFINITIONS = (
					"DEBUG=1",
					"$(inherited)",
				);
				GCC_WARN_64_TO_32_BIT_CONVERSION = YES;
				GCC_WARN_ABOUT_RETURN_TYPE = YES_ERROR;
				GCC_WARN_UNDECLARED_SELECTOR = YES;
				GCC_WARN_UNINITIALIZED_AUTOS = YES_AGGRESSIVE;
				GCC_WARN_UNUSED_FUNCTION = YES;
				GCC_WARN_UNUSED_VARIABLE = YES;
				IPHONEOS_DEPLOYMENT_TARGET = 17.0;
				LOCALIZATION_PREFERS_STRING_CATALOGS = YES;
				MTL_ENABLE_DEBUG_INFO = INCLUDE_SOURCE;
				MTL_FAST_MATH = YES;
				ONLY_ACTIVE_ARCH = YES;
				SDKROOT = iphoneos;
				SWIFT_ACTIVE_COMPILATION_CONDITIONS = "DEBUG $(inherited)";
				SWIFT_OPTIMIZATION_LEVEL = "-Onone";
				SWIFT_STRICT_CONCURRENCY = complete;
			};
			name = Debug;
		};
		9F608E892B65D05D00D2B5F4 /* Release */ = {
			isa = XCBuildConfiguration;
			buildSettings = {
				ALWAYS_SEARCH_USER_PATHS = NO;
				ASSETCATALOG_COMPILER_GENERATE_SWIFT_ASSET_SYMBOL_EXTENSIONS = YES;
				CLANG_ANALYZER_NONNULL = YES;
				CLANG_ANALYZER_NUMBER_OBJECT_CONVERSION = YES_AGGRESSIVE;
				CLANG_CXX_LANGUAGE_STANDARD = "gnu++20";
				CLANG_ENABLE_MODULES = YES;
				CLANG_ENABLE_OBJC_ARC = YES;
				CLANG_ENABLE_OBJC_WEAK = YES;
				CLANG_WARN_BLOCK_CAPTURE_AUTORELEASING = YES;
				CLANG_WARN_BOOL_CONVERSION = YES;
				CLANG_WARN_COMMA = YES;
				CLANG_WARN_CONSTANT_CONVERSION = YES;
				CLANG_WARN_DEPRECATED_OBJC_IMPLEMENTATIONS = YES;
				CLANG_WARN_DIRECT_OBJC_ISA_USAGE = YES_ERROR;
				CLANG_WARN_DOCUMENTATION_COMMENTS = YES;
				CLANG_WARN_EMPTY_BODY = YES;
				CLANG_WARN_ENUM_CONVERSION = YES;
				CLANG_WARN_INFINITE_RECURSION = YES;
				CLANG_WARN_INT_CONVERSION = YES;
				CLANG_WARN_NON_LITERAL_NULL_CONVERSION = YES;
				CLANG_WARN_OBJC_IMPLICIT_RETAIN_SELF = YES;
				CLANG_WARN_OBJC_LITERAL_CONVERSION = YES;
				CLANG_WARN_OBJC_ROOT_CLASS = YES_ERROR;
				CLANG_WARN_QUOTED_INCLUDE_IN_FRAMEWORK_HEADER = YES;
				CLANG_WARN_RANGE_LOOP_ANALYSIS = YES;
				CLANG_WARN_STRICT_PROTOTYPES = YES;
				CLANG_WARN_SUSPICIOUS_MOVE = YES;
				CLANG_WARN_UNGUARDED_AVAILABILITY = YES_AGGRESSIVE;
				CLANG_WARN_UNREACHABLE_CODE = YES;
				CLANG_WARN__DUPLICATE_METHOD_MATCH = YES;
				COPY_PHASE_STRIP = NO;
				DEBUG_INFORMATION_FORMAT = "dwarf-with-dsym";
				ENABLE_NS_ASSERTIONS = NO;
				ENABLE_STRICT_OBJC_MSGSEND = YES;
				ENABLE_USER_SCRIPT_SANDBOXING = YES;
				GCC_C_LANGUAGE_STANDARD = gnu17;
				GCC_NO_COMMON_BLOCKS = YES;
				GCC_WARN_64_TO_32_BIT_CONVERSION = YES;
				GCC_WARN_ABOUT_RETURN_TYPE = YES_ERROR;
				GCC_WARN_UNDECLARED_SELECTOR = YES;
				GCC_WARN_UNINITIALIZED_AUTOS = YES_AGGRESSIVE;
				GCC_WARN_UNUSED_FUNCTION = YES;
				GCC_WARN_UNUSED_VARIABLE = YES;
				IPHONEOS_DEPLOYMENT_TARGET = 17.0;
				LOCALIZATION_PREFERS_STRING_CATALOGS = YES;
				MTL_ENABLE_DEBUG_INFO = NO;
				MTL_FAST_MATH = YES;
				SDKROOT = iphoneos;
				SWIFT_COMPILATION_MODE = wholemodule;
				SWIFT_STRICT_CONCURRENCY = complete;
				VALIDATE_PRODUCT = YES;
			};
			name = Release;
		};
		9F608E8B2B65D05D00D2B5F4 /* Debug */ = {
			isa = XCBuildConfiguration;
			buildSettings = {
				ASSETCATALOG_COMPILER_APPICON_NAME = AppIcon;
				ASSETCATALOG_COMPILER_GLOBAL_ACCENT_COLOR_NAME = AccentColor;
				CODE_SIGN_STYLE = Automatic;
				CURRENT_PROJECT_VERSION = 1;
				DEVELOPMENT_ASSET_PATHS = "\"Read/Preview Content\"";
				DEVELOPMENT_TEAM = KAQ4BZHY96;
				ENABLE_PREVIEWS = YES;
				EXCLUDED_SOURCE_FILE_NAMES = "/Screenshots/*";
				GENERATE_INFOPLIST_FILE = YES;
				INFOPLIST_FILE = Read/Info.plist;
				INFOPLIST_KEY_NSDocumentsFolderUsageDescription = "Used to store ebook files";
				INFOPLIST_KEY_UIApplicationSceneManifest_Generation = YES;
				INFOPLIST_KEY_UIApplicationSupportsIndirectInputEvents = YES;
				INFOPLIST_KEY_UILaunchScreen_Generation = YES;
				INFOPLIST_KEY_UISupportedInterfaceOrientations_iPad = "UIInterfaceOrientationPortrait UIInterfaceOrientationPortraitUpsideDown UIInterfaceOrientationLandscapeLeft UIInterfaceOrientationLandscapeRight";
				INFOPLIST_KEY_UISupportedInterfaceOrientations_iPhone = "UIInterfaceOrientationPortrait UIInterfaceOrientationLandscapeLeft UIInterfaceOrientationLandscapeRight";
				INFOPLIST_KEY_UISupportsDocumentBrowser = YES;
				IPHONEOS_DEPLOYMENT_TARGET = 17.0;
				LD_RUNPATH_SEARCH_PATHS = (
					"$(inherited)",
					"@executable_path/Frameworks",
				);
				MARKETING_VERSION = 1.0;
				PRODUCT_BUNDLE_IDENTIFIER = com.olvera.SReader;
				PRODUCT_NAME = "$(TARGET_NAME)";
				SWIFT_EMIT_LOC_STRINGS = YES;
				SWIFT_STRICT_CONCURRENCY = complete;
				SWIFT_VERSION = 6.0;
				TARGETED_DEVICE_FAMILY = "1,2";
			};
			name = Debug;
		};
		9F608E8C2B65D05D00D2B5F4 /* Release */ = {
			isa = XCBuildConfiguration;
			buildSettings = {
				ASSETCATALOG_COMPILER_APPICON_NAME = AppIcon;
				ASSETCATALOG_COMPILER_GLOBAL_ACCENT_COLOR_NAME = AccentColor;
				CODE_SIGN_STYLE = Automatic;
				CURRENT_PROJECT_VERSION = 1;
				DEVELOPMENT_ASSET_PATHS = "\"Read/Preview Content\"";
				DEVELOPMENT_TEAM = KAQ4BZHY96;
				ENABLE_PREVIEWS = YES;
				EXCLUDED_SOURCE_FILE_NAMES = "/Screenshots/*";
				GENERATE_INFOPLIST_FILE = YES;
				INFOPLIST_FILE = Read/Info.plist;
				INFOPLIST_KEY_NSDocumentsFolderUsageDescription = "Used to store ebook files";
				INFOPLIST_KEY_UIApplicationSceneManifest_Generation = YES;
				INFOPLIST_KEY_UIApplicationSupportsIndirectInputEvents = YES;
				INFOPLIST_KEY_UILaunchScreen_Generation = YES;
				INFOPLIST_KEY_UISupportedInterfaceOrientations_iPad = "UIInterfaceOrientationPortrait UIInterfaceOrientationPortraitUpsideDown UIInterfaceOrientationLandscapeLeft UIInterfaceOrientationLandscapeRight";
				INFOPLIST_KEY_UISupportedInterfaceOrientations_iPhone = "UIInterfaceOrientationPortrait UIInterfaceOrientationLandscapeLeft UIInterfaceOrientationLandscapeRight";
				INFOPLIST_KEY_UISupportsDocumentBrowser = YES;
				IPHONEOS_DEPLOYMENT_TARGET = 17.0;
				LD_RUNPATH_SEARCH_PATHS = (
					"$(inherited)",
					"@executable_path/Frameworks",
				);
				MARKETING_VERSION = 1.0;
				PRODUCT_BUNDLE_IDENTIFIER = com.olvera.SReader;
				PRODUCT_NAME = "$(TARGET_NAME)";
				SWIFT_EMIT_LOC_STRINGS = YES;
				SWIFT_STRICT_CONCURRENCY = complete;
				SWIFT_VERSION = 6.0;
				TARGETED_DEVICE_FAMILY = "1,2";
			};
			name = Release;
		};
/* End XCBuildConfiguration section */

/* Begin XCConfigurationList section */
		9F608E772B65D05B00D2B5F4 /* Build configuration list for PBXProject "Read" */ = {
			isa = XCConfigurationList;
			buildConfigurations = (
				9F608E882B65D05D00D2B5F4 /* Debug */,
				9F608E892B65D05D00D2B5F4 /* Release */,
			);
			defaultConfigurationIsVisible = 0;
			defaultConfigurationName = Release;
		};
		9F608E8A2B65D05D00D2B5F4 /* Build configuration list for PBXNativeTarget "Read" */ = {
			isa = XCConfigurationList;
			buildConfigurations = (
				9F608E8B2B65D05D00D2B5F4 /* Debug */,
				9F608E8C2B65D05D00D2B5F4 /* Release */,
			);
			defaultConfigurationIsVisible = 0;
			defaultConfigurationName = Release;
		};
/* End XCConfigurationList section */

/* Begin XCRemoteSwiftPackageReference section */
		9F8F9CC02BB4FF880081C57F /* XCRemoteSwiftPackageReference "ZIPFoundation" */ = {
			isa = XCRemoteSwiftPackageReference;
			repositoryURL = "https://github.com/weichsel/ZIPFoundation.git";
			requirement = {
				kind = upToNextMajorVersion;
				minimumVersion = 0.9.18;
			};
		};
		9FB84A5E2B9D6681005D7915 /* XCRemoteSwiftPackageReference "Nuke" */ = {
			isa = XCRemoteSwiftPackageReference;
			repositoryURL = "https://github.com/kean/Nuke";
			requirement = {
				kind = upToNextMajorVersion;
				minimumVersion = 12.4.0;
			};
		};
/* End XCRemoteSwiftPackageReference section */

/* Begin XCSwiftPackageProductDependency section */
		9F1C69F22BC634A4002D6AF4 /* DownloadManager */ = {
			isa = XCSwiftPackageProductDependency;
			productName = DownloadManager;
		};
		9F8F9CC12BB4FF880081C57F /* ZIPFoundation */ = {
			isa = XCSwiftPackageProductDependency;
			package = 9F8F9CC02BB4FF880081C57F /* XCRemoteSwiftPackageReference "ZIPFoundation" */;
			productName = ZIPFoundation;
		};
		9FB84A5F2B9D6681005D7915 /* Nuke */ = {
			isa = XCSwiftPackageProductDependency;
			package = 9FB84A5E2B9D6681005D7915 /* XCRemoteSwiftPackageReference "Nuke" */;
			productName = Nuke;
		};
		9FB84A612B9D6681005D7915 /* NukeExtensions */ = {
			isa = XCSwiftPackageProductDependency;
			package = 9FB84A5E2B9D6681005D7915 /* XCRemoteSwiftPackageReference "Nuke" */;
			productName = NukeExtensions;
		};
		9FB84A632B9D6681005D7915 /* NukeUI */ = {
			isa = XCSwiftPackageProductDependency;
			package = 9FB84A5E2B9D6681005D7915 /* XCRemoteSwiftPackageReference "Nuke" */;
			productName = NukeUI;
		};
		9FB84A652B9D6681005D7915 /* NukeVideo */ = {
			isa = XCSwiftPackageProductDependency;
			package = 9FB84A5E2B9D6681005D7915 /* XCRemoteSwiftPackageReference "Nuke" */;
			productName = NukeVideo;
		};
		9FDC05F32C1CCDB40005F64B /* SReader */ = {
			isa = XCSwiftPackageProductDependency;
			productName = SReader;
		};
/* End XCSwiftPackageProductDependency section */
	};
	rootObject = 9F608E742B65D05B00D2B5F4 /* Project object */;
}
