// !$*UTF8*$!
{
	archiveVersion = 1;
	classes = {
	};
	objectVersion = 56;
	objects = {

/* Begin PBXBuildFile section */
		9F075A792BA501580017BFAF /* RefrenceLibrary.swift in Sources */ = {isa = PBXBuildFile; fileRef = 9F075A782BA501580017BFAF /* RefrenceLibrary.swift */; };
		9F0763632B840F09003E1351 /* ReadingPosition.swift in Sources */ = {isa = PBXBuildFile; fileRef = 9F0763622B840F09003E1351 /* ReadingPosition.swift */; };
		9F0763652B840F59003E1351 /* BookHighlight.swift in Sources */ = {isa = PBXBuildFile; fileRef = 9F0763642B840F59003E1351 /* BookHighlight.swift */; };
		9F0B9A182BB7C53200581362 /* bundle.js in Resources */ = {isa = PBXBuildFile; fileRef = 9F0B9A172BB7C53200581362 /* bundle.js */; };
		9F0EA4592B89773900B7B009 /* ReadApp.swift in Sources */ = {isa = PBXBuildFile; fileRef = 9F0EA4582B89773900B7B009 /* ReadApp.swift */; };
		9F115F3F2BC4E0F0006C74F3 /* UserPreferences.swift in Sources */ = {isa = PBXBuildFile; fileRef = 9F115F3E2BC4E0F0006C74F3 /* UserPreferences.swift */; };
		9F28886B2BC212740048FC4D /* BookGridItem.swift in Sources */ = {isa = PBXBuildFile; fileRef = 9F28886A2BC212740048FC4D /* BookGridItem.swift */; };
		9F3817AA2BC0D5B700480A56 /* BookListItem.swift in Sources */ = {isa = PBXBuildFile; fileRef = 9F3817A92BC0D5B700480A56 /* BookListItem.swift */; };
		9F3A8E4D2B9D81FF004732D6 /* list.jpeg in Resources */ = {isa = PBXBuildFile; fileRef = 9F3A8E4C2B9D81FF004732D6 /* list.jpeg */; };
		9F3A8E4F2B9D823A004732D6 /* grid.jpeg in Resources */ = {isa = PBXBuildFile; fileRef = 9F3A8E4E2B9D823A004732D6 /* grid.jpeg */; };
		9F3E18BC2BA40E85009DDE05 /* SideMenu.swift in Sources */ = {isa = PBXBuildFile; fileRef = 9F3E18BB2BA40E85009DDE05 /* SideMenu.swift */; };
		9F3E18BE2BA43353009DDE05 /* SRXButton.swift in Sources */ = {isa = PBXBuildFile; fileRef = 9F3E18BD2BA43353009DDE05 /* SRXButton.swift */; };
		9F44F4442BC3B5C500E63461 /* BookImporter.swift in Sources */ = {isa = PBXBuildFile; fileRef = 9F44F4432BC3B5C500E63461 /* BookImporter.swift */; };
		9F4602B42BA65A9000E15D0C /* UIImage+Quality.swift in Sources */ = {isa = PBXBuildFile; fileRef = 9F4602B32BA65A9000E15D0C /* UIImage+Quality.swift */; };
		9F4A786E2B7832AD007B70B1 /* BookRemover.swift in Sources */ = {isa = PBXBuildFile; fileRef = 9F4A786D2B7832AD007B70B1 /* BookRemover.swift */; };
		9F4DEB262B69ECB80046B76C /* WrappingHStack in Frameworks */ = {isa = PBXBuildFile; productRef = 9F4DEB252B69ECB80046B76C /* WrappingHStack */; };
		9F5954AF2B6DCCF8009FC2F1 /* ContentView.swift in Sources */ = {isa = PBXBuildFile; fileRef = 9F5954AE2B6DCCF8009FC2F1 /* ContentView.swift */; };
		9F5954B22B6DD11C009FC2F1 /* LibrarySortPopover.swift in Sources */ = {isa = PBXBuildFile; fileRef = 9F5954B12B6DD11C009FC2F1 /* LibrarySortPopover.swift */; };
		9F5954B92B6E6050009FC2F1 /* BookDetailView.swift in Sources */ = {isa = PBXBuildFile; fileRef = 9F5954B82B6E6050009FC2F1 /* BookDetailView.swift */; };
		9F5AADF22B82CB6D00712230 /* BookGrid.swift in Sources */ = {isa = PBXBuildFile; fileRef = 9F5AADF12B82CB6D00712230 /* BookGrid.swift */; };
		9F5AADF42B82CB9D00712230 /* BookList.swift in Sources */ = {isa = PBXBuildFile; fileRef = 9F5AADF32B82CB9D00712230 /* BookList.swift */; };
		9F608E842B65D05D00D2B5F4 /* Assets.xcassets in Resources */ = {isa = PBXBuildFile; fileRef = 9F608E832B65D05D00D2B5F4 /* Assets.xcassets */; };
		9F608E872B65D05D00D2B5F4 /* Preview Assets.xcassets in Resources */ = {isa = PBXBuildFile; fileRef = 9F608E862B65D05D00D2B5F4 /* Preview Assets.xcassets */; };
		9F608E8F2B65DDD100D2B5F4 /* Extensions.swift in Sources */ = {isa = PBXBuildFile; fileRef = 9F608E8E2B65DDD100D2B5F4 /* Extensions.swift */; };
		9F608E922B65E29000D2B5F4 /* UploadFileView.swift in Sources */ = {isa = PBXBuildFile; fileRef = 9F608E912B65E29000D2B5F4 /* UploadFileView.swift */; };
		9F608E952B65F29D00D2B5F4 /* Realm in Frameworks */ = {isa = PBXBuildFile; productRef = 9F608E942B65F29D00D2B5F4 /* Realm */; };
		9F608E972B65F29D00D2B5F4 /* RealmSwift in Frameworks */ = {isa = PBXBuildFile; productRef = 9F608E962B65F29D00D2B5F4 /* RealmSwift */; };
		9F608E9A2B65F40A00D2B5F4 /* Book.swift in Sources */ = {isa = PBXBuildFile; fileRef = 9F608E992B65F40A00D2B5F4 /* Book.swift */; };
		9F6B4EBB2BC5C36C00334C21 /* PlaceholderCover.swift in Sources */ = {isa = PBXBuildFile; fileRef = 9F6B4EBA2BC5C36C00334C21 /* PlaceholderCover.swift */; };
		9F6B4EBD2BC5CD7D00334C21 /* ParallaxHeader.swift in Sources */ = {isa = PBXBuildFile; fileRef = 9F6B4EBC2BC5CD7D00334C21 /* ParallaxHeader.swift */; };
		9F6B4EBF2BC5D96C00334C21 /* TagScrollView.swift in Sources */ = {isa = PBXBuildFile; fileRef = 9F6B4EBE2BC5D96C00334C21 /* TagScrollView.swift */; };
		9F6E929D2BBE0EC5000C15C1 /* SourcesSearchPagedResultsView.swift in Sources */ = {isa = PBXBuildFile; fileRef = 9F6E929C2BBE0EC5000C15C1 /* SourcesSearchPagedResultsView.swift */; };
		9F86C52B2B89B24300DB61A6 /* BookCover.swift in Sources */ = {isa = PBXBuildFile; fileRef = 9F86C52A2B89B24300DB61A6 /* BookCover.swift */; };
		9F86C52D2B89B3F300DB61A6 /* SearchBar.swift in Sources */ = {isa = PBXBuildFile; fileRef = 9F86C52C2B89B3F300DB61A6 /* SearchBar.swift */; };
		9F8F9CBF2BB4FF340081C57F /* SourceManager.swift in Sources */ = {isa = PBXBuildFile; fileRef = 9F8F9CBE2BB4FF340081C57F /* SourceManager.swift */; };
		9F8F9CC22BB4FF880081C57F /* ZIPFoundation in Frameworks */ = {isa = PBXBuildFile; productRef = 9F8F9CC12BB4FF880081C57F /* ZIPFoundation */; };
		9F8F9CC42BB4FF9A0081C57F /* Source.swift in Sources */ = {isa = PBXBuildFile; fileRef = 9F8F9CC32BB4FF9A0081C57F /* Source.swift */; };
		9F8F9CC62BB507940081C57F /* SourceExtension.swift in Sources */ = {isa = PBXBuildFile; fileRef = 9F8F9CC52BB507940081C57F /* SourceExtension.swift */; };
		9F8F9CC92BB507C20081C57F /* App.swift in Sources */ = {isa = PBXBuildFile; fileRef = 9F8F9CC82BB507C20081C57F /* App.swift */; };
		9F8F9CCB2BB507E50081C57F /* RequestManager.swift in Sources */ = {isa = PBXBuildFile; fileRef = 9F8F9CCA2BB507E50081C57F /* RequestManager.swift */; };
		9F8F9CCD2BB508100081C57F /* Request.swift in Sources */ = {isa = PBXBuildFile; fileRef = 9F8F9CCC2BB508100081C57F /* Request.swift */; };
		9F8F9CCF2BB508280081C57F /* Response.swift in Sources */ = {isa = PBXBuildFile; fileRef = 9F8F9CCE2BB508280081C57F /* Response.swift */; };
		9F8F9CD12BB5083F0081C57F /* SourceBook.swift in Sources */ = {isa = PBXBuildFile; fileRef = 9F8F9CD02BB5083F0081C57F /* SourceBook.swift */; };
		9F8F9CD32BB508570081C57F /* BookInfo.swift in Sources */ = {isa = PBXBuildFile; fileRef = 9F8F9CD22BB508570081C57F /* BookInfo.swift */; };
		9F8F9CD52BB5086C0081C57F /* SearchRequest.swift in Sources */ = {isa = PBXBuildFile; fileRef = 9F8F9CD42BB5086C0081C57F /* SearchRequest.swift */; };
		9F8F9CD72BB5087D0081C57F /* PartialSourceBook.swift in Sources */ = {isa = PBXBuildFile; fileRef = 9F8F9CD62BB5087D0081C57F /* PartialSourceBook.swift */; };
		9F8F9CD92BB508900081C57F /* PagedResults.swift in Sources */ = {isa = PBXBuildFile; fileRef = 9F8F9CD82BB508900081C57F /* PagedResults.swift */; };
		9F8F9CDB2BB508A20081C57F /* HomeSection.swift in Sources */ = {isa = PBXBuildFile; fileRef = 9F8F9CDA2BB508A20081C57F /* HomeSection.swift */; };
		9F8F9CDD2BB508BC0081C57F /* DownloadInfo.swift in Sources */ = {isa = PBXBuildFile; fileRef = 9F8F9CDC2BB508BC0081C57F /* DownloadInfo.swift */; };
		9F8F9CDF2BB509330081C57F /* URL+Exists.swift in Sources */ = {isa = PBXBuildFile; fileRef = 9F8F9CDE2BB509330081C57F /* URL+Exists.swift */; };
		9F8F9CE12BB5096B0081C57F /* JSError.swift in Sources */ = {isa = PBXBuildFile; fileRef = 9F8F9CE02BB5096B0081C57F /* JSError.swift */; };
		9F8F9CE42BB5151B0081C57F /* SettingsSourcesView.swift in Sources */ = {isa = PBXBuildFile; fileRef = 9F8F9CE32BB5151B0081C57F /* SettingsSourcesView.swift */; };
		9F8F9CE62BB52C2A0081C57F /* View+If.swift in Sources */ = {isa = PBXBuildFile; fileRef = 9F8F9CE52BB52C2A0081C57F /* View+If.swift */; };
		9F8F9CE82BB631060081C57F /* SourcesDiscoverView.swift in Sources */ = {isa = PBXBuildFile; fileRef = 9F8F9CE72BB631060081C57F /* SourcesDiscoverView.swift */; };
		9F9205DA2BA275D7000AED7D /* Color+Codable.swift in Sources */ = {isa = PBXBuildFile; fileRef = 9F9205D92BA275D7000AED7D /* Color+Codable.swift */; };
		9FA360222BBE1E0200499A4C /* DownloadManager.swift in Sources */ = {isa = PBXBuildFile; fileRef = 9FA360212BBE1E0200499A4C /* DownloadManager.swift */; };
		9FA360242BBE1E2D00499A4C /* DownloadQueue.swift in Sources */ = {isa = PBXBuildFile; fileRef = 9FA360232BBE1E2D00499A4C /* DownloadQueue.swift */; };
		9FA360262BBE1E3300499A4C /* DownloadProgress.swift in Sources */ = {isa = PBXBuildFile; fileRef = 9FA360252BBE1E3300499A4C /* DownloadProgress.swift */; };
		9FA360282BBE1E3B00499A4C /* BookDownloader.swift in Sources */ = {isa = PBXBuildFile; fileRef = 9FA360272BBE1E3B00499A4C /* BookDownloader.swift */; };
		9FA3602A2BBE1F7400499A4C /* Download.swift in Sources */ = {isa = PBXBuildFile; fileRef = 9FA360292BBE1F7400499A4C /* Download.swift */; };
		9FA3602C2BBE22D800499A4C /* SourceDownloadButton.swift in Sources */ = {isa = PBXBuildFile; fileRef = 9FA3602B2BBE22D800499A4C /* SourceDownloadButton.swift */; };
		9FB62D832B8D841F00A10EF5 /* SettingsView.swift in Sources */ = {isa = PBXBuildFile; fileRef = 9FB62D822B8D841F00A10EF5 /* SettingsView.swift */; };
		9FB84A602B9D6681005D7915 /* Nuke in Frameworks */ = {isa = PBXBuildFile; productRef = 9FB84A5F2B9D6681005D7915 /* Nuke */; };
		9FB84A622B9D6681005D7915 /* NukeExtensions in Frameworks */ = {isa = PBXBuildFile; productRef = 9FB84A612B9D6681005D7915 /* NukeExtensions */; };
		9FB84A642B9D6681005D7915 /* NukeUI in Frameworks */ = {isa = PBXBuildFile; productRef = 9FB84A632B9D6681005D7915 /* NukeUI */; };
		9FB84A662B9D6681005D7915 /* NukeVideo in Frameworks */ = {isa = PBXBuildFile; productRef = 9FB84A652B9D6681005D7915 /* NukeVideo */; };
		9FBC726C2B9EA17D0054A7B0 /* SRFromInput.swift in Sources */ = {isa = PBXBuildFile; fileRef = 9FBC726B2B9EA17D0054A7B0 /* SRFromInput.swift */; };
		9FBC726E2B9EA1920054A7B0 /* AdaptiveStack.swift in Sources */ = {isa = PBXBuildFile; fileRef = 9FBC726D2B9EA1920054A7B0 /* AdaptiveStack.swift */; };
		9FBC72702B9EA5B70054A7B0 /* SRButton.swift in Sources */ = {isa = PBXBuildFile; fileRef = 9FBC726F2B9EA5B70054A7B0 /* SRButton.swift */; };
		9FBC72752B9EA6C60054A7B0 /* AppTheme.swift in Sources */ = {isa = PBXBuildFile; fileRef = 9FBC72742B9EA6C60054A7B0 /* AppTheme.swift */; };
		9FC1FBB82BC5E90900CA9288 /* MoreText.swift in Sources */ = {isa = PBXBuildFile; fileRef = 9FC1FBB72BC5E90900CA9288 /* MoreText.swift */; };
		9FC596452B86A30800ED3734 /* Poppins-ExtraLight.ttf in Resources */ = {isa = PBXBuildFile; fileRef = 9FC596322B86A30700ED3734 /* Poppins-ExtraLight.ttf */; };
		9FC596462B86A30800ED3734 /* Poppins-ThinItalic.ttf in Resources */ = {isa = PBXBuildFile; fileRef = 9FC596332B86A30700ED3734 /* Poppins-ThinItalic.ttf */; };
		9FC596472B86A30800ED3734 /* Poppins-ExtraLightItalic.ttf in Resources */ = {isa = PBXBuildFile; fileRef = 9FC596342B86A30700ED3734 /* Poppins-ExtraLightItalic.ttf */; };
		9FC596482B86A30800ED3734 /* Poppins-BoldItalic.ttf in Resources */ = {isa = PBXBuildFile; fileRef = 9FC596352B86A30700ED3734 /* Poppins-BoldItalic.ttf */; };
		9FC596492B86A30800ED3734 /* Poppins-Light.ttf in Resources */ = {isa = PBXBuildFile; fileRef = 9FC596362B86A30700ED3734 /* Poppins-Light.ttf */; };
		9FC5964A2B86A30800ED3734 /* Poppins-Medium.ttf in Resources */ = {isa = PBXBuildFile; fileRef = 9FC596372B86A30700ED3734 /* Poppins-Medium.ttf */; };
		9FC5964B2B86A30800ED3734 /* Poppins-SemiBoldItalic.ttf in Resources */ = {isa = PBXBuildFile; fileRef = 9FC596382B86A30700ED3734 /* Poppins-SemiBoldItalic.ttf */; };
		9FC5964C2B86A30800ED3734 /* Poppins-ExtraBoldItalic.ttf in Resources */ = {isa = PBXBuildFile; fileRef = 9FC596392B86A30700ED3734 /* Poppins-ExtraBoldItalic.ttf */; };
		9FC5964D2B86A30800ED3734 /* Poppins-ExtraBold.ttf in Resources */ = {isa = PBXBuildFile; fileRef = 9FC5963A2B86A30700ED3734 /* Poppins-ExtraBold.ttf */; };
		9FC5964E2B86A30800ED3734 /* Poppins-BlackItalic.ttf in Resources */ = {isa = PBXBuildFile; fileRef = 9FC5963B2B86A30700ED3734 /* Poppins-BlackItalic.ttf */; };
		9FC5964F2B86A30800ED3734 /* OFL.txt in Resources */ = {isa = PBXBuildFile; fileRef = 9FC5963C2B86A30700ED3734 /* OFL.txt */; };
		9FC596502B86A30800ED3734 /* Poppins-Regular.ttf in Resources */ = {isa = PBXBuildFile; fileRef = 9FC5963D2B86A30700ED3734 /* Poppins-Regular.ttf */; };
		9FC596512B86A30800ED3734 /* Poppins-LightItalic.ttf in Resources */ = {isa = PBXBuildFile; fileRef = 9FC5963E2B86A30700ED3734 /* Poppins-LightItalic.ttf */; };
		9FC596522B86A30800ED3734 /* Poppins-Bold.ttf in Resources */ = {isa = PBXBuildFile; fileRef = 9FC5963F2B86A30700ED3734 /* Poppins-Bold.ttf */; };
		9FC596532B86A30800ED3734 /* Poppins-Black.ttf in Resources */ = {isa = PBXBuildFile; fileRef = 9FC596402B86A30800ED3734 /* Poppins-Black.ttf */; };
		9FC596542B86A30800ED3734 /* Poppins-Thin.ttf in Resources */ = {isa = PBXBuildFile; fileRef = 9FC596412B86A30800ED3734 /* Poppins-Thin.ttf */; };
		9FC596552B86A30800ED3734 /* Poppins-SemiBold.ttf in Resources */ = {isa = PBXBuildFile; fileRef = 9FC596422B86A30800ED3734 /* Poppins-SemiBold.ttf */; };
		9FC596562B86A30800ED3734 /* Poppins-Italic.ttf in Resources */ = {isa = PBXBuildFile; fileRef = 9FC596432B86A30800ED3734 /* Poppins-Italic.ttf */; };
		9FC596572B86A30800ED3734 /* Poppins-MediumItalic.ttf in Resources */ = {isa = PBXBuildFile; fileRef = 9FC596442B86A30800ED3734 /* Poppins-MediumItalic.ttf */; };
		9FC596592B86A56A00ED3734 /* Font+Poppins.swift in Sources */ = {isa = PBXBuildFile; fileRef = 9FC596582B86A56A00ED3734 /* Font+Poppins.swift */; };
		9FCFBE222B9D84F500BD9E3D /* EditDetailsView.swift in Sources */ = {isa = PBXBuildFile; fileRef = 9FCFBE212B9D84F500BD9E3D /* EditDetailsView.swift */; };
		9FD119B62BBA2DE900AB097D /* PagerTabStripView in Frameworks */ = {isa = PBXBuildFile; productRef = 9FD119B52BBA2DE900AB097D /* PagerTabStripView */; };
		9FD119B92BBA411A00AB097D /* SourceExtensionView.swift in Sources */ = {isa = PBXBuildFile; fileRef = 9FD119B82BBA411A00AB097D /* SourceExtensionView.swift */; };
		9FD119BD2BBA417600AB097D /* SourceSectionView.swift in Sources */ = {isa = PBXBuildFile; fileRef = 9FD119BC2BBA417600AB097D /* SourceSectionView.swift */; };
		9FD119BF2BBA418800AB097D /* SourceBookCard.swift in Sources */ = {isa = PBXBuildFile; fileRef = 9FD119BE2BBA418800AB097D /* SourceBookCard.swift */; };
		9FD119C12BBA41B500AB097D /* SourceBookImage.swift in Sources */ = {isa = PBXBuildFile; fileRef = 9FD119C02BBA41B500AB097D /* SourceBookImage.swift */; };
		9FD119C32BBA44AA00AB097D /* PagedViewMoreItems.swift in Sources */ = {isa = PBXBuildFile; fileRef = 9FD119C22BBA44AA00AB097D /* PagedViewMoreItems.swift */; };
		9FD119C52BBA44EB00AB097D /* SourceBookDetailsView.swift in Sources */ = {isa = PBXBuildFile; fileRef = 9FD119C42BBA44EB00AB097D /* SourceBookDetailsView.swift */; };
		9FD119C72BBA590800AB097D /* SourceSearch.swift in Sources */ = {isa = PBXBuildFile; fileRef = 9FD119C62BBA590800AB097D /* SourceSearch.swift */; };
		9FD16EC12BA3DFF500A18F3B /* HomeView.swift in Sources */ = {isa = PBXBuildFile; fileRef = 9FD16EC02BA3DFF500A18F3B /* HomeView.swift */; };
		9FD7F7262BBD27C30050B1FA /* SwiftReader in Resources */ = {isa = PBXBuildFile; fileRef = 9FD7F7252BBD27C30050B1FA /* SwiftReader */; };
		9FD808802B9814540007D8F6 /* PDF.swift in Sources */ = {isa = PBXBuildFile; fileRef = 9FD8087F2B9814540007D8F6 /* PDF.swift */; };
		9FD808822B9816B60007D8F6 /* ReaderOverlay.swift in Sources */ = {isa = PBXBuildFile; fileRef = 9FD808812B9816B60007D8F6 /* ReaderOverlay.swift */; };
		9FD808842B9819510007D8F6 /* ReaderContextMenu.swift in Sources */ = {isa = PBXBuildFile; fileRef = 9FD808832B9819510007D8F6 /* ReaderContextMenu.swift */; };
		9FD808862B981E020007D8F6 /* ReaderSettings.swift in Sources */ = {isa = PBXBuildFile; fileRef = 9FD808852B981E020007D8F6 /* ReaderSettings.swift */; };
		9FD8088A2B982CE40007D8F6 /* ReaderContent.swift in Sources */ = {isa = PBXBuildFile; fileRef = 9FD808892B982CE40007D8F6 /* ReaderContent.swift */; };
		9FD8088C2B983F790007D8F6 /* EBookView.swift in Sources */ = {isa = PBXBuildFile; fileRef = 9FD8088B2B983F790007D8F6 /* EBookView.swift */; };
		9FE324422B85D30E003E61F6 /* upload.PNG in Resources */ = {isa = PBXBuildFile; fileRef = 9FE3243C2B85D30D003E61F6 /* upload.PNG */; };
		9FE324432B85D30E003E61F6 /* addedbooks.PNG in Resources */ = {isa = PBXBuildFile; fileRef = 9FE3243D2B85D30D003E61F6 /* addedbooks.PNG */; };
		9FE324442B85D30E003E61F6 /* bookDetails.PNG in Resources */ = {isa = PBXBuildFile; fileRef = 9FE3243E2B85D30E003E61F6 /* bookDetails.PNG */; };
		9FE324452B85D30E003E61F6 /* reader.PNG in Resources */ = {isa = PBXBuildFile; fileRef = 9FE3243F2B85D30E003E61F6 /* reader.PNG */; };
		9FEEF7DC2BBD2C080079ECDB /* SwiftReader in Frameworks */ = {isa = PBXBuildFile; productRef = 9FEEF7DB2BBD2C080079ECDB /* SwiftReader */; };
		9FF92A8D2B788C9400025405 /* PieProgress.swift in Sources */ = {isa = PBXBuildFile; fileRef = 9FF92A8C2B788C9400025405 /* PieProgress.swift */; };
/* End PBXBuildFile section */

/* Begin PBXFileReference section */
		9F075A782BA501580017BFAF /* RefrenceLibrary.swift */ = {isa = PBXFileReference; lastKnownFileType = sourcecode.swift; path = RefrenceLibrary.swift; sourceTree = "<group>"; };
		9F0763622B840F09003E1351 /* ReadingPosition.swift */ = {isa = PBXFileReference; lastKnownFileType = sourcecode.swift; path = ReadingPosition.swift; sourceTree = "<group>"; };
		9F0763642B840F59003E1351 /* BookHighlight.swift */ = {isa = PBXFileReference; lastKnownFileType = sourcecode.swift; path = BookHighlight.swift; sourceTree = "<group>"; };
		9F0B9A172BB7C53200581362 /* bundle.js */ = {isa = PBXFileReference; fileEncoding = 4; lastKnownFileType = sourcecode.javascript; path = bundle.js; sourceTree = "<group>"; };
		9F0EA4582B89773900B7B009 /* ReadApp.swift */ = {isa = PBXFileReference; lastKnownFileType = sourcecode.swift; path = ReadApp.swift; sourceTree = "<group>"; };
		9F115F3E2BC4E0F0006C74F3 /* UserPreferences.swift */ = {isa = PBXFileReference; lastKnownFileType = sourcecode.swift; path = UserPreferences.swift; sourceTree = "<group>"; };
		9F28886A2BC212740048FC4D /* BookGridItem.swift */ = {isa = PBXFileReference; lastKnownFileType = sourcecode.swift; path = BookGridItem.swift; sourceTree = "<group>"; };
		9F3817A92BC0D5B700480A56 /* BookListItem.swift */ = {isa = PBXFileReference; lastKnownFileType = sourcecode.swift; path = BookListItem.swift; sourceTree = "<group>"; };
		9F3A8E4C2B9D81FF004732D6 /* list.jpeg */ = {isa = PBXFileReference; lastKnownFileType = image.jpeg; path = list.jpeg; sourceTree = "<group>"; };
		9F3A8E4E2B9D823A004732D6 /* grid.jpeg */ = {isa = PBXFileReference; lastKnownFileType = image.jpeg; path = grid.jpeg; sourceTree = "<group>"; };
		9F3E18BB2BA40E85009DDE05 /* SideMenu.swift */ = {isa = PBXFileReference; lastKnownFileType = sourcecode.swift; path = SideMenu.swift; sourceTree = "<group>"; };
		9F3E18BD2BA43353009DDE05 /* SRXButton.swift */ = {isa = PBXFileReference; lastKnownFileType = sourcecode.swift; path = SRXButton.swift; sourceTree = "<group>"; };
		9F44F4432BC3B5C500E63461 /* BookImporter.swift */ = {isa = PBXFileReference; lastKnownFileType = sourcecode.swift; path = BookImporter.swift; sourceTree = "<group>"; };
		9F4602B32BA65A9000E15D0C /* UIImage+Quality.swift */ = {isa = PBXFileReference; lastKnownFileType = sourcecode.swift; path = "UIImage+Quality.swift"; sourceTree = "<group>"; };
		9F4A786D2B7832AD007B70B1 /* BookRemover.swift */ = {isa = PBXFileReference; lastKnownFileType = sourcecode.swift; path = BookRemover.swift; sourceTree = "<group>"; };
		9F5954AE2B6DCCF8009FC2F1 /* ContentView.swift */ = {isa = PBXFileReference; lastKnownFileType = sourcecode.swift; path = ContentView.swift; sourceTree = "<group>"; };
		9F5954B12B6DD11C009FC2F1 /* LibrarySortPopover.swift */ = {isa = PBXFileReference; lastKnownFileType = sourcecode.swift; path = LibrarySortPopover.swift; sourceTree = "<group>"; };
		9F5954B82B6E6050009FC2F1 /* BookDetailView.swift */ = {isa = PBXFileReference; fileEncoding = 4; lastKnownFileType = sourcecode.swift; path = BookDetailView.swift; sourceTree = "<group>"; };
		9F5AADF12B82CB6D00712230 /* BookGrid.swift */ = {isa = PBXFileReference; lastKnownFileType = sourcecode.swift; path = BookGrid.swift; sourceTree = "<group>"; };
		9F5AADF32B82CB9D00712230 /* BookList.swift */ = {isa = PBXFileReference; lastKnownFileType = sourcecode.swift; path = BookList.swift; sourceTree = "<group>"; };
		9F608E7C2B65D05B00D2B5F4 /* Read.app */ = {isa = PBXFileReference; explicitFileType = wrapper.application; includeInIndex = 0; path = Read.app; sourceTree = BUILT_PRODUCTS_DIR; };
		9F608E832B65D05D00D2B5F4 /* Assets.xcassets */ = {isa = PBXFileReference; lastKnownFileType = folder.assetcatalog; path = Assets.xcassets; sourceTree = "<group>"; };
		9F608E862B65D05D00D2B5F4 /* Preview Assets.xcassets */ = {isa = PBXFileReference; lastKnownFileType = folder.assetcatalog; path = "Preview Assets.xcassets"; sourceTree = "<group>"; };
		9F608E8E2B65DDD100D2B5F4 /* Extensions.swift */ = {isa = PBXFileReference; lastKnownFileType = sourcecode.swift; path = Extensions.swift; sourceTree = "<group>"; };
		9F608E912B65E29000D2B5F4 /* UploadFileView.swift */ = {isa = PBXFileReference; lastKnownFileType = sourcecode.swift; path = UploadFileView.swift; sourceTree = "<group>"; };
		9F608E992B65F40A00D2B5F4 /* Book.swift */ = {isa = PBXFileReference; lastKnownFileType = sourcecode.swift; path = Book.swift; sourceTree = "<group>"; };
		9F608E9B2B664D7600D2B5F4 /* Info.plist */ = {isa = PBXFileReference; lastKnownFileType = text.plist; path = Info.plist; sourceTree = "<group>"; };
		9F6B4EBA2BC5C36C00334C21 /* PlaceholderCover.swift */ = {isa = PBXFileReference; lastKnownFileType = sourcecode.swift; path = PlaceholderCover.swift; sourceTree = "<group>"; };
		9F6B4EBC2BC5CD7D00334C21 /* ParallaxHeader.swift */ = {isa = PBXFileReference; lastKnownFileType = sourcecode.swift; path = ParallaxHeader.swift; sourceTree = "<group>"; };
		9F6B4EBE2BC5D96C00334C21 /* TagScrollView.swift */ = {isa = PBXFileReference; lastKnownFileType = sourcecode.swift; path = TagScrollView.swift; sourceTree = "<group>"; };
		9F6E929C2BBE0EC5000C15C1 /* SourcesSearchPagedResultsView.swift */ = {isa = PBXFileReference; lastKnownFileType = sourcecode.swift; path = SourcesSearchPagedResultsView.swift; sourceTree = "<group>"; };
		9F86C52A2B89B24300DB61A6 /* BookCover.swift */ = {isa = PBXFileReference; lastKnownFileType = sourcecode.swift; path = BookCover.swift; sourceTree = "<group>"; };
		9F86C52C2B89B3F300DB61A6 /* SearchBar.swift */ = {isa = PBXFileReference; lastKnownFileType = sourcecode.swift; path = SearchBar.swift; sourceTree = "<group>"; };
		9F8F9CBE2BB4FF340081C57F /* SourceManager.swift */ = {isa = PBXFileReference; lastKnownFileType = sourcecode.swift; path = SourceManager.swift; sourceTree = "<group>"; };
		9F8F9CC32BB4FF9A0081C57F /* Source.swift */ = {isa = PBXFileReference; lastKnownFileType = sourcecode.swift; path = Source.swift; sourceTree = "<group>"; };
		9F8F9CC52BB507940081C57F /* SourceExtension.swift */ = {isa = PBXFileReference; lastKnownFileType = sourcecode.swift; path = SourceExtension.swift; sourceTree = "<group>"; };
		9F8F9CC82BB507C20081C57F /* App.swift */ = {isa = PBXFileReference; lastKnownFileType = sourcecode.swift; path = App.swift; sourceTree = "<group>"; };
		9F8F9CCA2BB507E50081C57F /* RequestManager.swift */ = {isa = PBXFileReference; lastKnownFileType = sourcecode.swift; path = RequestManager.swift; sourceTree = "<group>"; };
		9F8F9CCC2BB508100081C57F /* Request.swift */ = {isa = PBXFileReference; lastKnownFileType = sourcecode.swift; path = Request.swift; sourceTree = "<group>"; };
		9F8F9CCE2BB508280081C57F /* Response.swift */ = {isa = PBXFileReference; lastKnownFileType = sourcecode.swift; path = Response.swift; sourceTree = "<group>"; };
		9F8F9CD02BB5083F0081C57F /* SourceBook.swift */ = {isa = PBXFileReference; lastKnownFileType = sourcecode.swift; path = SourceBook.swift; sourceTree = "<group>"; };
		9F8F9CD22BB508570081C57F /* BookInfo.swift */ = {isa = PBXFileReference; lastKnownFileType = sourcecode.swift; path = BookInfo.swift; sourceTree = "<group>"; };
		9F8F9CD42BB5086C0081C57F /* SearchRequest.swift */ = {isa = PBXFileReference; lastKnownFileType = sourcecode.swift; path = SearchRequest.swift; sourceTree = "<group>"; };
		9F8F9CD62BB5087D0081C57F /* PartialSourceBook.swift */ = {isa = PBXFileReference; lastKnownFileType = sourcecode.swift; path = PartialSourceBook.swift; sourceTree = "<group>"; };
		9F8F9CD82BB508900081C57F /* PagedResults.swift */ = {isa = PBXFileReference; lastKnownFileType = sourcecode.swift; path = PagedResults.swift; sourceTree = "<group>"; };
		9F8F9CDA2BB508A20081C57F /* HomeSection.swift */ = {isa = PBXFileReference; lastKnownFileType = sourcecode.swift; path = HomeSection.swift; sourceTree = "<group>"; };
		9F8F9CDC2BB508BC0081C57F /* DownloadInfo.swift */ = {isa = PBXFileReference; lastKnownFileType = sourcecode.swift; path = DownloadInfo.swift; sourceTree = "<group>"; };
		9F8F9CDE2BB509330081C57F /* URL+Exists.swift */ = {isa = PBXFileReference; lastKnownFileType = sourcecode.swift; path = "URL+Exists.swift"; sourceTree = "<group>"; };
		9F8F9CE02BB5096B0081C57F /* JSError.swift */ = {isa = PBXFileReference; lastKnownFileType = sourcecode.swift; path = JSError.swift; sourceTree = "<group>"; };
		9F8F9CE32BB5151B0081C57F /* SettingsSourcesView.swift */ = {isa = PBXFileReference; lastKnownFileType = sourcecode.swift; path = SettingsSourcesView.swift; sourceTree = "<group>"; };
		9F8F9CE52BB52C2A0081C57F /* View+If.swift */ = {isa = PBXFileReference; lastKnownFileType = sourcecode.swift; path = "View+If.swift"; sourceTree = "<group>"; };
		9F8F9CE72BB631060081C57F /* SourcesDiscoverView.swift */ = {isa = PBXFileReference; lastKnownFileType = sourcecode.swift; path = SourcesDiscoverView.swift; sourceTree = "<group>"; };
		9F9205D92BA275D7000AED7D /* Color+Codable.swift */ = {isa = PBXFileReference; lastKnownFileType = sourcecode.swift; path = "Color+Codable.swift"; sourceTree = "<group>"; };
		9FA360212BBE1E0200499A4C /* DownloadManager.swift */ = {isa = PBXFileReference; lastKnownFileType = sourcecode.swift; path = DownloadManager.swift; sourceTree = "<group>"; };
		9FA360232BBE1E2D00499A4C /* DownloadQueue.swift */ = {isa = PBXFileReference; lastKnownFileType = sourcecode.swift; path = DownloadQueue.swift; sourceTree = "<group>"; };
		9FA360252BBE1E3300499A4C /* DownloadProgress.swift */ = {isa = PBXFileReference; lastKnownFileType = sourcecode.swift; path = DownloadProgress.swift; sourceTree = "<group>"; };
		9FA360272BBE1E3B00499A4C /* BookDownloader.swift */ = {isa = PBXFileReference; lastKnownFileType = sourcecode.swift; path = BookDownloader.swift; sourceTree = "<group>"; };
		9FA360292BBE1F7400499A4C /* Download.swift */ = {isa = PBXFileReference; lastKnownFileType = sourcecode.swift; path = Download.swift; sourceTree = "<group>"; };
		9FA3602B2BBE22D800499A4C /* SourceDownloadButton.swift */ = {isa = PBXFileReference; lastKnownFileType = sourcecode.swift; path = SourceDownloadButton.swift; sourceTree = "<group>"; };
		9FB62D822B8D841F00A10EF5 /* SettingsView.swift */ = {isa = PBXFileReference; lastKnownFileType = sourcecode.swift; path = SettingsView.swift; sourceTree = "<group>"; };
		9FBC726B2B9EA17D0054A7B0 /* SRFromInput.swift */ = {isa = PBXFileReference; lastKnownFileType = sourcecode.swift; path = SRFromInput.swift; sourceTree = "<group>"; };
		9FBC726D2B9EA1920054A7B0 /* AdaptiveStack.swift */ = {isa = PBXFileReference; lastKnownFileType = sourcecode.swift; path = AdaptiveStack.swift; sourceTree = "<group>"; };
		9FBC726F2B9EA5B70054A7B0 /* SRButton.swift */ = {isa = PBXFileReference; lastKnownFileType = sourcecode.swift; path = SRButton.swift; sourceTree = "<group>"; };
		9FBC72742B9EA6C60054A7B0 /* AppTheme.swift */ = {isa = PBXFileReference; lastKnownFileType = sourcecode.swift; path = AppTheme.swift; sourceTree = "<group>"; };
		9FC1FBB72BC5E90900CA9288 /* MoreText.swift */ = {isa = PBXFileReference; lastKnownFileType = sourcecode.swift; path = MoreText.swift; sourceTree = "<group>"; };
		9FC596322B86A30700ED3734 /* Poppins-ExtraLight.ttf */ = {isa = PBXFileReference; lastKnownFileType = file; path = "Poppins-ExtraLight.ttf"; sourceTree = "<group>"; };
		9FC596332B86A30700ED3734 /* Poppins-ThinItalic.ttf */ = {isa = PBXFileReference; lastKnownFileType = file; path = "Poppins-ThinItalic.ttf"; sourceTree = "<group>"; };
		9FC596342B86A30700ED3734 /* Poppins-ExtraLightItalic.ttf */ = {isa = PBXFileReference; lastKnownFileType = file; path = "Poppins-ExtraLightItalic.ttf"; sourceTree = "<group>"; };
		9FC596352B86A30700ED3734 /* Poppins-BoldItalic.ttf */ = {isa = PBXFileReference; lastKnownFileType = file; path = "Poppins-BoldItalic.ttf"; sourceTree = "<group>"; };
		9FC596362B86A30700ED3734 /* Poppins-Light.ttf */ = {isa = PBXFileReference; lastKnownFileType = file; path = "Poppins-Light.ttf"; sourceTree = "<group>"; };
		9FC596372B86A30700ED3734 /* Poppins-Medium.ttf */ = {isa = PBXFileReference; lastKnownFileType = file; path = "Poppins-Medium.ttf"; sourceTree = "<group>"; };
		9FC596382B86A30700ED3734 /* Poppins-SemiBoldItalic.ttf */ = {isa = PBXFileReference; lastKnownFileType = file; path = "Poppins-SemiBoldItalic.ttf"; sourceTree = "<group>"; };
		9FC596392B86A30700ED3734 /* Poppins-ExtraBoldItalic.ttf */ = {isa = PBXFileReference; lastKnownFileType = file; path = "Poppins-ExtraBoldItalic.ttf"; sourceTree = "<group>"; };
		9FC5963A2B86A30700ED3734 /* Poppins-ExtraBold.ttf */ = {isa = PBXFileReference; lastKnownFileType = file; path = "Poppins-ExtraBold.ttf"; sourceTree = "<group>"; };
		9FC5963B2B86A30700ED3734 /* Poppins-BlackItalic.ttf */ = {isa = PBXFileReference; lastKnownFileType = file; path = "Poppins-BlackItalic.ttf"; sourceTree = "<group>"; };
		9FC5963C2B86A30700ED3734 /* OFL.txt */ = {isa = PBXFileReference; fileEncoding = 4; lastKnownFileType = text; path = OFL.txt; sourceTree = "<group>"; };
		9FC5963D2B86A30700ED3734 /* Poppins-Regular.ttf */ = {isa = PBXFileReference; lastKnownFileType = file; path = "Poppins-Regular.ttf"; sourceTree = "<group>"; };
		9FC5963E2B86A30700ED3734 /* Poppins-LightItalic.ttf */ = {isa = PBXFileReference; lastKnownFileType = file; path = "Poppins-LightItalic.ttf"; sourceTree = "<group>"; };
		9FC5963F2B86A30700ED3734 /* Poppins-Bold.ttf */ = {isa = PBXFileReference; lastKnownFileType = file; path = "Poppins-Bold.ttf"; sourceTree = "<group>"; };
		9FC596402B86A30800ED3734 /* Poppins-Black.ttf */ = {isa = PBXFileReference; lastKnownFileType = file; path = "Poppins-Black.ttf"; sourceTree = "<group>"; };
		9FC596412B86A30800ED3734 /* Poppins-Thin.ttf */ = {isa = PBXFileReference; lastKnownFileType = file; path = "Poppins-Thin.ttf"; sourceTree = "<group>"; };
		9FC596422B86A30800ED3734 /* Poppins-SemiBold.ttf */ = {isa = PBXFileReference; lastKnownFileType = file; path = "Poppins-SemiBold.ttf"; sourceTree = "<group>"; };
		9FC596432B86A30800ED3734 /* Poppins-Italic.ttf */ = {isa = PBXFileReference; lastKnownFileType = file; path = "Poppins-Italic.ttf"; sourceTree = "<group>"; };
		9FC596442B86A30800ED3734 /* Poppins-MediumItalic.ttf */ = {isa = PBXFileReference; lastKnownFileType = file; path = "Poppins-MediumItalic.ttf"; sourceTree = "<group>"; };
		9FC596582B86A56A00ED3734 /* Font+Poppins.swift */ = {isa = PBXFileReference; lastKnownFileType = sourcecode.swift; path = "Font+Poppins.swift"; sourceTree = "<group>"; };
		9FCFBE212B9D84F500BD9E3D /* EditDetailsView.swift */ = {isa = PBXFileReference; lastKnownFileType = sourcecode.swift; path = EditDetailsView.swift; sourceTree = "<group>"; };
		9FD119B82BBA411A00AB097D /* SourceExtensionView.swift */ = {isa = PBXFileReference; lastKnownFileType = sourcecode.swift; path = SourceExtensionView.swift; sourceTree = "<group>"; };
		9FD119BC2BBA417600AB097D /* SourceSectionView.swift */ = {isa = PBXFileReference; lastKnownFileType = sourcecode.swift; path = SourceSectionView.swift; sourceTree = "<group>"; };
		9FD119BE2BBA418800AB097D /* SourceBookCard.swift */ = {isa = PBXFileReference; lastKnownFileType = sourcecode.swift; path = SourceBookCard.swift; sourceTree = "<group>"; };
		9FD119C02BBA41B500AB097D /* SourceBookImage.swift */ = {isa = PBXFileReference; lastKnownFileType = sourcecode.swift; path = SourceBookImage.swift; sourceTree = "<group>"; };
		9FD119C22BBA44AA00AB097D /* PagedViewMoreItems.swift */ = {isa = PBXFileReference; lastKnownFileType = sourcecode.swift; path = PagedViewMoreItems.swift; sourceTree = "<group>"; };
		9FD119C42BBA44EB00AB097D /* SourceBookDetailsView.swift */ = {isa = PBXFileReference; lastKnownFileType = sourcecode.swift; path = SourceBookDetailsView.swift; sourceTree = "<group>"; };
		9FD119C62BBA590800AB097D /* SourceSearch.swift */ = {isa = PBXFileReference; lastKnownFileType = sourcecode.swift; path = SourceSearch.swift; sourceTree = "<group>"; };
		9FD16EC02BA3DFF500A18F3B /* HomeView.swift */ = {isa = PBXFileReference; lastKnownFileType = sourcecode.swift; path = HomeView.swift; sourceTree = "<group>"; };
		9FD7F7252BBD27C30050B1FA /* SwiftReader */ = {isa = PBXFileReference; lastKnownFileType = wrapper; path = SwiftReader; sourceTree = "<group>"; };
		9FD8087F2B9814540007D8F6 /* PDF.swift */ = {isa = PBXFileReference; lastKnownFileType = sourcecode.swift; path = PDF.swift; sourceTree = "<group>"; };
		9FD808812B9816B60007D8F6 /* ReaderOverlay.swift */ = {isa = PBXFileReference; lastKnownFileType = sourcecode.swift; path = ReaderOverlay.swift; sourceTree = "<group>"; };
		9FD808832B9819510007D8F6 /* ReaderContextMenu.swift */ = {isa = PBXFileReference; lastKnownFileType = sourcecode.swift; path = ReaderContextMenu.swift; sourceTree = "<group>"; };
		9FD808852B981E020007D8F6 /* ReaderSettings.swift */ = {isa = PBXFileReference; lastKnownFileType = sourcecode.swift; path = ReaderSettings.swift; sourceTree = "<group>"; };
		9FD808892B982CE40007D8F6 /* ReaderContent.swift */ = {isa = PBXFileReference; lastKnownFileType = sourcecode.swift; path = ReaderContent.swift; sourceTree = "<group>"; };
		9FD8088B2B983F790007D8F6 /* EBookView.swift */ = {isa = PBXFileReference; lastKnownFileType = sourcecode.swift; path = EBookView.swift; sourceTree = "<group>"; };
		9FE3243C2B85D30D003E61F6 /* upload.PNG */ = {isa = PBXFileReference; lastKnownFileType = image.png; path = upload.PNG; sourceTree = "<group>"; };
		9FE3243D2B85D30D003E61F6 /* addedbooks.PNG */ = {isa = PBXFileReference; lastKnownFileType = image.png; path = addedbooks.PNG; sourceTree = "<group>"; };
		9FE3243E2B85D30E003E61F6 /* bookDetails.PNG */ = {isa = PBXFileReference; lastKnownFileType = image.png; path = bookDetails.PNG; sourceTree = "<group>"; };
		9FE3243F2B85D30E003E61F6 /* reader.PNG */ = {isa = PBXFileReference; lastKnownFileType = image.png; path = reader.PNG; sourceTree = "<group>"; };
		9FE38F012B7DCDC9005A446A /* README.md */ = {isa = PBXFileReference; lastKnownFileType = net.daringfireball.markdown; path = README.md; sourceTree = "<group>"; };
		9FF92A8C2B788C9400025405 /* PieProgress.swift */ = {isa = PBXFileReference; lastKnownFileType = sourcecode.swift; path = PieProgress.swift; sourceTree = "<group>"; };
/* End PBXFileReference section */

/* Begin PBXFrameworksBuildPhase section */
		9F608E792B65D05B00D2B5F4 /* Frameworks */ = {
			isa = PBXFrameworksBuildPhase;
			buildActionMask = 2147483647;
			files = (
				9F8F9CC22BB4FF880081C57F /* ZIPFoundation in Frameworks */,
				9F608E972B65F29D00D2B5F4 /* RealmSwift in Frameworks */,
				9FD119B62BBA2DE900AB097D /* PagerTabStripView in Frameworks */,
				9FB84A622B9D6681005D7915 /* NukeExtensions in Frameworks */,
				9FB84A602B9D6681005D7915 /* Nuke in Frameworks */,
				9F4DEB262B69ECB80046B76C /* WrappingHStack in Frameworks */,
				9F608E952B65F29D00D2B5F4 /* Realm in Frameworks */,
				9FEEF7DC2BBD2C080079ECDB /* SwiftReader in Frameworks */,
				9FB84A662B9D6681005D7915 /* NukeVideo in Frameworks */,
				9FB84A642B9D6681005D7915 /* NukeUI in Frameworks */,
			);
			runOnlyForDeploymentPostprocessing = 0;
		};
/* End PBXFrameworksBuildPhase section */

/* Begin PBXGroup section */
		9F023BC02BB69CB70061BE7A /* Frameworks */ = {
			isa = PBXGroup;
			children = (
			);
			name = Frameworks;
			sourceTree = "<group>";
		};
		9F14FBF12B8AA3DD001CA119 /* Service */ = {
			isa = PBXGroup;
			children = (
				9FBC72742B9EA6C60054A7B0 /* AppTheme.swift */,
				9F4A786D2B7832AD007B70B1 /* BookRemover.swift */,
				9F44F4432BC3B5C500E63461 /* BookImporter.swift */,
				9F115F3E2BC4E0F0006C74F3 /* UserPreferences.swift */,
			);
			path = Service;
			sourceTree = "<group>";
		};
		9F5954B02B6DD101009FC2F1 /* Common */ = {
			isa = PBXGroup;
			children = (
				9F5AADF02B82CB5E00712230 /* Home */,
				9FF92A8C2B788C9400025405 /* PieProgress.swift */,
				9F86C52A2B89B24300DB61A6 /* BookCover.swift */,
				9F6B4EBA2BC5C36C00334C21 /* PlaceholderCover.swift */,
				9F86C52C2B89B3F300DB61A6 /* SearchBar.swift */,
				9FBC726D2B9EA1920054A7B0 /* AdaptiveStack.swift */,
				9FBC726B2B9EA17D0054A7B0 /* SRFromInput.swift */,
				9FBC726F2B9EA5B70054A7B0 /* SRButton.swift */,
				9F3E18BD2BA43353009DDE05 /* SRXButton.swift */,
				9F3E18BB2BA40E85009DDE05 /* SideMenu.swift */,
				9F075A782BA501580017BFAF /* RefrenceLibrary.swift */,
				9F6B4EBE2BC5D96C00334C21 /* TagScrollView.swift */,
				9FC1FBB72BC5E90900CA9288 /* MoreText.swift */,
			);
			path = Common;
			sourceTree = "<group>";
		};
		9F5AADF02B82CB5E00712230 /* Home */ = {
			isa = PBXGroup;
			children = (
				9F5954B12B6DD11C009FC2F1 /* LibrarySortPopover.swift */,
				9F5AADF12B82CB6D00712230 /* BookGrid.swift */,
				9F5AADF32B82CB9D00712230 /* BookList.swift */,
				9F3817A92BC0D5B700480A56 /* BookListItem.swift */,
				9F28886A2BC212740048FC4D /* BookGridItem.swift */,
			);
			path = Home;
			sourceTree = "<group>";
		};
		9F608E732B65D05B00D2B5F4 = {
			isa = PBXGroup;
			children = (
				9FE38F012B7DCDC9005A446A /* README.md */,
				9FE324212B85CE36003E61F6 /* Screenshots */,
				9F7011892BC5F37E001E3955 /* Packages */,
				9F608E7E2B65D05B00D2B5F4 /* ReadApp */,
				9F608E7D2B65D05B00D2B5F4 /* Products */,
				9F023BC02BB69CB70061BE7A /* Frameworks */,
			);
			sourceTree = "<group>";
		};
		9F608E7D2B65D05B00D2B5F4 /* Products */ = {
			isa = PBXGroup;
			children = (
				9F608E7C2B65D05B00D2B5F4 /* Read.app */,
			);
			name = Products;
			sourceTree = "<group>";
		};
		9F608E7E2B65D05B00D2B5F4 /* ReadApp */ = {
			isa = PBXGroup;
			children = (
				9F608E852B65D05D00D2B5F4 /* Preview Content */,
				9F608E832B65D05D00D2B5F4 /* Assets.xcassets */,
				9F608E9B2B664D7600D2B5F4 /* Info.plist */,
				9F0EA4582B89773900B7B009 /* ReadApp.swift */,
				9F8F9CBD2BB4FF240081C57F /* Sources */,
				9F608E902B65E27B00D2B5F4 /* Views */,
				9F608E982B65F3F700D2B5F4 /* Models */,
				9F14FBF12B8AA3DD001CA119 /* Service */,
				9F608E8D2B65DDC300D2B5F4 /* Utils */,
				9FC596062B86A06A00ED3734 /* Resources */,
			);
			path = ReadApp;
			sourceTree = "<group>";
		};
		9F608E852B65D05D00D2B5F4 /* Preview Content */ = {
			isa = PBXGroup;
			children = (
				9F608E862B65D05D00D2B5F4 /* Preview Assets.xcassets */,
			);
			path = "Preview Content";
			sourceTree = "<group>";
		};
		9F608E8D2B65DDC300D2B5F4 /* Utils */ = {
			isa = PBXGroup;
			children = (
				9F608E8E2B65DDD100D2B5F4 /* Extensions.swift */,
				9F8F9CE52BB52C2A0081C57F /* View+If.swift */,
				9F4602B32BA65A9000E15D0C /* UIImage+Quality.swift */,
				9FC596582B86A56A00ED3734 /* Font+Poppins.swift */,
				9F9205D92BA275D7000AED7D /* Color+Codable.swift */,
			);
			path = Utils;
			sourceTree = "<group>";
		};
		9F608E902B65E27B00D2B5F4 /* Views */ = {
			isa = PBXGroup;
			children = (
				9F5954B02B6DD101009FC2F1 /* Common */,
				9F8F9CE22BB515060081C57F /* Settings */,
				9FCFBE202B9D84D800BD9E3D /* Reader */,
				9F5954AE2B6DCCF8009FC2F1 /* ContentView.swift */,
				9FD16EC02BA3DFF500A18F3B /* HomeView.swift */,
				9F5954B82B6E6050009FC2F1 /* BookDetailView.swift */,
				9F6B4EBC2BC5CD7D00334C21 /* ParallaxHeader.swift */,
				9F608E912B65E29000D2B5F4 /* UploadFileView.swift */,
				9FCFBE212B9D84F500BD9E3D /* EditDetailsView.swift */,
				9F8F9CE72BB631060081C57F /* SourcesDiscoverView.swift */,
			);
			path = Views;
			sourceTree = "<group>";
		};
		9F608E982B65F3F700D2B5F4 /* Models */ = {
			isa = PBXGroup;
			children = (
				9F608E992B65F40A00D2B5F4 /* Book.swift */,
				9F0763622B840F09003E1351 /* ReadingPosition.swift */,
				9F0763642B840F59003E1351 /* BookHighlight.swift */,
			);
			path = Models;
			sourceTree = "<group>";
		};
		9F7011892BC5F37E001E3955 /* Packages */ = {
			isa = PBXGroup;
			children = (
				9FD7F7252BBD27C30050B1FA /* SwiftReader */,
			);
			path = Packages;
			sourceTree = "<group>";
		};
		9F8F9CBD2BB4FF240081C57F /* Sources */ = {
			isa = PBXGroup;
			children = (
				9FA3601E2BBE1DDD00499A4C /* Download */,
				9F8F9CC72BB507AC0081C57F /* JSExports */,
				9FD119B72BBA410A00AB097D /* Views */,
				9F8F9CC32BB4FF9A0081C57F /* Source.swift */,
				9F8F9CC52BB507940081C57F /* SourceExtension.swift */,
				9F8F9CBE2BB4FF340081C57F /* SourceManager.swift */,
				9F8F9CDE2BB509330081C57F /* URL+Exists.swift */,
				9F0B9A172BB7C53200581362 /* bundle.js */,
			);
			path = Sources;
			sourceTree = "<group>";
		};
		9F8F9CC72BB507AC0081C57F /* JSExports */ = {
			isa = PBXGroup;
			children = (
				9F8F9CC82BB507C20081C57F /* App.swift */,
				9F8F9CD22BB508570081C57F /* BookInfo.swift */,
				9F8F9CDC2BB508BC0081C57F /* DownloadInfo.swift */,
				9F8F9CDA2BB508A20081C57F /* HomeSection.swift */,
				9F8F9CE02BB5096B0081C57F /* JSError.swift */,
				9F8F9CD82BB508900081C57F /* PagedResults.swift */,
				9F8F9CD62BB5087D0081C57F /* PartialSourceBook.swift */,
				9F8F9CCC2BB508100081C57F /* Request.swift */,
				9F8F9CCA2BB507E50081C57F /* RequestManager.swift */,
				9F8F9CCE2BB508280081C57F /* Response.swift */,
				9F8F9CD42BB5086C0081C57F /* SearchRequest.swift */,
				9F8F9CD02BB5083F0081C57F /* SourceBook.swift */,
			);
			path = JSExports;
			sourceTree = "<group>";
		};
		9F8F9CE22BB515060081C57F /* Settings */ = {
			isa = PBXGroup;
			children = (
				9FB62D822B8D841F00A10EF5 /* SettingsView.swift */,
				9F8F9CE32BB5151B0081C57F /* SettingsSourcesView.swift */,
			);
			path = Settings;
			sourceTree = "<group>";
		};
		9FA3601E2BBE1DDD00499A4C /* Download */ = {
			isa = PBXGroup;
			children = (
				9FA360272BBE1E3B00499A4C /* BookDownloader.swift */,
				9FA360292BBE1F7400499A4C /* Download.swift */,
				9FA360212BBE1E0200499A4C /* DownloadManager.swift */,
				9FA360252BBE1E3300499A4C /* DownloadProgress.swift */,
				9FA360232BBE1E2D00499A4C /* DownloadQueue.swift */,
			);
			path = Download;
			sourceTree = "<group>";
		};
		9FC596062B86A06A00ED3734 /* Resources */ = {
			isa = PBXGroup;
			children = (
				9FC596302B86A30700ED3734 /* Fonts */,
			);
			path = Resources;
			sourceTree = "<group>";
		};
		9FC596302B86A30700ED3734 /* Fonts */ = {
			isa = PBXGroup;
			children = (
				9FC596312B86A30700ED3734 /* Poppins */,
			);
			path = Fonts;
			sourceTree = "<group>";
		};
		9FC596312B86A30700ED3734 /* Poppins */ = {
			isa = PBXGroup;
			children = (
				9FC596322B86A30700ED3734 /* Poppins-ExtraLight.ttf */,
				9FC596332B86A30700ED3734 /* Poppins-ThinItalic.ttf */,
				9FC596342B86A30700ED3734 /* Poppins-ExtraLightItalic.ttf */,
				9FC596352B86A30700ED3734 /* Poppins-BoldItalic.ttf */,
				9FC596362B86A30700ED3734 /* Poppins-Light.ttf */,
				9FC596372B86A30700ED3734 /* Poppins-Medium.ttf */,
				9FC596382B86A30700ED3734 /* Poppins-SemiBoldItalic.ttf */,
				9FC596392B86A30700ED3734 /* Poppins-ExtraBoldItalic.ttf */,
				9FC5963A2B86A30700ED3734 /* Poppins-ExtraBold.ttf */,
				9FC5963B2B86A30700ED3734 /* Poppins-BlackItalic.ttf */,
				9FC5963C2B86A30700ED3734 /* OFL.txt */,
				9FC5963D2B86A30700ED3734 /* Poppins-Regular.ttf */,
				9FC5963E2B86A30700ED3734 /* Poppins-LightItalic.ttf */,
				9FC5963F2B86A30700ED3734 /* Poppins-Bold.ttf */,
				9FC596402B86A30800ED3734 /* Poppins-Black.ttf */,
				9FC596412B86A30800ED3734 /* Poppins-Thin.ttf */,
				9FC596422B86A30800ED3734 /* Poppins-SemiBold.ttf */,
				9FC596432B86A30800ED3734 /* Poppins-Italic.ttf */,
				9FC596442B86A30800ED3734 /* Poppins-MediumItalic.ttf */,
			);
			path = Poppins;
			sourceTree = "<group>";
		};
		9FCFBE202B9D84D800BD9E3D /* Reader */ = {
			isa = PBXGroup;
			children = (
				9FD8087F2B9814540007D8F6 /* PDF.swift */,
				9FD8088B2B983F790007D8F6 /* EBookView.swift */,
				9FD808852B981E020007D8F6 /* ReaderSettings.swift */,
				9FD808812B9816B60007D8F6 /* ReaderOverlay.swift */,
				9FD808832B9819510007D8F6 /* ReaderContextMenu.swift */,
				9FD808892B982CE40007D8F6 /* ReaderContent.swift */,
			);
			path = Reader;
			sourceTree = "<group>";
		};
		9FD119B72BBA410A00AB097D /* Views */ = {
			isa = PBXGroup;
			children = (
				9FD119B82BBA411A00AB097D /* SourceExtensionView.swift */,
				9FD119BC2BBA417600AB097D /* SourceSectionView.swift */,
				9FD119C22BBA44AA00AB097D /* PagedViewMoreItems.swift */,
				9FD119C02BBA41B500AB097D /* SourceBookImage.swift */,
				9FD119BE2BBA418800AB097D /* SourceBookCard.swift */,
				9FD119C42BBA44EB00AB097D /* SourceBookDetailsView.swift */,
				9FD119C62BBA590800AB097D /* SourceSearch.swift */,
				9F6E929C2BBE0EC5000C15C1 /* SourcesSearchPagedResultsView.swift */,
				9FA3602B2BBE22D800499A4C /* SourceDownloadButton.swift */,
			);
			path = Views;
			sourceTree = "<group>";
		};
		9FE324212B85CE36003E61F6 /* Screenshots */ = {
			isa = PBXGroup;
			children = (
				9FE3243D2B85D30D003E61F6 /* addedbooks.PNG */,
				9FE3243E2B85D30E003E61F6 /* bookDetails.PNG */,
				9F3A8E4E2B9D823A004732D6 /* grid.jpeg */,
				9F3A8E4C2B9D81FF004732D6 /* list.jpeg */,
				9FE3243F2B85D30E003E61F6 /* reader.PNG */,
				9FE3243C2B85D30D003E61F6 /* upload.PNG */,
			);
			path = Screenshots;
			sourceTree = "<group>";
		};
/* End PBXGroup section */

/* Begin PBXNativeTarget section */
		9F608E7B2B65D05B00D2B5F4 /* Read */ = {
			isa = PBXNativeTarget;
			buildConfigurationList = 9F608E8A2B65D05D00D2B5F4 /* Build configuration list for PBXNativeTarget "Read" */;
			buildPhases = (
				9F608E782B65D05B00D2B5F4 /* Sources */,
				9F608E792B65D05B00D2B5F4 /* Frameworks */,
				9F608E7A2B65D05B00D2B5F4 /* Resources */,
			);
			buildRules = (
			);
			dependencies = (
			);
			name = Read;
			packageProductDependencies = (
				9F608E942B65F29D00D2B5F4 /* Realm */,
				9F608E962B65F29D00D2B5F4 /* RealmSwift */,
				9F4DEB252B69ECB80046B76C /* WrappingHStack */,
				9FB84A5F2B9D6681005D7915 /* Nuke */,
				9FB84A612B9D6681005D7915 /* NukeExtensions */,
				9FB84A632B9D6681005D7915 /* NukeUI */,
				9FB84A652B9D6681005D7915 /* NukeVideo */,
				9F8F9CC12BB4FF880081C57F /* ZIPFoundation */,
				9FD119B52BBA2DE900AB097D /* PagerTabStripView */,
				9FEEF7DB2BBD2C080079ECDB /* SwiftReader */,
			);
			productName = Read;
			productReference = 9F608E7C2B65D05B00D2B5F4 /* Read.app */;
			productType = "com.apple.product-type.application";
		};
/* End PBXNativeTarget section */

/* Begin PBXProject section */
		9F608E742B65D05B00D2B5F4 /* Project object */ = {
			isa = PBXProject;
			attributes = {
				BuildIndependentTargetsInParallel = 1;
				LastSwiftUpdateCheck = 1510;
				LastUpgradeCheck = 1510;
				TargetAttributes = {
					9F608E7B2B65D05B00D2B5F4 = {
						CreatedOnToolsVersion = 15.1;
					};
				};
			};
			buildConfigurationList = 9F608E772B65D05B00D2B5F4 /* Build configuration list for PBXProject "Read" */;
			compatibilityVersion = "Xcode 14.0";
			developmentRegion = en;
			hasScannedForEncodings = 0;
			knownRegions = (
				en,
				Base,
				de,
				ur,
				he,
				ar,
				el,
				"zh-Hans",
				ja,
				uk,
				"nb-NO",
				es,
				eo,
				it,
				bg,
				sv,
				cs,
				ko,
				"zh-Hant",
				hu,
				ka,
				tr,
				pl,
				"pt-BR",
				vi,
				ru,
				af,
				fr,
				id,
				pt,
				ro,
				hr,
				hi,
			);
			mainGroup = 9F608E732B65D05B00D2B5F4;
			packageReferences = (
				9F608E932B65F29D00D2B5F4 /* XCRemoteSwiftPackageReference "realm-swift" */,
				9F4DEB242B69ECB80046B76C /* XCRemoteSwiftPackageReference "WrappingHStack" */,
				9FB84A5E2B9D6681005D7915 /* XCRemoteSwiftPackageReference "Nuke" */,
				9F8F9CC02BB4FF880081C57F /* XCRemoteSwiftPackageReference "ZIPFoundation" */,
				9FD119B42BBA2DE900AB097D /* XCRemoteSwiftPackageReference "PagerTabStripView" */,
			);
			productRefGroup = 9F608E7D2B65D05B00D2B5F4 /* Products */;
			projectDirPath = "";
			projectRoot = "";
			targets = (
				9F608E7B2B65D05B00D2B5F4 /* Read */,
			);
		};
/* End PBXProject section */

/* Begin PBXResourcesBuildPhase section */
		9F608E7A2B65D05B00D2B5F4 /* Resources */ = {
			isa = PBXResourcesBuildPhase;
			buildActionMask = 2147483647;
			files = (
				9FC596532B86A30800ED3734 /* Poppins-Black.ttf in Resources */,
				9FC596472B86A30800ED3734 /* Poppins-ExtraLightItalic.ttf in Resources */,
				9FC5964B2B86A30800ED3734 /* Poppins-SemiBoldItalic.ttf in Resources */,
				9FC596562B86A30800ED3734 /* Poppins-Italic.ttf in Resources */,
				9FC596452B86A30800ED3734 /* Poppins-ExtraLight.ttf in Resources */,
				9FC596572B86A30800ED3734 /* Poppins-MediumItalic.ttf in Resources */,
				9FC596482B86A30800ED3734 /* Poppins-BoldItalic.ttf in Resources */,
				9FE324452B85D30E003E61F6 /* reader.PNG in Resources */,
				9FC596462B86A30800ED3734 /* Poppins-ThinItalic.ttf in Resources */,
				9F3A8E4D2B9D81FF004732D6 /* list.jpeg in Resources */,
				9FC596492B86A30800ED3734 /* Poppins-Light.ttf in Resources */,
				9FC596502B86A30800ED3734 /* Poppins-Regular.ttf in Resources */,
				9FE324432B85D30E003E61F6 /* addedbooks.PNG in Resources */,
				9FC5964F2B86A30800ED3734 /* OFL.txt in Resources */,
				9FC5964D2B86A30800ED3734 /* Poppins-ExtraBold.ttf in Resources */,
				9F3A8E4F2B9D823A004732D6 /* grid.jpeg in Resources */,
				9F0B9A182BB7C53200581362 /* bundle.js in Resources */,
				9FC596542B86A30800ED3734 /* Poppins-Thin.ttf in Resources */,
				9FC5964A2B86A30800ED3734 /* Poppins-Medium.ttf in Resources */,
				9FC596522B86A30800ED3734 /* Poppins-Bold.ttf in Resources */,
				9FC596552B86A30800ED3734 /* Poppins-SemiBold.ttf in Resources */,
				9FE324442B85D30E003E61F6 /* bookDetails.PNG in Resources */,
				9FE324422B85D30E003E61F6 /* upload.PNG in Resources */,
				9F608E872B65D05D00D2B5F4 /* Preview Assets.xcassets in Resources */,
				9FC5964E2B86A30800ED3734 /* Poppins-BlackItalic.ttf in Resources */,
				9F608E842B65D05D00D2B5F4 /* Assets.xcassets in Resources */,
				9FC5964C2B86A30800ED3734 /* Poppins-ExtraBoldItalic.ttf in Resources */,
				9FD7F7262BBD27C30050B1FA /* SwiftReader in Resources */,
				9FC596512B86A30800ED3734 /* Poppins-LightItalic.ttf in Resources */,
			);
			runOnlyForDeploymentPostprocessing = 0;
		};
/* End PBXResourcesBuildPhase section */

/* Begin PBXSourcesBuildPhase section */
		9F608E782B65D05B00D2B5F4 /* Sources */ = {
			isa = PBXSourcesBuildPhase;
			buildActionMask = 2147483647;
			files = (
				9F6E929D2BBE0EC5000C15C1 /* SourcesSearchPagedResultsView.swift in Sources */,
				9F8F9CC62BB507940081C57F /* SourceExtension.swift in Sources */,
				9F9205DA2BA275D7000AED7D /* Color+Codable.swift in Sources */,
				9F3E18BE2BA43353009DDE05 /* SRXButton.swift in Sources */,
				9FA360262BBE1E3300499A4C /* DownloadProgress.swift in Sources */,
				9F28886B2BC212740048FC4D /* BookGridItem.swift in Sources */,
				9FB62D832B8D841F00A10EF5 /* SettingsView.swift in Sources */,
				9FD119C32BBA44AA00AB097D /* PagedViewMoreItems.swift in Sources */,
				9F8F9CD52BB5086C0081C57F /* SearchRequest.swift in Sources */,
				9FD119BD2BBA417600AB097D /* SourceSectionView.swift in Sources */,
				9F8F9CDB2BB508A20081C57F /* HomeSection.swift in Sources */,
				9FC1FBB82BC5E90900CA9288 /* MoreText.swift in Sources */,
				9F6B4EBB2BC5C36C00334C21 /* PlaceholderCover.swift in Sources */,
				9FD119C72BBA590800AB097D /* SourceSearch.swift in Sources */,
				9FD808802B9814540007D8F6 /* PDF.swift in Sources */,
				9F5954AF2B6DCCF8009FC2F1 /* ContentView.swift in Sources */,
				9F3E18BC2BA40E85009DDE05 /* SideMenu.swift in Sources */,
				9F8F9CE62BB52C2A0081C57F /* View+If.swift in Sources */,
				9F8F9CE12BB5096B0081C57F /* JSError.swift in Sources */,
				9F8F9CC92BB507C20081C57F /* App.swift in Sources */,
				9FBC72702B9EA5B70054A7B0 /* SRButton.swift in Sources */,
				9FBC726C2B9EA17D0054A7B0 /* SRFromInput.swift in Sources */,
				9F44F4442BC3B5C500E63461 /* BookImporter.swift in Sources */,
				9F8F9CCB2BB507E50081C57F /* RequestManager.swift in Sources */,
				9F075A792BA501580017BFAF /* RefrenceLibrary.swift in Sources */,
				9FD119C12BBA41B500AB097D /* SourceBookImage.swift in Sources */,
				9FD119BF2BBA418800AB097D /* SourceBookCard.swift in Sources */,
				9F0763632B840F09003E1351 /* ReadingPosition.swift in Sources */,
				9F5954B22B6DD11C009FC2F1 /* LibrarySortPopover.swift in Sources */,
				9FCFBE222B9D84F500BD9E3D /* EditDetailsView.swift in Sources */,
				9FA3602A2BBE1F7400499A4C /* Download.swift in Sources */,
				9FD8088C2B983F790007D8F6 /* EBookView.swift in Sources */,
				9F8F9CDD2BB508BC0081C57F /* DownloadInfo.swift in Sources */,
				9FA3602C2BBE22D800499A4C /* SourceDownloadButton.swift in Sources */,
				9FD119B92BBA411A00AB097D /* SourceExtensionView.swift in Sources */,
				9F608E8F2B65DDD100D2B5F4 /* Extensions.swift in Sources */,
				9FD8088A2B982CE40007D8F6 /* ReaderContent.swift in Sources */,
				9F8F9CD92BB508900081C57F /* PagedResults.swift in Sources */,
				9FD808862B981E020007D8F6 /* ReaderSettings.swift in Sources */,
				9F4602B42BA65A9000E15D0C /* UIImage+Quality.swift in Sources */,
				9FA360222BBE1E0200499A4C /* DownloadManager.swift in Sources */,
				9F6B4EBD2BC5CD7D00334C21 /* ParallaxHeader.swift in Sources */,
				9FD119C52BBA44EB00AB097D /* SourceBookDetailsView.swift in Sources */,
				9F8F9CCF2BB508280081C57F /* Response.swift in Sources */,
				9F4A786E2B7832AD007B70B1 /* BookRemover.swift in Sources */,
				9FA360282BBE1E3B00499A4C /* BookDownloader.swift in Sources */,
				9F3817AA2BC0D5B700480A56 /* BookListItem.swift in Sources */,
				9F5AADF22B82CB6D00712230 /* BookGrid.swift in Sources */,
				9F8F9CC42BB4FF9A0081C57F /* Source.swift in Sources */,
				9F0763652B840F59003E1351 /* BookHighlight.swift in Sources */,
				9F8F9CBF2BB4FF340081C57F /* SourceManager.swift in Sources */,
				9F115F3F2BC4E0F0006C74F3 /* UserPreferences.swift in Sources */,
				9F8F9CD32BB508570081C57F /* BookInfo.swift in Sources */,
				9FA360242BBE1E2D00499A4C /* DownloadQueue.swift in Sources */,
				9F8F9CD72BB5087D0081C57F /* PartialSourceBook.swift in Sources */,
				9FBC72752B9EA6C60054A7B0 /* AppTheme.swift in Sources */,
				9F608E9A2B65F40A00D2B5F4 /* Book.swift in Sources */,
				9FD808842B9819510007D8F6 /* ReaderContextMenu.swift in Sources */,
				9F5954B92B6E6050009FC2F1 /* BookDetailView.swift in Sources */,
				9F6B4EBF2BC5D96C00334C21 /* TagScrollView.swift in Sources */,
				9F8F9CDF2BB509330081C57F /* URL+Exists.swift in Sources */,
				9F86C52B2B89B24300DB61A6 /* BookCover.swift in Sources */,
				9F0EA4592B89773900B7B009 /* ReadApp.swift in Sources */,
				9F86C52D2B89B3F300DB61A6 /* SearchBar.swift in Sources */,
				9F8F9CCD2BB508100081C57F /* Request.swift in Sources */,
				9F608E922B65E29000D2B5F4 /* UploadFileView.swift in Sources */,
				9F5AADF42B82CB9D00712230 /* BookList.swift in Sources */,
				9F8F9CE42BB5151B0081C57F /* SettingsSourcesView.swift in Sources */,
				9F8F9CE82BB631060081C57F /* SourcesDiscoverView.swift in Sources */,
				9FBC726E2B9EA1920054A7B0 /* AdaptiveStack.swift in Sources */,
				9FD808822B9816B60007D8F6 /* ReaderOverlay.swift in Sources */,
				9FC596592B86A56A00ED3734 /* Font+Poppins.swift in Sources */,
				9FD16EC12BA3DFF500A18F3B /* HomeView.swift in Sources */,
				9FF92A8D2B788C9400025405 /* PieProgress.swift in Sources */,
				9F8F9CD12BB5083F0081C57F /* SourceBook.swift in Sources */,
			);
			runOnlyForDeploymentPostprocessing = 0;
		};
/* End PBXSourcesBuildPhase section */

/* Begin XCBuildConfiguration section */
		9F608E882B65D05D00D2B5F4 /* Debug */ = {
			isa = XCBuildConfiguration;
			buildSettings = {
				ALWAYS_SEARCH_USER_PATHS = NO;
				ASSETCATALOG_COMPILER_GENERATE_SWIFT_ASSET_SYMBOL_EXTENSIONS = YES;
				CLANG_ANALYZER_NONNULL = YES;
				CLANG_ANALYZER_NUMBER_OBJECT_CONVERSION = YES_AGGRESSIVE;
				CLANG_CXX_LANGUAGE_STANDARD = "gnu++20";
				CLANG_ENABLE_MODULES = YES;
				CLANG_ENABLE_OBJC_ARC = YES;
				CLANG_ENABLE_OBJC_WEAK = YES;
				CLANG_WARN_BLOCK_CAPTURE_AUTORELEASING = YES;
				CLANG_WARN_BOOL_CONVERSION = YES;
				CLANG_WARN_COMMA = YES;
				CLANG_WARN_CONSTANT_CONVERSION = YES;
				CLANG_WARN_DEPRECATED_OBJC_IMPLEMENTATIONS = YES;
				CLANG_WARN_DIRECT_OBJC_ISA_USAGE = YES_ERROR;
				CLANG_WARN_DOCUMENTATION_COMMENTS = YES;
				CLANG_WARN_EMPTY_BODY = YES;
				CLANG_WARN_ENUM_CONVERSION = YES;
				CLANG_WARN_INFINITE_RECURSION = YES;
				CLANG_WARN_INT_CONVERSION = YES;
				CLANG_WARN_NON_LITERAL_NULL_CONVERSION = YES;
				CLANG_WARN_OBJC_IMPLICIT_RETAIN_SELF = YES;
				CLANG_WARN_OBJC_LITERAL_CONVERSION = YES;
				CLANG_WARN_OBJC_ROOT_CLASS = YES_ERROR;
				CLANG_WARN_QUOTED_INCLUDE_IN_FRAMEWORK_HEADER = YES;
				CLANG_WARN_RANGE_LOOP_ANALYSIS = YES;
				CLANG_WARN_STRICT_PROTOTYPES = YES;
				CLANG_WARN_SUSPICIOUS_MOVE = YES;
				CLANG_WARN_UNGUARDED_AVAILABILITY = YES_AGGRESSIVE;
				CLANG_WARN_UNREACHABLE_CODE = YES;
				CLANG_WARN__DUPLICATE_METHOD_MATCH = YES;
				COPY_PHASE_STRIP = NO;
				DEBUG_INFORMATION_FORMAT = dwarf;
				ENABLE_STRICT_OBJC_MSGSEND = YES;
				ENABLE_TESTABILITY = YES;
				ENABLE_USER_SCRIPT_SANDBOXING = YES;
				GCC_C_LANGUAGE_STANDARD = gnu17;
				GCC_DYNAMIC_NO_PIC = NO;
				GCC_NO_COMMON_BLOCKS = YES;
				GCC_OPTIMIZATION_LEVEL = 0;
				GCC_PREPROCESSOR_DEFINITIONS = (
					"DEBUG=1",
					"$(inherited)",
				);
				GCC_WARN_64_TO_32_BIT_CONVERSION = YES;
				GCC_WARN_ABOUT_RETURN_TYPE = YES_ERROR;
				GCC_WARN_UNDECLARED_SELECTOR = YES;
				GCC_WARN_UNINITIALIZED_AUTOS = YES_AGGRESSIVE;
				GCC_WARN_UNUSED_FUNCTION = YES;
				GCC_WARN_UNUSED_VARIABLE = YES;
				IPHONEOS_DEPLOYMENT_TARGET = 17.2;
				LOCALIZATION_PREFERS_STRING_CATALOGS = YES;
				MTL_ENABLE_DEBUG_INFO = INCLUDE_SOURCE;
				MTL_FAST_MATH = YES;
				ONLY_ACTIVE_ARCH = YES;
				SDKROOT = iphoneos;
				SWIFT_ACTIVE_COMPILATION_CONDITIONS = "DEBUG $(inherited)";
				SWIFT_OPTIMIZATION_LEVEL = "-Onone";
			};
			name = Debug;
		};
		9F608E892B65D05D00D2B5F4 /* Release */ = {
			isa = XCBuildConfiguration;
			buildSettings = {
				ALWAYS_SEARCH_USER_PATHS = NO;
				ASSETCATALOG_COMPILER_GENERATE_SWIFT_ASSET_SYMBOL_EXTENSIONS = YES;
				CLANG_ANALYZER_NONNULL = YES;
				CLANG_ANALYZER_NUMBER_OBJECT_CONVERSION = YES_AGGRESSIVE;
				CLANG_CXX_LANGUAGE_STANDARD = "gnu++20";
				CLANG_ENABLE_MODULES = YES;
				CLANG_ENABLE_OBJC_ARC = YES;
				CLANG_ENABLE_OBJC_WEAK = YES;
				CLANG_WARN_BLOCK_CAPTURE_AUTORELEASING = YES;
				CLANG_WARN_BOOL_CONVERSION = YES;
				CLANG_WARN_COMMA = YES;
				CLANG_WARN_CONSTANT_CONVERSION = YES;
				CLANG_WARN_DEPRECATED_OBJC_IMPLEMENTATIONS = YES;
				CLANG_WARN_DIRECT_OBJC_ISA_USAGE = YES_ERROR;
				CLANG_WARN_DOCUMENTATION_COMMENTS = YES;
				CLANG_WARN_EMPTY_BODY = YES;
				CLANG_WARN_ENUM_CONVERSION = YES;
				CLANG_WARN_INFINITE_RECURSION = YES;
				CLANG_WARN_INT_CONVERSION = YES;
				CLANG_WARN_NON_LITERAL_NULL_CONVERSION = YES;
				CLANG_WARN_OBJC_IMPLICIT_RETAIN_SELF = YES;
				CLANG_WARN_OBJC_LITERAL_CONVERSION = YES;
				CLANG_WARN_OBJC_ROOT_CLASS = YES_ERROR;
				CLANG_WARN_QUOTED_INCLUDE_IN_FRAMEWORK_HEADER = YES;
				CLANG_WARN_RANGE_LOOP_ANALYSIS = YES;
				CLANG_WARN_STRICT_PROTOTYPES = YES;
				CLANG_WARN_SUSPICIOUS_MOVE = YES;
				CLANG_WARN_UNGUARDED_AVAILABILITY = YES_AGGRESSIVE;
				CLANG_WARN_UNREACHABLE_CODE = YES;
				CLANG_WARN__DUPLICATE_METHOD_MATCH = YES;
				COPY_PHASE_STRIP = NO;
				DEBUG_INFORMATION_FORMAT = "dwarf-with-dsym";
				ENABLE_NS_ASSERTIONS = NO;
				ENABLE_STRICT_OBJC_MSGSEND = YES;
				ENABLE_USER_SCRIPT_SANDBOXING = YES;
				GCC_C_LANGUAGE_STANDARD = gnu17;
				GCC_NO_COMMON_BLOCKS = YES;
				GCC_WARN_64_TO_32_BIT_CONVERSION = YES;
				GCC_WARN_ABOUT_RETURN_TYPE = YES_ERROR;
				GCC_WARN_UNDECLARED_SELECTOR = YES;
				GCC_WARN_UNINITIALIZED_AUTOS = YES_AGGRESSIVE;
				GCC_WARN_UNUSED_FUNCTION = YES;
				GCC_WARN_UNUSED_VARIABLE = YES;
				IPHONEOS_DEPLOYMENT_TARGET = 17.2;
				LOCALIZATION_PREFERS_STRING_CATALOGS = YES;
				MTL_ENABLE_DEBUG_INFO = NO;
				MTL_FAST_MATH = YES;
				SDKROOT = iphoneos;
				SWIFT_COMPILATION_MODE = wholemodule;
				VALIDATE_PRODUCT = YES;
			};
			name = Release;
		};
		9F608E8B2B65D05D00D2B5F4 /* Debug */ = {
			isa = XCBuildConfiguration;
			buildSettings = {
				ASSETCATALOG_COMPILER_APPICON_NAME = AppIcon;
				ASSETCATALOG_COMPILER_GLOBAL_ACCENT_COLOR_NAME = AccentColor;
				CODE_SIGN_STYLE = Automatic;
				CURRENT_PROJECT_VERSION = 1;
				DEVELOPMENT_ASSET_PATHS = "\"Read/Preview Content\"";
				DEVELOPMENT_TEAM = KAQ4BZHY96;
				ENABLE_PREVIEWS = YES;
				EXCLUDED_SOURCE_FILE_NAMES = "/Screenshots/*";
				GENERATE_INFOPLIST_FILE = YES;
				INFOPLIST_FILE = Read/Info.plist;
				INFOPLIST_KEY_NSDocumentsFolderUsageDescription = "Used to store ebook files";
				INFOPLIST_KEY_UIApplicationSceneManifest_Generation = YES;
				INFOPLIST_KEY_UIApplicationSupportsIndirectInputEvents = YES;
				INFOPLIST_KEY_UILaunchScreen_Generation = YES;
				INFOPLIST_KEY_UISupportedInterfaceOrientations_iPad = "UIInterfaceOrientationPortrait UIInterfaceOrientationPortraitUpsideDown UIInterfaceOrientationLandscapeLeft UIInterfaceOrientationLandscapeRight";
				INFOPLIST_KEY_UISupportedInterfaceOrientations_iPhone = "UIInterfaceOrientationPortrait UIInterfaceOrientationLandscapeLeft UIInterfaceOrientationLandscapeRight";
				INFOPLIST_KEY_UISupportsDocumentBrowser = YES;
				IPHONEOS_DEPLOYMENT_TARGET = 17.0;
				LD_RUNPATH_SEARCH_PATHS = (
					"$(inherited)",
					"@executable_path/Frameworks",
				);
				MARKETING_VERSION = 1.0;
				PRODUCT_BUNDLE_IDENTIFIER = com.olvera.Read;
				PRODUCT_NAME = "$(TARGET_NAME)";
				SWIFT_EMIT_LOC_STRINGS = YES;
				SWIFT_VERSION = 5.0;
				TARGETED_DEVICE_FAMILY = "1,2";
			};
			name = Debug;
		};
		9F608E8C2B65D05D00D2B5F4 /* Release */ = {
			isa = XCBuildConfiguration;
			buildSettings = {
				ASSETCATALOG_COMPILER_APPICON_NAME = AppIcon;
				ASSETCATALOG_COMPILER_GLOBAL_ACCENT_COLOR_NAME = AccentColor;
				CODE_SIGN_STYLE = Automatic;
				CURRENT_PROJECT_VERSION = 1;
				DEVELOPMENT_ASSET_PATHS = "\"Read/Preview Content\"";
				DEVELOPMENT_TEAM = KAQ4BZHY96;
				ENABLE_PREVIEWS = YES;
				EXCLUDED_SOURCE_FILE_NAMES = "/Screenshots/*";
				GENERATE_INFOPLIST_FILE = YES;
				INFOPLIST_FILE = Read/Info.plist;
				INFOPLIST_KEY_NSDocumentsFolderUsageDescription = "Used to store ebook files";
				INFOPLIST_KEY_UIApplicationSceneManifest_Generation = YES;
				INFOPLIST_KEY_UIApplicationSupportsIndirectInputEvents = YES;
				INFOPLIST_KEY_UILaunchScreen_Generation = YES;
				INFOPLIST_KEY_UISupportedInterfaceOrientations_iPad = "UIInterfaceOrientationPortrait UIInterfaceOrientationPortraitUpsideDown UIInterfaceOrientationLandscapeLeft UIInterfaceOrientationLandscapeRight";
				INFOPLIST_KEY_UISupportedInterfaceOrientations_iPhone = "UIInterfaceOrientationPortrait UIInterfaceOrientationLandscapeLeft UIInterfaceOrientationLandscapeRight";
				INFOPLIST_KEY_UISupportsDocumentBrowser = YES;
				IPHONEOS_DEPLOYMENT_TARGET = 17.0;
				LD_RUNPATH_SEARCH_PATHS = (
					"$(inherited)",
					"@executable_path/Frameworks",
				);
				MARKETING_VERSION = 1.0;
				PRODUCT_BUNDLE_IDENTIFIER = com.olvera.Read;
				PRODUCT_NAME = "$(TARGET_NAME)";
				SWIFT_EMIT_LOC_STRINGS = YES;
				SWIFT_VERSION = 5.0;
				TARGETED_DEVICE_FAMILY = "1,2";
			};
			name = Release;
		};
/* End XCBuildConfiguration section */

/* Begin XCConfigurationList section */
		9F608E772B65D05B00D2B5F4 /* Build configuration list for PBXProject "Read" */ = {
			isa = XCConfigurationList;
			buildConfigurations = (
				9F608E882B65D05D00D2B5F4 /* Debug */,
				9F608E892B65D05D00D2B5F4 /* Release */,
			);
			defaultConfigurationIsVisible = 0;
			defaultConfigurationName = Release;
		};
		9F608E8A2B65D05D00D2B5F4 /* Build configuration list for PBXNativeTarget "Read" */ = {
			isa = XCConfigurationList;
			buildConfigurations = (
				9F608E8B2B65D05D00D2B5F4 /* Debug */,
				9F608E8C2B65D05D00D2B5F4 /* Release */,
			);
			defaultConfigurationIsVisible = 0;
			defaultConfigurationName = Release;
		};
/* End XCConfigurationList section */

/* Begin XCRemoteSwiftPackageReference section */
		9F4DEB242B69ECB80046B76C /* XCRemoteSwiftPackageReference "WrappingHStack" */ = {
			isa = XCRemoteSwiftPackageReference;
			repositoryURL = "https://github.com/dkk/WrappingHStack";
			requirement = {
				kind = upToNextMajorVersion;
				minimumVersion = 2.2.11;
			};
		};
		9F608E932B65F29D00D2B5F4 /* XCRemoteSwiftPackageReference "realm-swift" */ = {
			isa = XCRemoteSwiftPackageReference;
			repositoryURL = "https://github.com/realm/realm-swift";
			requirement = {
				branch = master;
				kind = branch;
			};
		};
		9F8F9CC02BB4FF880081C57F /* XCRemoteSwiftPackageReference "ZIPFoundation" */ = {
			isa = XCRemoteSwiftPackageReference;
			repositoryURL = "https://github.com/weichsel/ZIPFoundation.git";
			requirement = {
				kind = upToNextMajorVersion;
				minimumVersion = 0.9.18;
			};
		};
		9FB84A5E2B9D6681005D7915 /* XCRemoteSwiftPackageReference "Nuke" */ = {
			isa = XCRemoteSwiftPackageReference;
			repositoryURL = "https://github.com/kean/Nuke";
			requirement = {
				kind = upToNextMajorVersion;
				minimumVersion = 12.4.0;
			};
		};
		9FD119B42BBA2DE900AB097D /* XCRemoteSwiftPackageReference "PagerTabStripView" */ = {
			isa = XCRemoteSwiftPackageReference;
			repositoryURL = "https://github.com/xmartlabs/PagerTabStripView.git";
			requirement = {
				kind = upToNextMajorVersion;
				minimumVersion = 4.0.0;
			};
		};
/* End XCRemoteSwiftPackageReference section */

/* Begin XCSwiftPackageProductDependency section */
		9F4DEB252B69ECB80046B76C /* WrappingHStack */ = {
			isa = XCSwiftPackageProductDependency;
			package = 9F4DEB242B69ECB80046B76C /* XCRemoteSwiftPackageReference "WrappingHStack" */;
			productName = WrappingHStack;
		};
		9F608E942B65F29D00D2B5F4 /* Realm */ = {
			isa = XCSwiftPackageProductDependency;
			package = 9F608E932B65F29D00D2B5F4 /* XCRemoteSwiftPackageReference "realm-swift" */;
			productName = Realm;
		};
		9F608E962B65F29D00D2B5F4 /* RealmSwift */ = {
			isa = XCSwiftPackageProductDependency;
			package = 9F608E932B65F29D00D2B5F4 /* XCRemoteSwiftPackageReference "realm-swift" */;
			productName = RealmSwift;
		};
		9F8F9CC12BB4FF880081C57F /* ZIPFoundation */ = {
			isa = XCSwiftPackageProductDependency;
			package = 9F8F9CC02BB4FF880081C57F /* XCRemoteSwiftPackageReference "ZIPFoundation" */;
			productName = ZIPFoundation;
		};
		9FB84A5F2B9D6681005D7915 /* Nuke */ = {
			isa = XCSwiftPackageProductDependency;
			package = 9FB84A5E2B9D6681005D7915 /* XCRemoteSwiftPackageReference "Nuke" */;
			productName = Nuke;
		};
		9FB84A612B9D6681005D7915 /* NukeExtensions */ = {
			isa = XCSwiftPackageProductDependency;
			package = 9FB84A5E2B9D6681005D7915 /* XCRemoteSwiftPackageReference "Nuke" */;
			productName = NukeExtensions;
		};
		9FB84A632B9D6681005D7915 /* NukeUI */ = {
			isa = XCSwiftPackageProductDependency;
			package = 9FB84A5E2B9D6681005D7915 /* XCRemoteSwiftPackageReference "Nuke" */;
			productName = NukeUI;
		};
		9FB84A652B9D6681005D7915 /* NukeVideo */ = {
			isa = XCSwiftPackageProductDependency;
			package = 9FB84A5E2B9D6681005D7915 /* XCRemoteSwiftPackageReference "Nuke" */;
			productName = NukeVideo;
		};
		9FD119B52BBA2DE900AB097D /* PagerTabStripView */ = {
			isa = XCSwiftPackageProductDependency;
			package = 9FD119B42BBA2DE900AB097D /* XCRemoteSwiftPackageReference "PagerTabStripView" */;
			productName = PagerTabStripView;
		};
		9FEEF7DB2BBD2C080079ECDB /* SwiftReader */ = {
			isa = XCSwiftPackageProductDependency;
			productName = SwiftReader;
		};
/* End XCSwiftPackageProductDependency section */
	};
	rootObject = 9F608E742B65D05B00D2B5F4 /* Project object */;
}
