// !$*UTF8*$!
{
	archiveVersion = 1;
	classes = {
	};
	objectVersion = 56;
	objects = {

/* Begin PBXBuildFile section */
		9F0763632B840F09003E1351 /* ReadingPosition.swift in Sources */ = {isa = PBXBuildFile; fileRef = 9F0763622B840F09003E1351 /* ReadingPosition.swift */; };
		9F0763652B840F59003E1351 /* BookHighlight.swift in Sources */ = {isa = PBXBuildFile; fileRef = 9F0763642B840F59003E1351 /* BookHighlight.swift */; };
		9F09694B2B74A55700B03C12 /* ReaderSettings.swift in Sources */ = {isa = PBXBuildFile; fileRef = 9F09694A2B74A55700B03C12 /* ReaderSettings.swift */; };
		9F09694D2B75CF7800B03C12 /* Relocate.swift in Sources */ = {isa = PBXBuildFile; fileRef = 9F09694C2B75CF7700B03C12 /* Relocate.swift */; };
		9F0CA8BC2B8021E300C02675 /* ReaderContent.swift in Sources */ = {isa = PBXBuildFile; fileRef = 9F0CA8BB2B8021E300C02675 /* ReaderContent.swift */; };
		9F0D01A72B78A8B70065C62F /* PDFKitView.swift in Sources */ = {isa = PBXBuildFile; fileRef = 9F0D01A62B78A8B70065C62F /* PDFKitView.swift */; };
		9F31F9CD2B71C6B0000B66A3 /* ReaderWebView.swift in Sources */ = {isa = PBXBuildFile; fileRef = 9F31F9CC2B71C6B0000B66A3 /* ReaderWebView.swift */; };
		9F4A786E2B7832AD007B70B1 /* BookRemover.swift in Sources */ = {isa = PBXBuildFile; fileRef = 9F4A786D2B7832AD007B70B1 /* BookRemover.swift */; };
		9F4DEB262B69ECB80046B76C /* WrappingHStack in Frameworks */ = {isa = PBXBuildFile; productRef = 9F4DEB252B69ECB80046B76C /* WrappingHStack */; };
		9F4DEB282B69FB390046B76C /* HeadlessWebView.swift in Sources */ = {isa = PBXBuildFile; fileRef = 9F4DEB272B69FB390046B76C /* HeadlessWebView.swift */; };
		9F54EE2D2B7327FD001DB7D7 /* Theme.swift in Sources */ = {isa = PBXBuildFile; fileRef = 9F54EE2C2B7327FD001DB7D7 /* Theme.swift */; };
		9F559B0E2B68F9C000B147D9 /* Helpers.swift in Sources */ = {isa = PBXBuildFile; fileRef = 9F559B0D2B68F9C000B147D9 /* Helpers.swift */; };
		9F5954A92B6C7A70009FC2F1 /* EBookMetadataExtractor.swift in Sources */ = {isa = PBXBuildFile; fileRef = 9F5954A82B6C7A70009FC2F1 /* EBookMetadataExtractor.swift */; };
		9F5954AF2B6DCCF8009FC2F1 /* ContentView.swift in Sources */ = {isa = PBXBuildFile; fileRef = 9F5954AE2B6DCCF8009FC2F1 /* ContentView.swift */; };
		9F5954B22B6DD11C009FC2F1 /* LibrarySortPopover.swift in Sources */ = {isa = PBXBuildFile; fileRef = 9F5954B12B6DD11C009FC2F1 /* LibrarySortPopover.swift */; };
		9F5954B92B6E6050009FC2F1 /* BookDetailView.swift in Sources */ = {isa = PBXBuildFile; fileRef = 9F5954B82B6E6050009FC2F1 /* BookDetailView.swift */; };
		9F5954BB2B6F4379009FC2F1 /* ParallaxHeader.swift in Sources */ = {isa = PBXBuildFile; fileRef = 9F5954BA2B6F4379009FC2F1 /* ParallaxHeader.swift */; };
		9F5AADEF2B82CA1400712230 /* MockRealm.swift in Sources */ = {isa = PBXBuildFile; fileRef = 9F5AADEE2B82CA1400712230 /* MockRealm.swift */; };
		9F5AADF22B82CB6D00712230 /* BookGrid.swift in Sources */ = {isa = PBXBuildFile; fileRef = 9F5AADF12B82CB6D00712230 /* BookGrid.swift */; };
		9F5AADF42B82CB9D00712230 /* BookList.swift in Sources */ = {isa = PBXBuildFile; fileRef = 9F5AADF32B82CB9D00712230 /* BookList.swift */; };
		9F608E802B65D05B00D2B5F4 /* ReadApp.swift in Sources */ = {isa = PBXBuildFile; fileRef = 9F608E7F2B65D05B00D2B5F4 /* ReadApp.swift */; };
		9F608E842B65D05D00D2B5F4 /* Assets.xcassets in Resources */ = {isa = PBXBuildFile; fileRef = 9F608E832B65D05D00D2B5F4 /* Assets.xcassets */; };
		9F608E872B65D05D00D2B5F4 /* Preview Assets.xcassets in Resources */ = {isa = PBXBuildFile; fileRef = 9F608E862B65D05D00D2B5F4 /* Preview Assets.xcassets */; };
		9F608E8F2B65DDD100D2B5F4 /* Extensions.swift in Sources */ = {isa = PBXBuildFile; fileRef = 9F608E8E2B65DDD100D2B5F4 /* Extensions.swift */; };
		9F608E922B65E29000D2B5F4 /* UploadFileView.swift in Sources */ = {isa = PBXBuildFile; fileRef = 9F608E912B65E29000D2B5F4 /* UploadFileView.swift */; };
		9F608E952B65F29D00D2B5F4 /* Realm in Frameworks */ = {isa = PBXBuildFile; productRef = 9F608E942B65F29D00D2B5F4 /* Realm */; };
		9F608E972B65F29D00D2B5F4 /* RealmSwift in Frameworks */ = {isa = PBXBuildFile; productRef = 9F608E962B65F29D00D2B5F4 /* RealmSwift */; };
		9F608E9A2B65F40A00D2B5F4 /* Book.swift in Sources */ = {isa = PBXBuildFile; fileRef = 9F608E992B65F40A00D2B5F4 /* Book.swift */; };
		9FA902E22B7E17A6009B3B78 /* ReaderContextMenu.swift in Sources */ = {isa = PBXBuildFile; fileRef = 9FA902E12B7E17A6009B3B78 /* ReaderContextMenu.swift */; };
		9FA902E62B7EC92D009B3B78 /* ReaderViewModel.swift in Sources */ = {isa = PBXBuildFile; fileRef = 9FA902E52B7EC92D009B3B78 /* ReaderViewModel.swift */; };
		9FA902E82B7F0C65009B3B78 /* Reader.swift in Sources */ = {isa = PBXBuildFile; fileRef = 9FA902E72B7F0C65009B3B78 /* Reader.swift */; };
		9FC596452B86A30800ED3734 /* Poppins-ExtraLight.ttf in Resources */ = {isa = PBXBuildFile; fileRef = 9FC596322B86A30700ED3734 /* Poppins-ExtraLight.ttf */; };
		9FC596462B86A30800ED3734 /* Poppins-ThinItalic.ttf in Resources */ = {isa = PBXBuildFile; fileRef = 9FC596332B86A30700ED3734 /* Poppins-ThinItalic.ttf */; };
		9FC596472B86A30800ED3734 /* Poppins-ExtraLightItalic.ttf in Resources */ = {isa = PBXBuildFile; fileRef = 9FC596342B86A30700ED3734 /* Poppins-ExtraLightItalic.ttf */; };
		9FC596482B86A30800ED3734 /* Poppins-BoldItalic.ttf in Resources */ = {isa = PBXBuildFile; fileRef = 9FC596352B86A30700ED3734 /* Poppins-BoldItalic.ttf */; };
		9FC596492B86A30800ED3734 /* Poppins-Light.ttf in Resources */ = {isa = PBXBuildFile; fileRef = 9FC596362B86A30700ED3734 /* Poppins-Light.ttf */; };
		9FC5964A2B86A30800ED3734 /* Poppins-Medium.ttf in Resources */ = {isa = PBXBuildFile; fileRef = 9FC596372B86A30700ED3734 /* Poppins-Medium.ttf */; };
		9FC5964B2B86A30800ED3734 /* Poppins-SemiBoldItalic.ttf in Resources */ = {isa = PBXBuildFile; fileRef = 9FC596382B86A30700ED3734 /* Poppins-SemiBoldItalic.ttf */; };
		9FC5964C2B86A30800ED3734 /* Poppins-ExtraBoldItalic.ttf in Resources */ = {isa = PBXBuildFile; fileRef = 9FC596392B86A30700ED3734 /* Poppins-ExtraBoldItalic.ttf */; };
		9FC5964D2B86A30800ED3734 /* Poppins-ExtraBold.ttf in Resources */ = {isa = PBXBuildFile; fileRef = 9FC5963A2B86A30700ED3734 /* Poppins-ExtraBold.ttf */; };
		9FC5964E2B86A30800ED3734 /* Poppins-BlackItalic.ttf in Resources */ = {isa = PBXBuildFile; fileRef = 9FC5963B2B86A30700ED3734 /* Poppins-BlackItalic.ttf */; };
		9FC5964F2B86A30800ED3734 /* OFL.txt in Resources */ = {isa = PBXBuildFile; fileRef = 9FC5963C2B86A30700ED3734 /* OFL.txt */; };
		9FC596502B86A30800ED3734 /* Poppins-Regular.ttf in Resources */ = {isa = PBXBuildFile; fileRef = 9FC5963D2B86A30700ED3734 /* Poppins-Regular.ttf */; };
		9FC596512B86A30800ED3734 /* Poppins-LightItalic.ttf in Resources */ = {isa = PBXBuildFile; fileRef = 9FC5963E2B86A30700ED3734 /* Poppins-LightItalic.ttf */; };
		9FC596522B86A30800ED3734 /* Poppins-Bold.ttf in Resources */ = {isa = PBXBuildFile; fileRef = 9FC5963F2B86A30700ED3734 /* Poppins-Bold.ttf */; };
		9FC596532B86A30800ED3734 /* Poppins-Black.ttf in Resources */ = {isa = PBXBuildFile; fileRef = 9FC596402B86A30800ED3734 /* Poppins-Black.ttf */; };
		9FC596542B86A30800ED3734 /* Poppins-Thin.ttf in Resources */ = {isa = PBXBuildFile; fileRef = 9FC596412B86A30800ED3734 /* Poppins-Thin.ttf */; };
		9FC596552B86A30800ED3734 /* Poppins-SemiBold.ttf in Resources */ = {isa = PBXBuildFile; fileRef = 9FC596422B86A30800ED3734 /* Poppins-SemiBold.ttf */; };
		9FC596562B86A30800ED3734 /* Poppins-Italic.ttf in Resources */ = {isa = PBXBuildFile; fileRef = 9FC596432B86A30800ED3734 /* Poppins-Italic.ttf */; };
		9FC596572B86A30800ED3734 /* Poppins-MediumItalic.ttf in Resources */ = {isa = PBXBuildFile; fileRef = 9FC596442B86A30800ED3734 /* Poppins-MediumItalic.ttf */; };
		9FCF1BBB2B85FCB2002D5BF2 /* Web.bundle in Resources */ = {isa = PBXBuildFile; fileRef = 9FCF1BBA2B85FCB1002D5BF2 /* Web.bundle */; };
		9FD83CB22B7AF8F50095B584 /* ReaderOverlay.swift in Sources */ = {isa = PBXBuildFile; fileRef = 9FD83CB12B7AF8F50095B584 /* ReaderOverlay.swift */; };
		9FE324402B85D30E003E61F6 /* grid.PNG in Resources */ = {isa = PBXBuildFile; fileRef = 9FE3243A2B85D30D003E61F6 /* grid.PNG */; };
		9FE324412B85D30E003E61F6 /* list.PNG in Resources */ = {isa = PBXBuildFile; fileRef = 9FE3243B2B85D30D003E61F6 /* list.PNG */; };
		9FE324422B85D30E003E61F6 /* upload.PNG in Resources */ = {isa = PBXBuildFile; fileRef = 9FE3243C2B85D30D003E61F6 /* upload.PNG */; };
		9FE324432B85D30E003E61F6 /* addedbooks.PNG in Resources */ = {isa = PBXBuildFile; fileRef = 9FE3243D2B85D30D003E61F6 /* addedbooks.PNG */; };
		9FE324442B85D30E003E61F6 /* bookDetails.PNG in Resources */ = {isa = PBXBuildFile; fileRef = 9FE3243E2B85D30E003E61F6 /* bookDetails.PNG */; };
		9FE324452B85D30E003E61F6 /* reader.PNG in Resources */ = {isa = PBXBuildFile; fileRef = 9FE3243F2B85D30E003E61F6 /* reader.PNG */; };
		9FE38F042B7DFB50005A446A /* BookMetadata.swift in Sources */ = {isa = PBXBuildFile; fileRef = 9FE38F032B7DFB50005A446A /* BookMetadata.swift */; };
		9FF92A8D2B788C9400025405 /* PieProgress.swift in Sources */ = {isa = PBXBuildFile; fileRef = 9FF92A8C2B788C9400025405 /* PieProgress.swift */; };
/* End PBXBuildFile section */

/* Begin PBXFileReference section */
		9F0763622B840F09003E1351 /* ReadingPosition.swift */ = {isa = PBXFileReference; lastKnownFileType = sourcecode.swift; path = ReadingPosition.swift; sourceTree = "<group>"; };
		9F0763642B840F59003E1351 /* BookHighlight.swift */ = {isa = PBXFileReference; lastKnownFileType = sourcecode.swift; path = BookHighlight.swift; sourceTree = "<group>"; };
		9F09694A2B74A55700B03C12 /* ReaderSettings.swift */ = {isa = PBXFileReference; lastKnownFileType = sourcecode.swift; path = ReaderSettings.swift; sourceTree = "<group>"; };
		9F09694C2B75CF7700B03C12 /* Relocate.swift */ = {isa = PBXFileReference; lastKnownFileType = sourcecode.swift; path = Relocate.swift; sourceTree = "<group>"; };
		9F0CA8BB2B8021E300C02675 /* ReaderContent.swift */ = {isa = PBXFileReference; lastKnownFileType = sourcecode.swift; path = ReaderContent.swift; sourceTree = "<group>"; };
		9F0D01A62B78A8B70065C62F /* PDFKitView.swift */ = {isa = PBXFileReference; lastKnownFileType = sourcecode.swift; path = PDFKitView.swift; sourceTree = "<group>"; };
		9F31F9CC2B71C6B0000B66A3 /* ReaderWebView.swift */ = {isa = PBXFileReference; lastKnownFileType = sourcecode.swift; path = ReaderWebView.swift; sourceTree = "<group>"; };
		9F4A786D2B7832AD007B70B1 /* BookRemover.swift */ = {isa = PBXFileReference; lastKnownFileType = sourcecode.swift; name = BookRemover.swift; path = Views/BookRemover.swift; sourceTree = "<group>"; };
		9F4DEB272B69FB390046B76C /* HeadlessWebView.swift */ = {isa = PBXFileReference; lastKnownFileType = sourcecode.swift; path = HeadlessWebView.swift; sourceTree = "<group>"; };
		9F54EE2C2B7327FD001DB7D7 /* Theme.swift */ = {isa = PBXFileReference; lastKnownFileType = sourcecode.swift; path = Theme.swift; sourceTree = "<group>"; };
		9F559B0D2B68F9C000B147D9 /* Helpers.swift */ = {isa = PBXFileReference; lastKnownFileType = sourcecode.swift; path = Helpers.swift; sourceTree = "<group>"; };
		9F5954A82B6C7A70009FC2F1 /* EBookMetadataExtractor.swift */ = {isa = PBXFileReference; lastKnownFileType = sourcecode.swift; path = EBookMetadataExtractor.swift; sourceTree = "<group>"; };
		9F5954AE2B6DCCF8009FC2F1 /* ContentView.swift */ = {isa = PBXFileReference; lastKnownFileType = sourcecode.swift; path = ContentView.swift; sourceTree = "<group>"; };
		9F5954B12B6DD11C009FC2F1 /* LibrarySortPopover.swift */ = {isa = PBXFileReference; lastKnownFileType = sourcecode.swift; path = LibrarySortPopover.swift; sourceTree = "<group>"; };
		9F5954B82B6E6050009FC2F1 /* BookDetailView.swift */ = {isa = PBXFileReference; fileEncoding = 4; lastKnownFileType = sourcecode.swift; path = BookDetailView.swift; sourceTree = "<group>"; };
		9F5954BA2B6F4379009FC2F1 /* ParallaxHeader.swift */ = {isa = PBXFileReference; lastKnownFileType = sourcecode.swift; path = ParallaxHeader.swift; sourceTree = "<group>"; };
		9F5AADEE2B82CA1400712230 /* MockRealm.swift */ = {isa = PBXFileReference; lastKnownFileType = sourcecode.swift; path = MockRealm.swift; sourceTree = "<group>"; };
		9F5AADF12B82CB6D00712230 /* BookGrid.swift */ = {isa = PBXFileReference; lastKnownFileType = sourcecode.swift; path = BookGrid.swift; sourceTree = "<group>"; };
		9F5AADF32B82CB9D00712230 /* BookList.swift */ = {isa = PBXFileReference; lastKnownFileType = sourcecode.swift; path = BookList.swift; sourceTree = "<group>"; };
		9F608E7C2B65D05B00D2B5F4 /* Read.app */ = {isa = PBXFileReference; explicitFileType = wrapper.application; includeInIndex = 0; path = Read.app; sourceTree = BUILT_PRODUCTS_DIR; };
		9F608E7F2B65D05B00D2B5F4 /* ReadApp.swift */ = {isa = PBXFileReference; lastKnownFileType = sourcecode.swift; path = ReadApp.swift; sourceTree = "<group>"; };
		9F608E832B65D05D00D2B5F4 /* Assets.xcassets */ = {isa = PBXFileReference; lastKnownFileType = folder.assetcatalog; path = Assets.xcassets; sourceTree = "<group>"; };
		9F608E862B65D05D00D2B5F4 /* Preview Assets.xcassets */ = {isa = PBXFileReference; lastKnownFileType = folder.assetcatalog; path = "Preview Assets.xcassets"; sourceTree = "<group>"; };
		9F608E8E2B65DDD100D2B5F4 /* Extensions.swift */ = {isa = PBXFileReference; lastKnownFileType = sourcecode.swift; path = Extensions.swift; sourceTree = "<group>"; };
		9F608E912B65E29000D2B5F4 /* UploadFileView.swift */ = {isa = PBXFileReference; lastKnownFileType = sourcecode.swift; path = UploadFileView.swift; sourceTree = "<group>"; };
		9F608E992B65F40A00D2B5F4 /* Book.swift */ = {isa = PBXFileReference; lastKnownFileType = sourcecode.swift; path = Book.swift; sourceTree = "<group>"; };
		9F608E9B2B664D7600D2B5F4 /* Info.plist */ = {isa = PBXFileReference; lastKnownFileType = text.plist; path = Info.plist; sourceTree = "<group>"; };
		9FA902E12B7E17A6009B3B78 /* ReaderContextMenu.swift */ = {isa = PBXFileReference; lastKnownFileType = sourcecode.swift; path = ReaderContextMenu.swift; sourceTree = "<group>"; };
		9FA902E52B7EC92D009B3B78 /* ReaderViewModel.swift */ = {isa = PBXFileReference; lastKnownFileType = sourcecode.swift; path = ReaderViewModel.swift; sourceTree = "<group>"; };
		9FA902E72B7F0C65009B3B78 /* Reader.swift */ = {isa = PBXFileReference; lastKnownFileType = sourcecode.swift; path = Reader.swift; sourceTree = "<group>"; };
		9FC596322B86A30700ED3734 /* Poppins-ExtraLight.ttf */ = {isa = PBXFileReference; lastKnownFileType = file; path = "Poppins-ExtraLight.ttf"; sourceTree = "<group>"; };
		9FC596332B86A30700ED3734 /* Poppins-ThinItalic.ttf */ = {isa = PBXFileReference; lastKnownFileType = file; path = "Poppins-ThinItalic.ttf"; sourceTree = "<group>"; };
		9FC596342B86A30700ED3734 /* Poppins-ExtraLightItalic.ttf */ = {isa = PBXFileReference; lastKnownFileType = file; path = "Poppins-ExtraLightItalic.ttf"; sourceTree = "<group>"; };
		9FC596352B86A30700ED3734 /* Poppins-BoldItalic.ttf */ = {isa = PBXFileReference; lastKnownFileType = file; path = "Poppins-BoldItalic.ttf"; sourceTree = "<group>"; };
		9FC596362B86A30700ED3734 /* Poppins-Light.ttf */ = {isa = PBXFileReference; lastKnownFileType = file; path = "Poppins-Light.ttf"; sourceTree = "<group>"; };
		9FC596372B86A30700ED3734 /* Poppins-Medium.ttf */ = {isa = PBXFileReference; lastKnownFileType = file; path = "Poppins-Medium.ttf"; sourceTree = "<group>"; };
		9FC596382B86A30700ED3734 /* Poppins-SemiBoldItalic.ttf */ = {isa = PBXFileReference; lastKnownFileType = file; path = "Poppins-SemiBoldItalic.ttf"; sourceTree = "<group>"; };
		9FC596392B86A30700ED3734 /* Poppins-ExtraBoldItalic.ttf */ = {isa = PBXFileReference; lastKnownFileType = file; path = "Poppins-ExtraBoldItalic.ttf"; sourceTree = "<group>"; };
		9FC5963A2B86A30700ED3734 /* Poppins-ExtraBold.ttf */ = {isa = PBXFileReference; lastKnownFileType = file; path = "Poppins-ExtraBold.ttf"; sourceTree = "<group>"; };
		9FC5963B2B86A30700ED3734 /* Poppins-BlackItalic.ttf */ = {isa = PBXFileReference; lastKnownFileType = file; path = "Poppins-BlackItalic.ttf"; sourceTree = "<group>"; };
		9FC5963C2B86A30700ED3734 /* OFL.txt */ = {isa = PBXFileReference; fileEncoding = 4; lastKnownFileType = text; path = OFL.txt; sourceTree = "<group>"; };
		9FC5963D2B86A30700ED3734 /* Poppins-Regular.ttf */ = {isa = PBXFileReference; lastKnownFileType = file; path = "Poppins-Regular.ttf"; sourceTree = "<group>"; };
		9FC5963E2B86A30700ED3734 /* Poppins-LightItalic.ttf */ = {isa = PBXFileReference; lastKnownFileType = file; path = "Poppins-LightItalic.ttf"; sourceTree = "<group>"; };
		9FC5963F2B86A30700ED3734 /* Poppins-Bold.ttf */ = {isa = PBXFileReference; lastKnownFileType = file; path = "Poppins-Bold.ttf"; sourceTree = "<group>"; };
		9FC596402B86A30800ED3734 /* Poppins-Black.ttf */ = {isa = PBXFileReference; lastKnownFileType = file; path = "Poppins-Black.ttf"; sourceTree = "<group>"; };
		9FC596412B86A30800ED3734 /* Poppins-Thin.ttf */ = {isa = PBXFileReference; lastKnownFileType = file; path = "Poppins-Thin.ttf"; sourceTree = "<group>"; };
		9FC596422B86A30800ED3734 /* Poppins-SemiBold.ttf */ = {isa = PBXFileReference; lastKnownFileType = file; path = "Poppins-SemiBold.ttf"; sourceTree = "<group>"; };
		9FC596432B86A30800ED3734 /* Poppins-Italic.ttf */ = {isa = PBXFileReference; lastKnownFileType = file; path = "Poppins-Italic.ttf"; sourceTree = "<group>"; };
		9FC596442B86A30800ED3734 /* Poppins-MediumItalic.ttf */ = {isa = PBXFileReference; lastKnownFileType = file; path = "Poppins-MediumItalic.ttf"; sourceTree = "<group>"; };
		9FCF1BBA2B85FCB1002D5BF2 /* Web.bundle */ = {isa = PBXFileReference; lastKnownFileType = "wrapper.plug-in"; path = Web.bundle; sourceTree = "<group>"; };
		9FD83CB12B7AF8F50095B584 /* ReaderOverlay.swift */ = {isa = PBXFileReference; lastKnownFileType = sourcecode.swift; path = ReaderOverlay.swift; sourceTree = "<group>"; };
		9FE3243A2B85D30D003E61F6 /* grid.PNG */ = {isa = PBXFileReference; lastKnownFileType = image.png; path = grid.PNG; sourceTree = "<group>"; };
		9FE3243B2B85D30D003E61F6 /* list.PNG */ = {isa = PBXFileReference; lastKnownFileType = image.png; path = list.PNG; sourceTree = "<group>"; };
		9FE3243C2B85D30D003E61F6 /* upload.PNG */ = {isa = PBXFileReference; lastKnownFileType = image.png; path = upload.PNG; sourceTree = "<group>"; };
		9FE3243D2B85D30D003E61F6 /* addedbooks.PNG */ = {isa = PBXFileReference; lastKnownFileType = image.png; path = addedbooks.PNG; sourceTree = "<group>"; };
		9FE3243E2B85D30E003E61F6 /* bookDetails.PNG */ = {isa = PBXFileReference; lastKnownFileType = image.png; path = bookDetails.PNG; sourceTree = "<group>"; };
		9FE3243F2B85D30E003E61F6 /* reader.PNG */ = {isa = PBXFileReference; lastKnownFileType = image.png; path = reader.PNG; sourceTree = "<group>"; };
		9FE38F012B7DCDC9005A446A /* README.md */ = {isa = PBXFileReference; lastKnownFileType = net.daringfireball.markdown; path = README.md; sourceTree = "<group>"; };
		9FE38F032B7DFB50005A446A /* BookMetadata.swift */ = {isa = PBXFileReference; lastKnownFileType = sourcecode.swift; path = BookMetadata.swift; sourceTree = "<group>"; };
		9FF92A8C2B788C9400025405 /* PieProgress.swift */ = {isa = PBXFileReference; lastKnownFileType = sourcecode.swift; path = PieProgress.swift; sourceTree = "<group>"; };
/* End PBXFileReference section */

/* Begin PBXFrameworksBuildPhase section */
		9F608E792B65D05B00D2B5F4 /* Frameworks */ = {
			isa = PBXFrameworksBuildPhase;
			buildActionMask = 2147483647;
			files = (
				9F608E972B65F29D00D2B5F4 /* RealmSwift in Frameworks */,
				9F4DEB262B69ECB80046B76C /* WrappingHStack in Frameworks */,
				9F608E952B65F29D00D2B5F4 /* Realm in Frameworks */,
			);
			runOnlyForDeploymentPostprocessing = 0;
		};
/* End PBXFrameworksBuildPhase section */

/* Begin PBXGroup section */
		9F5954B02B6DD101009FC2F1 /* Components */ = {
			isa = PBXGroup;
			children = (
				9F5AADF02B82CB5E00712230 /* Home */,
				9FE38F022B7DE99E005A446A /* EbookMetadataExtractor */,
				9FD83CB02B7AF8DE0095B584 /* Reader */,
				9F5954B12B6DD11C009FC2F1 /* LibrarySortPopover.swift */,
				9F5954BA2B6F4379009FC2F1 /* ParallaxHeader.swift */,
				9FF92A8C2B788C9400025405 /* PieProgress.swift */,
			);
			path = Components;
			sourceTree = "<group>";
		};
		9F5AADF02B82CB5E00712230 /* Home */ = {
			isa = PBXGroup;
			children = (
				9F5AADF12B82CB6D00712230 /* BookGrid.swift */,
				9F5AADF32B82CB9D00712230 /* BookList.swift */,
			);
			path = Home;
			sourceTree = "<group>";
		};
		9F608E732B65D05B00D2B5F4 = {
			isa = PBXGroup;
			children = (
				9FE38F012B7DCDC9005A446A /* README.md */,
				9FE324212B85CE36003E61F6 /* Screenshots */,
				9F608E7E2B65D05B00D2B5F4 /* Read */,
				9F608E7D2B65D05B00D2B5F4 /* Products */,
			);
			sourceTree = "<group>";
		};
		9F608E7D2B65D05B00D2B5F4 /* Products */ = {
			isa = PBXGroup;
			children = (
				9F608E7C2B65D05B00D2B5F4 /* Read.app */,
			);
			name = Products;
			sourceTree = "<group>";
		};
		9F608E7E2B65D05B00D2B5F4 /* Read */ = {
			isa = PBXGroup;
			children = (
				9FC596062B86A06A00ED3734 /* Resources */,
				9F5954B02B6DD101009FC2F1 /* Components */,
				9F608E9B2B664D7600D2B5F4 /* Info.plist */,
				9F608E982B65F3F700D2B5F4 /* Models */,
				9F608E902B65E27B00D2B5F4 /* Views */,
				9F608E8D2B65DDC300D2B5F4 /* Utils */,
				9F608E7F2B65D05B00D2B5F4 /* ReadApp.swift */,
				9F608E832B65D05D00D2B5F4 /* Assets.xcassets */,
				9F608E852B65D05D00D2B5F4 /* Preview Content */,
				9F4A786D2B7832AD007B70B1 /* BookRemover.swift */,
				9FCF1BBA2B85FCB1002D5BF2 /* Web.bundle */,
			);
			path = Read;
			sourceTree = "<group>";
		};
		9F608E852B65D05D00D2B5F4 /* Preview Content */ = {
			isa = PBXGroup;
			children = (
				9F608E862B65D05D00D2B5F4 /* Preview Assets.xcassets */,
			);
			path = "Preview Content";
			sourceTree = "<group>";
		};
		9F608E8D2B65DDC300D2B5F4 /* Utils */ = {
			isa = PBXGroup;
			children = (
				9F608E8E2B65DDD100D2B5F4 /* Extensions.swift */,
				9F559B0D2B68F9C000B147D9 /* Helpers.swift */,
				9F5AADEE2B82CA1400712230 /* MockRealm.swift */,
			);
			path = Utils;
			sourceTree = "<group>";
		};
		9F608E902B65E27B00D2B5F4 /* Views */ = {
			isa = PBXGroup;
			children = (
				9F5954AE2B6DCCF8009FC2F1 /* ContentView.swift */,
				9F5954B82B6E6050009FC2F1 /* BookDetailView.swift */,
				9F608E912B65E29000D2B5F4 /* UploadFileView.swift */,
			);
			path = Views;
			sourceTree = "<group>";
		};
		9F608E982B65F3F700D2B5F4 /* Models */ = {
			isa = PBXGroup;
			children = (
				9F608E992B65F40A00D2B5F4 /* Book.swift */,
				9F0763622B840F09003E1351 /* ReadingPosition.swift */,
				9F0763642B840F59003E1351 /* BookHighlight.swift */,
				9F54EE2C2B7327FD001DB7D7 /* Theme.swift */,
				9F09694C2B75CF7700B03C12 /* Relocate.swift */,
				9FE38F032B7DFB50005A446A /* BookMetadata.swift */,
			);
			path = Models;
			sourceTree = "<group>";
		};
		9FC596062B86A06A00ED3734 /* Resources */ = {
			isa = PBXGroup;
			children = (
				9FC596302B86A30700ED3734 /* Fonts */,
			);
			path = Resources;
			sourceTree = "<group>";
		};
		9FC596302B86A30700ED3734 /* Fonts */ = {
			isa = PBXGroup;
			children = (
				9FC596312B86A30700ED3734 /* Poppins */,
			);
			path = Fonts;
			sourceTree = "<group>";
		};
		9FC596312B86A30700ED3734 /* Poppins */ = {
			isa = PBXGroup;
			children = (
				9FC596322B86A30700ED3734 /* Poppins-ExtraLight.ttf */,
				9FC596332B86A30700ED3734 /* Poppins-ThinItalic.ttf */,
				9FC596342B86A30700ED3734 /* Poppins-ExtraLightItalic.ttf */,
				9FC596352B86A30700ED3734 /* Poppins-BoldItalic.ttf */,
				9FC596362B86A30700ED3734 /* Poppins-Light.ttf */,
				9FC596372B86A30700ED3734 /* Poppins-Medium.ttf */,
				9FC596382B86A30700ED3734 /* Poppins-SemiBoldItalic.ttf */,
				9FC596392B86A30700ED3734 /* Poppins-ExtraBoldItalic.ttf */,
				9FC5963A2B86A30700ED3734 /* Poppins-ExtraBold.ttf */,
				9FC5963B2B86A30700ED3734 /* Poppins-BlackItalic.ttf */,
				9FC5963C2B86A30700ED3734 /* OFL.txt */,
				9FC5963D2B86A30700ED3734 /* Poppins-Regular.ttf */,
				9FC5963E2B86A30700ED3734 /* Poppins-LightItalic.ttf */,
				9FC5963F2B86A30700ED3734 /* Poppins-Bold.ttf */,
				9FC596402B86A30800ED3734 /* Poppins-Black.ttf */,
				9FC596412B86A30800ED3734 /* Poppins-Thin.ttf */,
				9FC596422B86A30800ED3734 /* Poppins-SemiBold.ttf */,
				9FC596432B86A30800ED3734 /* Poppins-Italic.ttf */,
				9FC596442B86A30800ED3734 /* Poppins-MediumItalic.ttf */,
			);
			path = Poppins;
			sourceTree = "<group>";
		};
		9FD83CB02B7AF8DE0095B584 /* Reader */ = {
			isa = PBXGroup;
			children = (
				9F0D01A62B78A8B70065C62F /* PDFKitView.swift */,
				9F31F9CC2B71C6B0000B66A3 /* ReaderWebView.swift */,
				9FA902E52B7EC92D009B3B78 /* ReaderViewModel.swift */,
				9FA902E72B7F0C65009B3B78 /* Reader.swift */,
				9F0CA8BB2B8021E300C02675 /* ReaderContent.swift */,
				9FD83CB12B7AF8F50095B584 /* ReaderOverlay.swift */,
				9F09694A2B74A55700B03C12 /* ReaderSettings.swift */,
				9FA902E12B7E17A6009B3B78 /* ReaderContextMenu.swift */,
			);
			path = Reader;
			sourceTree = "<group>";
		};
		9FE324212B85CE36003E61F6 /* Screenshots */ = {
			isa = PBXGroup;
			children = (
				9FE3243D2B85D30D003E61F6 /* addedbooks.PNG */,
				9FE3243E2B85D30E003E61F6 /* bookDetails.PNG */,
				9FE3243A2B85D30D003E61F6 /* grid.PNG */,
				9FE3243B2B85D30D003E61F6 /* list.PNG */,
				9FE3243F2B85D30E003E61F6 /* reader.PNG */,
				9FE3243C2B85D30D003E61F6 /* upload.PNG */,
			);
			path = Screenshots;
			sourceTree = "<group>";
		};
		9FE38F022B7DE99E005A446A /* EbookMetadataExtractor */ = {
			isa = PBXGroup;
			children = (
				9F4DEB272B69FB390046B76C /* HeadlessWebView.swift */,
				9F5954A82B6C7A70009FC2F1 /* EBookMetadataExtractor.swift */,
			);
			path = EbookMetadataExtractor;
			sourceTree = "<group>";
		};
/* End PBXGroup section */

/* Begin PBXNativeTarget section */
		9F608E7B2B65D05B00D2B5F4 /* Read */ = {
			isa = PBXNativeTarget;
			buildConfigurationList = 9F608E8A2B65D05D00D2B5F4 /* Build configuration list for PBXNativeTarget "Read" */;
			buildPhases = (
				9F608E782B65D05B00D2B5F4 /* Sources */,
				9F608E792B65D05B00D2B5F4 /* Frameworks */,
				9F608E7A2B65D05B00D2B5F4 /* Resources */,
			);
			buildRules = (
			);
			dependencies = (
			);
			name = Read;
			packageProductDependencies = (
				9F608E942B65F29D00D2B5F4 /* Realm */,
				9F608E962B65F29D00D2B5F4 /* RealmSwift */,
				9F4DEB252B69ECB80046B76C /* WrappingHStack */,
			);
			productName = Read;
			productReference = 9F608E7C2B65D05B00D2B5F4 /* Read.app */;
			productType = "com.apple.product-type.application";
		};
/* End PBXNativeTarget section */

/* Begin PBXProject section */
		9F608E742B65D05B00D2B5F4 /* Project object */ = {
			isa = PBXProject;
			attributes = {
				BuildIndependentTargetsInParallel = 1;
				LastSwiftUpdateCheck = 1510;
				LastUpgradeCheck = 1510;
				TargetAttributes = {
					9F608E7B2B65D05B00D2B5F4 = {
						CreatedOnToolsVersion = 15.1;
					};
				};
			};
			buildConfigurationList = 9F608E772B65D05B00D2B5F4 /* Build configuration list for PBXProject "Read" */;
			compatibilityVersion = "Xcode 14.0";
			developmentRegion = en;
			hasScannedForEncodings = 0;
			knownRegions = (
				en,
				Base,
			);
			mainGroup = 9F608E732B65D05B00D2B5F4;
			packageReferences = (
				9F608E932B65F29D00D2B5F4 /* XCRemoteSwiftPackageReference "realm-swift" */,
				9F4DEB242B69ECB80046B76C /* XCRemoteSwiftPackageReference "WrappingHStack" */,
			);
			productRefGroup = 9F608E7D2B65D05B00D2B5F4 /* Products */;
			projectDirPath = "";
			projectRoot = "";
			targets = (
				9F608E7B2B65D05B00D2B5F4 /* Read */,
			);
		};
/* End PBXProject section */

/* Begin PBXResourcesBuildPhase section */
		9F608E7A2B65D05B00D2B5F4 /* Resources */ = {
			isa = PBXResourcesBuildPhase;
			buildActionMask = 2147483647;
			files = (
				9FC596532B86A30800ED3734 /* Poppins-Black.ttf in Resources */,
				9FC596472B86A30800ED3734 /* Poppins-ExtraLightItalic.ttf in Resources */,
				9FC5964B2B86A30800ED3734 /* Poppins-SemiBoldItalic.ttf in Resources */,
				9FC596562B86A30800ED3734 /* Poppins-Italic.ttf in Resources */,
				9FC596452B86A30800ED3734 /* Poppins-ExtraLight.ttf in Resources */,
				9FC596572B86A30800ED3734 /* Poppins-MediumItalic.ttf in Resources */,
				9FC596482B86A30800ED3734 /* Poppins-BoldItalic.ttf in Resources */,
				9FE324452B85D30E003E61F6 /* reader.PNG in Resources */,
				9FCF1BBB2B85FCB2002D5BF2 /* Web.bundle in Resources */,
				9FC596462B86A30800ED3734 /* Poppins-ThinItalic.ttf in Resources */,
				9FE324402B85D30E003E61F6 /* grid.PNG in Resources */,
				9FC596492B86A30800ED3734 /* Poppins-Light.ttf in Resources */,
				9FC596502B86A30800ED3734 /* Poppins-Regular.ttf in Resources */,
				9FE324432B85D30E003E61F6 /* addedbooks.PNG in Resources */,
				9FC5964F2B86A30800ED3734 /* OFL.txt in Resources */,
				9FC5964D2B86A30800ED3734 /* Poppins-ExtraBold.ttf in Resources */,
				9FC596542B86A30800ED3734 /* Poppins-Thin.ttf in Resources */,
				9FC5964A2B86A30800ED3734 /* Poppins-Medium.ttf in Resources */,
				9FC596522B86A30800ED3734 /* Poppins-Bold.ttf in Resources */,
				9FC596552B86A30800ED3734 /* Poppins-SemiBold.ttf in Resources */,
				9FE324442B85D30E003E61F6 /* bookDetails.PNG in Resources */,
				9FE324422B85D30E003E61F6 /* upload.PNG in Resources */,
				9F608E872B65D05D00D2B5F4 /* Preview Assets.xcassets in Resources */,
				9FE324412B85D30E003E61F6 /* list.PNG in Resources */,
				9FC5964E2B86A30800ED3734 /* Poppins-BlackItalic.ttf in Resources */,
				9F608E842B65D05D00D2B5F4 /* Assets.xcassets in Resources */,
				9FC5964C2B86A30800ED3734 /* Poppins-ExtraBoldItalic.ttf in Resources */,
				9FC596512B86A30800ED3734 /* Poppins-LightItalic.ttf in Resources */,
			);
			runOnlyForDeploymentPostprocessing = 0;
		};
/* End PBXResourcesBuildPhase section */

/* Begin PBXSourcesBuildPhase section */
		9F608E782B65D05B00D2B5F4 /* Sources */ = {
			isa = PBXSourcesBuildPhase;
			buildActionMask = 2147483647;
			files = (
				9F559B0E2B68F9C000B147D9 /* Helpers.swift in Sources */,
				9F5954BB2B6F4379009FC2F1 /* ParallaxHeader.swift in Sources */,
				9F5954AF2B6DCCF8009FC2F1 /* ContentView.swift in Sources */,
				9F0CA8BC2B8021E300C02675 /* ReaderContent.swift in Sources */,
				9FA902E22B7E17A6009B3B78 /* ReaderContextMenu.swift in Sources */,
				9F4DEB282B69FB390046B76C /* HeadlessWebView.swift in Sources */,
				9F09694B2B74A55700B03C12 /* ReaderSettings.swift in Sources */,
				9F0763632B840F09003E1351 /* ReadingPosition.swift in Sources */,
				9FE38F042B7DFB50005A446A /* BookMetadata.swift in Sources */,
				9F5954B22B6DD11C009FC2F1 /* LibrarySortPopover.swift in Sources */,
				9F608E8F2B65DDD100D2B5F4 /* Extensions.swift in Sources */,
				9F0D01A72B78A8B70065C62F /* PDFKitView.swift in Sources */,
				9F4A786E2B7832AD007B70B1 /* BookRemover.swift in Sources */,
				9F5AADF22B82CB6D00712230 /* BookGrid.swift in Sources */,
				9F09694D2B75CF7800B03C12 /* Relocate.swift in Sources */,
				9F608E802B65D05B00D2B5F4 /* ReadApp.swift in Sources */,
				9F0763652B840F59003E1351 /* BookHighlight.swift in Sources */,
				9F5AADEF2B82CA1400712230 /* MockRealm.swift in Sources */,
				9F608E9A2B65F40A00D2B5F4 /* Book.swift in Sources */,
				9F5954B92B6E6050009FC2F1 /* BookDetailView.swift in Sources */,
				9F608E922B65E29000D2B5F4 /* UploadFileView.swift in Sources */,
				9F31F9CD2B71C6B0000B66A3 /* ReaderWebView.swift in Sources */,
				9FA902E82B7F0C65009B3B78 /* Reader.swift in Sources */,
				9F5AADF42B82CB9D00712230 /* BookList.swift in Sources */,
				9F5954A92B6C7A70009FC2F1 /* EBookMetadataExtractor.swift in Sources */,
				9F54EE2D2B7327FD001DB7D7 /* Theme.swift in Sources */,
				9FF92A8D2B788C9400025405 /* PieProgress.swift in Sources */,
				9FD83CB22B7AF8F50095B584 /* ReaderOverlay.swift in Sources */,
				9FA902E62B7EC92D009B3B78 /* ReaderViewModel.swift in Sources */,
			);
			runOnlyForDeploymentPostprocessing = 0;
		};
/* End PBXSourcesBuildPhase section */

/* Begin XCBuildConfiguration section */
		9F608E882B65D05D00D2B5F4 /* Debug */ = {
			isa = XCBuildConfiguration;
			buildSettings = {
				ALWAYS_SEARCH_USER_PATHS = NO;
				ASSETCATALOG_COMPILER_GENERATE_SWIFT_ASSET_SYMBOL_EXTENSIONS = YES;
				CLANG_ANALYZER_NONNULL = YES;
				CLANG_ANALYZER_NUMBER_OBJECT_CONVERSION = YES_AGGRESSIVE;
				CLANG_CXX_LANGUAGE_STANDARD = "gnu++20";
				CLANG_ENABLE_MODULES = YES;
				CLANG_ENABLE_OBJC_ARC = YES;
				CLANG_ENABLE_OBJC_WEAK = YES;
				CLANG_WARN_BLOCK_CAPTURE_AUTORELEASING = YES;
				CLANG_WARN_BOOL_CONVERSION = YES;
				CLANG_WARN_COMMA = YES;
				CLANG_WARN_CONSTANT_CONVERSION = YES;
				CLANG_WARN_DEPRECATED_OBJC_IMPLEMENTATIONS = YES;
				CLANG_WARN_DIRECT_OBJC_ISA_USAGE = YES_ERROR;
				CLANG_WARN_DOCUMENTATION_COMMENTS = YES;
				CLANG_WARN_EMPTY_BODY = YES;
				CLANG_WARN_ENUM_CONVERSION = YES;
				CLANG_WARN_INFINITE_RECURSION = YES;
				CLANG_WARN_INT_CONVERSION = YES;
				CLANG_WARN_NON_LITERAL_NULL_CONVERSION = YES;
				CLANG_WARN_OBJC_IMPLICIT_RETAIN_SELF = YES;
				CLANG_WARN_OBJC_LITERAL_CONVERSION = YES;
				CLANG_WARN_OBJC_ROOT_CLASS = YES_ERROR;
				CLANG_WARN_QUOTED_INCLUDE_IN_FRAMEWORK_HEADER = YES;
				CLANG_WARN_RANGE_LOOP_ANALYSIS = YES;
				CLANG_WARN_STRICT_PROTOTYPES = YES;
				CLANG_WARN_SUSPICIOUS_MOVE = YES;
				CLANG_WARN_UNGUARDED_AVAILABILITY = YES_AGGRESSIVE;
				CLANG_WARN_UNREACHABLE_CODE = YES;
				CLANG_WARN__DUPLICATE_METHOD_MATCH = YES;
				COPY_PHASE_STRIP = NO;
				DEBUG_INFORMATION_FORMAT = dwarf;
				ENABLE_STRICT_OBJC_MSGSEND = YES;
				ENABLE_TESTABILITY = YES;
				ENABLE_USER_SCRIPT_SANDBOXING = YES;
				GCC_C_LANGUAGE_STANDARD = gnu17;
				GCC_DYNAMIC_NO_PIC = NO;
				GCC_NO_COMMON_BLOCKS = YES;
				GCC_OPTIMIZATION_LEVEL = 0;
				GCC_PREPROCESSOR_DEFINITIONS = (
					"DEBUG=1",
					"$(inherited)",
				);
				GCC_WARN_64_TO_32_BIT_CONVERSION = YES;
				GCC_WARN_ABOUT_RETURN_TYPE = YES_ERROR;
				GCC_WARN_UNDECLARED_SELECTOR = YES;
				GCC_WARN_UNINITIALIZED_AUTOS = YES_AGGRESSIVE;
				GCC_WARN_UNUSED_FUNCTION = YES;
				GCC_WARN_UNUSED_VARIABLE = YES;
				IPHONEOS_DEPLOYMENT_TARGET = 17.2;
				LOCALIZATION_PREFERS_STRING_CATALOGS = YES;
				MTL_ENABLE_DEBUG_INFO = INCLUDE_SOURCE;
				MTL_FAST_MATH = YES;
				ONLY_ACTIVE_ARCH = YES;
				SDKROOT = iphoneos;
				SWIFT_ACTIVE_COMPILATION_CONDITIONS = "DEBUG $(inherited)";
				SWIFT_OPTIMIZATION_LEVEL = "-Onone";
			};
			name = Debug;
		};
		9F608E892B65D05D00D2B5F4 /* Release */ = {
			isa = XCBuildConfiguration;
			buildSettings = {
				ALWAYS_SEARCH_USER_PATHS = NO;
				ASSETCATALOG_COMPILER_GENERATE_SWIFT_ASSET_SYMBOL_EXTENSIONS = YES;
				CLANG_ANALYZER_NONNULL = YES;
				CLANG_ANALYZER_NUMBER_OBJECT_CONVERSION = YES_AGGRESSIVE;
				CLANG_CXX_LANGUAGE_STANDARD = "gnu++20";
				CLANG_ENABLE_MODULES = YES;
				CLANG_ENABLE_OBJC_ARC = YES;
				CLANG_ENABLE_OBJC_WEAK = YES;
				CLANG_WARN_BLOCK_CAPTURE_AUTORELEASING = YES;
				CLANG_WARN_BOOL_CONVERSION = YES;
				CLANG_WARN_COMMA = YES;
				CLANG_WARN_CONSTANT_CONVERSION = YES;
				CLANG_WARN_DEPRECATED_OBJC_IMPLEMENTATIONS = YES;
				CLANG_WARN_DIRECT_OBJC_ISA_USAGE = YES_ERROR;
				CLANG_WARN_DOCUMENTATION_COMMENTS = YES;
				CLANG_WARN_EMPTY_BODY = YES;
				CLANG_WARN_ENUM_CONVERSION = YES;
				CLANG_WARN_INFINITE_RECURSION = YES;
				CLANG_WARN_INT_CONVERSION = YES;
				CLANG_WARN_NON_LITERAL_NULL_CONVERSION = YES;
				CLANG_WARN_OBJC_IMPLICIT_RETAIN_SELF = YES;
				CLANG_WARN_OBJC_LITERAL_CONVERSION = YES;
				CLANG_WARN_OBJC_ROOT_CLASS = YES_ERROR;
				CLANG_WARN_QUOTED_INCLUDE_IN_FRAMEWORK_HEADER = YES;
				CLANG_WARN_RANGE_LOOP_ANALYSIS = YES;
				CLANG_WARN_STRICT_PROTOTYPES = YES;
				CLANG_WARN_SUSPICIOUS_MOVE = YES;
				CLANG_WARN_UNGUARDED_AVAILABILITY = YES_AGGRESSIVE;
				CLANG_WARN_UNREACHABLE_CODE = YES;
				CLANG_WARN__DUPLICATE_METHOD_MATCH = YES;
				COPY_PHASE_STRIP = NO;
				DEBUG_INFORMATION_FORMAT = "dwarf-with-dsym";
				ENABLE_NS_ASSERTIONS = NO;
				ENABLE_STRICT_OBJC_MSGSEND = YES;
				ENABLE_USER_SCRIPT_SANDBOXING = YES;
				GCC_C_LANGUAGE_STANDARD = gnu17;
				GCC_NO_COMMON_BLOCKS = YES;
				GCC_WARN_64_TO_32_BIT_CONVERSION = YES;
				GCC_WARN_ABOUT_RETURN_TYPE = YES_ERROR;
				GCC_WARN_UNDECLARED_SELECTOR = YES;
				GCC_WARN_UNINITIALIZED_AUTOS = YES_AGGRESSIVE;
				GCC_WARN_UNUSED_FUNCTION = YES;
				GCC_WARN_UNUSED_VARIABLE = YES;
				IPHONEOS_DEPLOYMENT_TARGET = 17.2;
				LOCALIZATION_PREFERS_STRING_CATALOGS = YES;
				MTL_ENABLE_DEBUG_INFO = NO;
				MTL_FAST_MATH = YES;
				SDKROOT = iphoneos;
				SWIFT_COMPILATION_MODE = wholemodule;
				VALIDATE_PRODUCT = YES;
			};
			name = Release;
		};
		9F608E8B2B65D05D00D2B5F4 /* Debug */ = {
			isa = XCBuildConfiguration;
			buildSettings = {
				ASSETCATALOG_COMPILER_APPICON_NAME = AppIcon;
				ASSETCATALOG_COMPILER_GLOBAL_ACCENT_COLOR_NAME = AccentColor;
				CODE_SIGN_STYLE = Automatic;
				CURRENT_PROJECT_VERSION = 1;
				DEVELOPMENT_ASSET_PATHS = "\"Read/Preview Content\"";
				DEVELOPMENT_TEAM = KAQ4BZHY96;
				ENABLE_PREVIEWS = YES;
				GENERATE_INFOPLIST_FILE = YES;
				INFOPLIST_FILE = Read/Info.plist;
				INFOPLIST_KEY_NSDocumentsFolderUsageDescription = "Used to store ebook files";
				INFOPLIST_KEY_UIApplicationSceneManifest_Generation = YES;
				INFOPLIST_KEY_UIApplicationSupportsIndirectInputEvents = YES;
				INFOPLIST_KEY_UILaunchScreen_Generation = YES;
				INFOPLIST_KEY_UISupportedInterfaceOrientations_iPad = "UIInterfaceOrientationPortrait UIInterfaceOrientationPortraitUpsideDown UIInterfaceOrientationLandscapeLeft UIInterfaceOrientationLandscapeRight";
				INFOPLIST_KEY_UISupportedInterfaceOrientations_iPhone = "UIInterfaceOrientationPortrait UIInterfaceOrientationLandscapeLeft UIInterfaceOrientationLandscapeRight";
				INFOPLIST_KEY_UISupportsDocumentBrowser = YES;
				IPHONEOS_DEPLOYMENT_TARGET = 17.0;
				LD_RUNPATH_SEARCH_PATHS = (
					"$(inherited)",
					"@executable_path/Frameworks",
				);
				MARKETING_VERSION = 1.0;
				PRODUCT_BUNDLE_IDENTIFIER = com.olvera.Read;
				PRODUCT_NAME = "$(TARGET_NAME)";
				SWIFT_EMIT_LOC_STRINGS = YES;
				SWIFT_VERSION = 5.0;
				TARGETED_DEVICE_FAMILY = "1,2";
			};
			name = Debug;
		};
		9F608E8C2B65D05D00D2B5F4 /* Release */ = {
			isa = XCBuildConfiguration;
			buildSettings = {
				ASSETCATALOG_COMPILER_APPICON_NAME = AppIcon;
				ASSETCATALOG_COMPILER_GLOBAL_ACCENT_COLOR_NAME = AccentColor;
				CODE_SIGN_STYLE = Automatic;
				CURRENT_PROJECT_VERSION = 1;
				DEVELOPMENT_ASSET_PATHS = "\"Read/Preview Content\"";
				DEVELOPMENT_TEAM = KAQ4BZHY96;
				ENABLE_PREVIEWS = YES;
				GENERATE_INFOPLIST_FILE = YES;
				INFOPLIST_FILE = Read/Info.plist;
				INFOPLIST_KEY_NSDocumentsFolderUsageDescription = "Used to store ebook files";
				INFOPLIST_KEY_UIApplicationSceneManifest_Generation = YES;
				INFOPLIST_KEY_UIApplicationSupportsIndirectInputEvents = YES;
				INFOPLIST_KEY_UILaunchScreen_Generation = YES;
				INFOPLIST_KEY_UISupportedInterfaceOrientations_iPad = "UIInterfaceOrientationPortrait UIInterfaceOrientationPortraitUpsideDown UIInterfaceOrientationLandscapeLeft UIInterfaceOrientationLandscapeRight";
				INFOPLIST_KEY_UISupportedInterfaceOrientations_iPhone = "UIInterfaceOrientationPortrait UIInterfaceOrientationLandscapeLeft UIInterfaceOrientationLandscapeRight";
				INFOPLIST_KEY_UISupportsDocumentBrowser = YES;
				IPHONEOS_DEPLOYMENT_TARGET = 17.0;
				LD_RUNPATH_SEARCH_PATHS = (
					"$(inherited)",
					"@executable_path/Frameworks",
				);
				MARKETING_VERSION = 1.0;
				PRODUCT_BUNDLE_IDENTIFIER = com.olvera.Read;
				PRODUCT_NAME = "$(TARGET_NAME)";
				SWIFT_EMIT_LOC_STRINGS = YES;
				SWIFT_VERSION = 5.0;
				TARGETED_DEVICE_FAMILY = "1,2";
			};
			name = Release;
		};
/* End XCBuildConfiguration section */

/* Begin XCConfigurationList section */
		9F608E772B65D05B00D2B5F4 /* Build configuration list for PBXProject "Read" */ = {
			isa = XCConfigurationList;
			buildConfigurations = (
				9F608E882B65D05D00D2B5F4 /* Debug */,
				9F608E892B65D05D00D2B5F4 /* Release */,
			);
			defaultConfigurationIsVisible = 0;
			defaultConfigurationName = Release;
		};
		9F608E8A2B65D05D00D2B5F4 /* Build configuration list for PBXNativeTarget "Read" */ = {
			isa = XCConfigurationList;
			buildConfigurations = (
				9F608E8B2B65D05D00D2B5F4 /* Debug */,
				9F608E8C2B65D05D00D2B5F4 /* Release */,
			);
			defaultConfigurationIsVisible = 0;
			defaultConfigurationName = Release;
		};
/* End XCConfigurationList section */

/* Begin XCRemoteSwiftPackageReference section */
		9F4DEB242B69ECB80046B76C /* XCRemoteSwiftPackageReference "WrappingHStack" */ = {
			isa = XCRemoteSwiftPackageReference;
			repositoryURL = "https://github.com/dkk/WrappingHStack";
			requirement = {
				kind = upToNextMajorVersion;
				minimumVersion = 2.2.11;
			};
		};
		9F608E932B65F29D00D2B5F4 /* XCRemoteSwiftPackageReference "realm-swift" */ = {
			isa = XCRemoteSwiftPackageReference;
			repositoryURL = "https://github.com/realm/realm-swift";
			requirement = {
				branch = master;
				kind = branch;
			};
		};
/* End XCRemoteSwiftPackageReference section */

/* Begin XCSwiftPackageProductDependency section */
		9F4DEB252B69ECB80046B76C /* WrappingHStack */ = {
			isa = XCSwiftPackageProductDependency;
			package = 9F4DEB242B69ECB80046B76C /* XCRemoteSwiftPackageReference "WrappingHStack" */;
			productName = WrappingHStack;
		};
		9F608E942B65F29D00D2B5F4 /* Realm */ = {
			isa = XCSwiftPackageProductDependency;
			package = 9F608E932B65F29D00D2B5F4 /* XCRemoteSwiftPackageReference "realm-swift" */;
			productName = Realm;
		};
		9F608E962B65F29D00D2B5F4 /* RealmSwift */ = {
			isa = XCSwiftPackageProductDependency;
			package = 9F608E932B65F29D00D2B5F4 /* XCRemoteSwiftPackageReference "realm-swift" */;
			productName = RealmSwift;
		};
/* End XCSwiftPackageProductDependency section */
	};
	rootObject = 9F608E742B65D05B00D2B5F4 /* Project object */;
}
